
Microsoft Visual Studio Solution File, Format Version 12.00
# Visual Studio 2013
VisualStudioVersion = 12.0.31101.0
MinimumVisualStudioVersion = 10.0.40219.1
Project("{FAE04EC0-301F-11D3-BF4B-00C04F79EFBC}") = "Mapas", "Mapas\Mapas\Mapas.csproj", "{69B05356-079A-47DD-9DB7-4BCA7B18D4C7}"
EndProject
Project("{FAE04EC0-301F-11D3-BF4B-00C04F79EFBC}") = "Mapas.iOS", "Mapas\Mapas.iOS\Mapas.iOS.csproj", "{FB8D1B9F-CB95-4C7B-B9C2-62CB49AD92BB}"
EndProject
Project("{FAE04EC0-301F-11D3-BF4B-00C04F79EFBC}") = "Mapas.Droid", "Mapas\Mapas.Droid\Mapas.Droid.csproj", "{9F75A880-B540-41CE-8AF1-7B0784E30888}"
EndProject
Project("{FAE04EC0-301F-11D3-BF4B-00C04F79EFBC}") = "Mapas.WinPhone", "Mapas\Mapas.WinPhone\Mapas.WinPhone.csproj", "{AFBDC0BA-373A-46B2-B929-48C015752E85}"
EndProject
Global
	GlobalSection(SolutionConfigurationPlatforms) = preSolution
		Ad-Hoc|Any CPU = Ad-Hoc|Any CPU
		Ad-Hoc|ARM = Ad-Hoc|ARM
		Ad-Hoc|iPhone = Ad-Hoc|iPhone
		Ad-Hoc|iPhoneSimulator = Ad-Hoc|iPhoneSimulator
		Ad-Hoc|Mixed Platforms = Ad-Hoc|Mixed Platforms
		Ad-Hoc|x86 = Ad-Hoc|x86
		AppStore|Any CPU = AppStore|Any CPU
		AppStore|ARM = AppStore|ARM
		AppStore|iPhone = AppStore|iPhone
		AppStore|iPhoneSimulator = AppStore|iPhoneSimulator
		AppStore|Mixed Platforms = AppStore|Mixed Platforms
		AppStore|x86 = AppStore|x86
		Debug|Any CPU = Debug|Any CPU
		Debug|ARM = Debug|ARM
		Debug|iPhone = Debug|iPhone
		Debug|iPhoneSimulator = Debug|iPhoneSimulator
		Debug|Mixed Platforms = Debug|Mixed Platforms
		Debug|x86 = Debug|x86
		Release|Any CPU = Release|Any CPU
		Release|ARM = Release|ARM
		Release|iPhone = Release|iPhone
		Release|iPhoneSimulator = Release|iPhoneSimulator
		Release|Mixed Platforms = Release|Mixed Platforms
		Release|x86 = Release|x86
	EndGlobalSection
	GlobalSection(ProjectConfigurationPlatforms) = postSolution
		{69B05356-079A-47DD-9DB7-4BCA7B18D4C7}.Ad-Hoc|Any CPU.ActiveCfg = Release|Any CPU
		{69B05356-079A-47DD-9DB7-4BCA7B18D4C7}.Ad-Hoc|Any CPU.Build.0 = Release|Any CPU
		{69B05356-079A-47DD-9DB7-4BCA7B18D4C7}.Ad-Hoc|ARM.ActiveCfg = Release|Any CPU
		{69B05356-079A-47DD-9DB7-4BCA7B18D4C7}.Ad-Hoc|iPhone.ActiveCfg = Release|Any CPU
		{69B05356-079A-47DD-9DB7-4BCA7B18D4C7}.Ad-Hoc|iPhoneSimulator.ActiveCfg = Release|Any CPU
		{69B05356-079A-47DD-9DB7-4BCA7B18D4C7}.Ad-Hoc|Mixed Platforms.ActiveCfg = Release|Any CPU
		{69B05356-079A-47DD-9DB7-4BCA7B18D4C7}.Ad-Hoc|Mixed Platforms.Build.0 = Release|Any CPU
		{69B05356-079A-47DD-9DB7-4BCA7B18D4C7}.Ad-Hoc|x86.ActiveCfg = Release|Any CPU
		{69B05356-079A-47DD-9DB7-4BCA7B18D4C7}.AppStore|Any CPU.ActiveCfg = Release|Any CPU
		{69B05356-079A-47DD-9DB7-4BCA7B18D4C7}.AppStore|Any CPU.Build.0 = Release|Any CPU
		{69B05356-079A-47DD-9DB7-4BCA7B18D4C7}.AppStore|ARM.ActiveCfg = Release|Any CPU
		{69B05356-079A-47DD-9DB7-4BCA7B18D4C7}.AppStore|iPhone.ActiveCfg = Release|Any CPU
		{69B05356-079A-47DD-9DB7-4BCA7B18D4C7}.AppStore|iPhoneSimulator.ActiveCfg = Release|Any CPU
		{69B05356-079A-47DD-9DB7-4BCA7B18D4C7}.AppStore|Mixed Platforms.ActiveCfg = Release|Any CPU
		{69B05356-079A-47DD-9DB7-4BCA7B18D4C7}.AppStore|Mixed Platforms.Build.0 = Release|Any CPU
		{69B05356-079A-47DD-9DB7-4BCA7B18D4C7}.AppStore|x86.ActiveCfg = Release|Any CPU
		{69B05356-079A-47DD-9DB7-4BCA7B18D4C7}.Debug|Any CPU.ActiveCfg = Debug|Any CPU
		{69B05356-079A-47DD-9DB7-4BCA7B18D4C7}.Debug|Any CPU.Build.0 = Debug|Any CPU
		{69B05356-079A-47DD-9DB7-4BCA7B18D4C7}.Debug|ARM.ActiveCfg = Debug|Any CPU
		{69B05356-079A-47DD-9DB7-4BCA7B18D4C7}.Debug|iPhone.ActiveCfg = Debug|Any CPU
		{69B05356-079A-47DD-9DB7-4BCA7B18D4C7}.Debug|iPhoneSimulator.ActiveCfg = Debug|Any CPU
		{69B05356-079A-47DD-9DB7-4BCA7B18D4C7}.Debug|iPhoneSimulator.Build.0 = Debug|Any CPU
		{69B05356-079A-47DD-9DB7-4BCA7B18D4C7}.Debug|Mixed Platforms.ActiveCfg = Debug|Any CPU
		{69B05356-079A-47DD-9DB7-4BCA7B18D4C7}.Debug|Mixed Platforms.Build.0 = Debug|Any CPU
		{69B05356-079A-47DD-9DB7-4BCA7B18D4C7}.Debug|x86.ActiveCfg = Debug|Any CPU
		{69B05356-079A-47DD-9DB7-4BCA7B18D4C7}.Release|Any CPU.ActiveCfg = Release|Any CPU
		{69B05356-079A-47DD-9DB7-4BCA7B18D4C7}.Release|Any CPU.Build.0 = Release|Any CPU
		{69B05356-079A-47DD-9DB7-4BCA7B18D4C7}.Release|ARM.ActiveCfg = Release|Any CPU
		{69B05356-079A-47DD-9DB7-4BCA7B18D4C7}.Release|iPhone.ActiveCfg = Release|Any CPU
		{69B05356-079A-47DD-9DB7-4BCA7B18D4C7}.Release|iPhoneSimulator.ActiveCfg = Release|Any CPU
		{69B05356-079A-47DD-9DB7-4BCA7B18D4C7}.Release|Mixed Platforms.ActiveCfg = Release|Any CPU
		{69B05356-079A-47DD-9DB7-4BCA7B18D4C7}.Release|Mixed Platforms.Build.0 = Release|Any CPU
		{69B05356-079A-47DD-9DB7-4BCA7B18D4C7}.Release|x86.ActiveCfg = Release|Any CPU
		{FB8D1B9F-CB95-4C7B-B9C2-62CB49AD92BB}.Ad-Hoc|Any CPU.ActiveCfg = Ad-Hoc|iPhone
		{FB8D1B9F-CB95-4C7B-B9C2-62CB49AD92BB}.Ad-Hoc|ARM.ActiveCfg = Ad-Hoc|iPhone
		{FB8D1B9F-CB95-4C7B-B9C2-62CB49AD92BB}.Ad-Hoc|iPhone.ActiveCfg = Ad-Hoc|iPhone
		{FB8D1B9F-CB95-4C7B-B9C2-62CB49AD92BB}.Ad-Hoc|iPhone.Build.0 = Ad-Hoc|iPhone
		{FB8D1B9F-CB95-4C7B-B9C2-62CB49AD92BB}.Ad-Hoc|iPhoneSimulator.ActiveCfg = Ad-Hoc|iPhoneSimulator
		{FB8D1B9F-CB95-4C7B-B9C2-62CB49AD92BB}.Ad-Hoc|iPhoneSimulator.Build.0 = Ad-Hoc|iPhoneSimulator
		{FB8D1B9F-CB95-4C7B-B9C2-62CB49AD92BB}.Ad-Hoc|Mixed Platforms.ActiveCfg = Ad-Hoc|iPhone
		{FB8D1B9F-CB95-4C7B-B9C2-62CB49AD92BB}.Ad-Hoc|Mixed Platforms.Build.0 = Ad-Hoc|iPhone
		{FB8D1B9F-CB95-4C7B-B9C2-62CB49AD92BB}.Ad-Hoc|x86.ActiveCfg = Ad-Hoc|iPhone
		{FB8D1B9F-CB95-4C7B-B9C2-62CB49AD92BB}.AppStore|Any CPU.ActiveCfg = AppStore|iPhone
		{FB8D1B9F-CB95-4C7B-B9C2-62CB49AD92BB}.AppStore|ARM.ActiveCfg = AppStore|iPhone
		{FB8D1B9F-CB95-4C7B-B9C2-62CB49AD92BB}.AppStore|iPhone.ActiveCfg = AppStore|iPhone
		{FB8D1B9F-CB95-4C7B-B9C2-62CB49AD92BB}.AppStore|iPhone.Build.0 = AppStore|iPhone
		{FB8D1B9F-CB95-4C7B-B9C2-62CB49AD92BB}.AppStore|iPhoneSimulator.ActiveCfg = AppStore|iPhoneSimulator
		{FB8D1B9F-CB95-4C7B-B9C2-62CB49AD92BB}.AppStore|iPhoneSimulator.Build.0 = AppStore|iPhoneSimulator
		{FB8D1B9F-CB95-4C7B-B9C2-62CB49AD92BB}.AppStore|Mixed Platforms.ActiveCfg = AppStore|iPhone
		{FB8D1B9F-CB95-4C7B-B9C2-62CB49AD92BB}.AppStore|Mixed Platforms.Build.0 = AppStore|iPhone
		{FB8D1B9F-CB95-4C7B-B9C2-62CB49AD92BB}.AppStore|x86.ActiveCfg = AppStore|iPhone
		{FB8D1B9F-CB95-4C7B-B9C2-62CB49AD92BB}.Debug|Any CPU.ActiveCfg = Debug|iPhone
		{FB8D1B9F-CB95-4C7B-B9C2-62CB49AD92BB}.Debug|ARM.ActiveCfg = Debug|iPhone
		{FB8D1B9F-CB95-4C7B-B9C2-62CB49AD92BB}.Debug|iPhone.ActiveCfg = Debug|iPhone
		{FB8D1B9F-CB95-4C7B-B9C2-62CB49AD92BB}.Debug|iPhone.Build.0 = Debug|iPhone
		{FB8D1B9F-CB95-4C7B-B9C2-62CB49AD92BB}.Debug|iPhoneSimulator.ActiveCfg = Debug|iPhoneSimulator
		{FB8D1B9F-CB95-4C7B-B9C2-62CB49AD92BB}.Debug|iPhoneSimulator.Build.0 = Debug|iPhoneSimulator
		{FB8D1B9F-CB95-4C7B-B9C2-62CB49AD92BB}.Debug|Mixed Platforms.ActiveCfg = Debug|iPhone
		{FB8D1B9F-CB95-4C7B-B9C2-62CB49AD92BB}.Debug|Mixed Platforms.Build.0 = Debug|iPhone
		{FB8D1B9F-CB95-4C7B-B9C2-62CB49AD92BB}.Debug|x86.ActiveCfg = Debug|iPhone
		{FB8D1B9F-CB95-4C7B-B9C2-62CB49AD92BB}.Release|Any CPU.ActiveCfg = Release|iPhone
		{FB8D1B9F-CB95-4C7B-B9C2-62CB49AD92BB}.Release|ARM.ActiveCfg = Release|iPhone
		{FB8D1B9F-CB95-4C7B-B9C2-62CB49AD92BB}.Release|iPhone.ActiveCfg = Release|iPhone
		{FB8D1B9F-CB95-4C7B-B9C2-62CB49AD92BB}.Release|iPhone.Build.0 = Release|iPhone
		{FB8D1B9F-CB95-4C7B-B9C2-62CB49AD92BB}.Release|iPhoneSimulator.ActiveCfg = Release|iPhoneSimulator
		{FB8D1B9F-CB95-4C7B-B9C2-62CB49AD92BB}.Release|iPhoneSimulator.Build.0 = Release|iPhoneSimulator
		{FB8D1B9F-CB95-4C7B-B9C2-62CB49AD92BB}.Release|Mixed Platforms.ActiveCfg = Release|iPhone
		{FB8D1B9F-CB95-4C7B-B9C2-62CB49AD92BB}.Release|Mixed Platforms.Build.0 = Release|iPhone
		{FB8D1B9F-CB95-4C7B-B9C2-62CB49AD92BB}.Release|x86.ActiveCfg = Release|iPhone
		{9F75A880-B540-41CE-8AF1-7B0784E30888}.Ad-Hoc|Any CPU.ActiveCfg = Release|Any CPU
		{9F75A880-B540-41CE-8AF1-7B0784E30888}.Ad-Hoc|Any CPU.Build.0 = Release|Any CPU
		{9F75A880-B540-41CE-8AF1-7B0784E30888}.Ad-Hoc|Any CPU.Deploy.0 = Release|Any CPU
		{9F75A880-B540-41CE-8AF1-7B0784E30888}.Ad-Hoc|ARM.ActiveCfg = Release|Any CPU
		{9F75A880-B540-41CE-8AF1-7B0784E30888}.Ad-Hoc|iPhone.ActiveCfg = Release|Any CPU
		{9F75A880-B540-41CE-8AF1-7B0784E30888}.Ad-Hoc|iPhoneSimulator.ActiveCfg = Release|Any CPU
		{9F75A880-B540-41CE-8AF1-7B0784E30888}.Ad-Hoc|Mixed Platforms.ActiveCfg = Release|Any CPU
		{9F75A880-B540-41CE-8AF1-7B0784E30888}.Ad-Hoc|Mixed Platforms.Build.0 = Release|Any CPU
		{9F75A880-B540-41CE-8AF1-7B0784E30888}.Ad-Hoc|Mixed Platforms.Deploy.0 = Release|Any CPU
		{9F75A880-B540-41CE-8AF1-7B0784E30888}.Ad-Hoc|x86.ActiveCfg = Release|Any CPU
		{9F75A880-B540-41CE-8AF1-7B0784E30888}.AppStore|Any CPU.ActiveCfg = Release|Any CPU
		{9F75A880-B540-41CE-8AF1-7B0784E30888}.AppStore|Any CPU.Build.0 = Release|Any CPU
		{9F75A880-B540-41CE-8AF1-7B0784E30888}.AppStore|Any CPU.Deploy.0 = Release|Any CPU
		{9F75A880-B540-41CE-8AF1-7B0784E30888}.AppStore|ARM.ActiveCfg = Release|Any CPU
		{9F75A880-B540-41CE-8AF1-7B0784E30888}.AppStore|iPhone.ActiveCfg = Release|Any CPU
		{9F75A880-B540-41CE-8AF1-7B0784E30888}.AppStore|iPhoneSimulator.ActiveCfg = Release|Any CPU
		{9F75A880-B540-41CE-8AF1-7B0784E30888}.AppStore|Mixed Platforms.ActiveCfg = Release|Any CPU
		{9F75A880-B540-41CE-8AF1-7B0784E30888}.AppStore|Mixed Platforms.Build.0 = Release|Any CPU
		{9F75A880-B540-41CE-8AF1-7B0784E30888}.AppStore|Mixed Platforms.Deploy.0 = Release|Any CPU
		{9F75A880-B540-41CE-8AF1-7B0784E30888}.AppStore|x86.ActiveCfg = Release|Any CPU
		{9F75A880-B540-41CE-8AF1-7B0784E30888}.Debug|Any CPU.ActiveCfg = Debug|Any CPU
		{9F75A880-B540-41CE-8AF1-7B0784E30888}.Debug|Any CPU.Build.0 = Debug|Any CPU
		{9F75A880-B540-41CE-8AF1-7B0784E30888}.Debug|Any CPU.Deploy.0 = Debug|Any CPU
		{9F75A880-B540-41CE-8AF1-7B0784E30888}.Debug|ARM.ActiveCfg = Debug|Any CPU
		{9F75A880-B540-41CE-8AF1-7B0784E30888}.Debug|iPhone.ActiveCfg = Debug|Any CPU
		{9F75A880-B540-41CE-8AF1-7B0784E30888}.Debug|iPhoneSimulator.ActiveCfg = Debug|Any CPU
		{9F75A880-B540-41CE-8AF1-7B0784E30888}.Debug|Mixed Platforms.ActiveCfg = Debug|Any CPU
		{9F75A880-B540-41CE-8AF1-7B0784E30888}.Debug|Mixed Platforms.Build.0 = Debug|Any CPU
		{9F75A880-B540-41CE-8AF1-7B0784E30888}.Debug|Mixed Platforms.Deploy.0 = Debug|Any CPU
		{9F75A880-B540-41CE-8AF1-7B0784E30888}.Debug|x86.ActiveCfg = Debug|Any CPU
		{9F75A880-B540-41CE-8AF1-7B0784E30888}.Release|Any CPU.ActiveCfg = Release|Any CPU
		{9F75A880-B540-41CE-8AF1-7B0784E30888}.Release|Any CPU.Build.0 = Release|Any CPU
		{9F75A880-B540-41CE-8AF1-7B0784E30888}.Release|Any CPU.Deploy.0 = Release|Any CPU
		{9F75A880-B540-41CE-8AF1-7B0784E30888}.Release|ARM.ActiveCfg = Release|Any CPU
		{9F75A880-B540-41CE-8AF1-7B0784E30888}.Release|iPhone.ActiveCfg = Release|Any CPU
		{9F75A880-B540-41CE-8AF1-7B0784E30888}.Release|iPhoneSimulator.ActiveCfg = Release|Any CPU
		{9F75A880-B540-41CE-8AF1-7B0784E30888}.Release|Mixed Platforms.ActiveCfg = Release|Any CPU
		{9F75A880-B540-41CE-8AF1-7B0784E30888}.Release|Mixed Platforms.Build.0 = Release|Any CPU
		{9F75A880-B540-41CE-8AF1-7B0784E30888}.Release|Mixed Platforms.Deploy.0 = Release|Any CPU
		{9F75A880-B540-41CE-8AF1-7B0784E30888}.Release|x86.ActiveCfg = Release|Any CPU
		{AFBDC0BA-373A-46B2-B929-48C015752E85}.Ad-Hoc|Any CPU.ActiveCfg = Release|Any CPU
		{AFBDC0BA-373A-46B2-B929-48C015752E85}.Ad-Hoc|Any CPU.Build.0 = Release|Any CPU
		{AFBDC0BA-373A-46B2-B929-48C015752E85}.Ad-Hoc|Any CPU.Deploy.0 = Release|Any CPU
		{AFBDC0BA-373A-46B2-B929-48C015752E85}.Ad-Hoc|ARM.ActiveCfg = Release|ARM
		{AFBDC0BA-373A-46B2-B929-48C015752E85}.Ad-Hoc|ARM.Build.0 = Release|ARM
		{AFBDC0BA-373A-46B2-B929-48C015752E85}.Ad-Hoc|ARM.Deploy.0 = Release|ARM
		{AFBDC0BA-373A-46B2-B929-48C015752E85}.Ad-Hoc|iPhone.ActiveCfg = Release|Any CPU
		{AFBDC0BA-373A-46B2-B929-48C015752E85}.Ad-Hoc|iPhoneSimulator.ActiveCfg = Release|Any CPU
		{AFBDC0BA-373A-46B2-B929-48C015752E85}.Ad-Hoc|Mixed Platforms.ActiveCfg = Release|x86
		{AFBDC0BA-373A-46B2-B929-48C015752E85}.Ad-Hoc|Mixed Platforms.Build.0 = Release|x86
		{AFBDC0BA-373A-46B2-B929-48C015752E85}.Ad-Hoc|Mixed Platforms.Deploy.0 = Release|x86
		{AFBDC0BA-373A-46B2-B929-48C015752E85}.Ad-Hoc|x86.ActiveCfg = Release|x86
		{AFBDC0BA-373A-46B2-B929-48C015752E85}.Ad-Hoc|x86.Build.0 = Release|x86
		{AFBDC0BA-373A-46B2-B929-48C015752E85}.Ad-Hoc|x86.Deploy.0 = Release|x86
		{AFBDC0BA-373A-46B2-B929-48C015752E85}.AppStore|Any CPU.ActiveCfg = Release|Any CPU
		{AFBDC0BA-373A-46B2-B929-48C015752E85}.AppStore|Any CPU.Build.0 = Release|Any CPU
		{AFBDC0BA-373A-46B2-B929-48C015752E85}.AppStore|Any CPU.Deploy.0 = Release|Any CPU
		{AFBDC0BA-373A-46B2-B929-48C015752E85}.AppStore|ARM.ActiveCfg = Release|ARM
		{AFBDC0BA-373A-46B2-B929-48C015752E85}.AppStore|ARM.Build.0 = Release|ARM
		{AFBDC0BA-373A-46B2-B929-48C015752E85}.AppStore|ARM.Deploy.0 = Release|ARM
		{AFBDC0BA-373A-46B2-B929-48C015752E85}.AppStore|iPhone.ActiveCfg = Release|Any CPU
		{AFBDC0BA-373A-46B2-B929-48C015752E85}.AppStore|iPhoneSimulator.ActiveCfg = Release|Any CPU
		{AFBDC0BA-373A-46B2-B929-48C015752E85}.AppStore|Mixed Platforms.ActiveCfg = Release|x86
		{AFBDC0BA-373A-46B2-B929-48C015752E85}.AppStore|Mixed Platforms.Build.0 = Release|x86
		{AFBDC0BA-373A-46B2-B929-48C015752E85}.AppStore|Mixed Platforms.Deploy.0 = Release|x86
		{AFBDC0BA-373A-46B2-B929-48C015752E85}.AppStore|x86.ActiveCfg = Release|x86
		{AFBDC0BA-373A-46B2-B929-48C015752E85}.AppStore|x86.Build.0 = Release|x86
		{AFBDC0BA-373A-46B2-B929-48C015752E85}.AppStore|x86.Deploy.0 = Release|x86
		{AFBDC0BA-373A-46B2-B929-48C015752E85}.Debug|Any CPU.ActiveCfg = Debug|Any CPU
		{AFBDC0BA-373A-46B2-B929-48C015752E85}.Debug|Any CPU.Build.0 = Debug|Any CPU
		{AFBDC0BA-373A-46B2-B929-48C015752E85}.Debug|Any CPU.Deploy.0 = Debug|Any CPU
		{AFBDC0BA-373A-46B2-B929-48C015752E85}.Debug|ARM.ActiveCfg = Debug|ARM
		{AFBDC0BA-373A-46B2-B929-48C015752E85}.Debug|ARM.Build.0 = Debug|ARM
		{AFBDC0BA-373A-46B2-B929-48C015752E85}.Debug|ARM.Deploy.0 = Debug|ARM
		{AFBDC0BA-373A-46B2-B929-48C015752E85}.Debug|iPhone.ActiveCfg = Debug|Any CPU
		{AFBDC0BA-373A-46B2-B929-48C015752E85}.Debug|iPhoneSimulator.ActiveCfg = Debug|Any CPU
		{AFBDC0BA-373A-46B2-B929-48C015752E85}.Debug|Mixed Platforms.ActiveCfg = Debug|x86
		{AFBDC0BA-373A-46B2-B929-48C015752E85}.Debug|Mixed Platforms.Build.0 = Debug|x86
		{AFBDC0BA-373A-46B2-B929-48C015752E85}.Debug|Mixed Platforms.Deploy.0 = Debug|x86
		{AFBDC0BA-373A-46B2-B929-48C015752E85}.Debug|x86.ActiveCfg = Debug|x86
		{AFBDC0BA-373A-46B2-B929-48C015752E85}.Debug|x86.Build.0 = Debug|x86
		{AFBDC0BA-373A-46B2-B929-48C015752E85}.Debug|x86.Deploy.0 = Debug|x86
		{AFBDC0BA-373A-46B2-B929-48C015752E85}.Release|Any CPU.ActiveCfg = Release|Any CPU
		{AFBDC0BA-373A-46B2-B929-48C015752E85}.Release|Any CPU.Build.0 = Release|Any CPU
		{AFBDC0BA-373A-46B2-B929-48C015752E85}.Release|Any CPU.Deploy.0 = Release|Any CPU
		{AFBDC0BA-373A-46B2-B929-48C015752E85}.Release|ARM.ActiveCfg = Release|ARM
		{AFBDC0BA-373A-46B2-B929-48C015752E85}.Release|ARM.Build.0 = Release|ARM
		{AFBDC0BA-373A-46B2-B929-48C015752E85}.Release|ARM.Deploy.0 = Release|ARM
		{AFBDC0BA-373A-46B2-B929-48C015752E85}.Release|iPhone.ActiveCfg = Release|Any CPU
		{AFBDC0BA-373A-46B2-B929-48C015752E85}.Release|iPhoneSimulator.ActiveCfg = Release|Any CPU
		{AFBDC0BA-373A-46B2-B929-48C015752E85}.Release|Mixed Platforms.ActiveCfg = Release|x86
		{AFBDC0BA-373A-46B2-B929-48C015752E85}.Release|Mixed Platforms.Build.0 = Release|x86
		{AFBDC0BA-373A-46B2-B929-48C015752E85}.Release|Mixed Platforms.Deploy.0 = Release|x86
		{AFBDC0BA-373A-46B2-B929-48C015752E85}.Release|x86.ActiveCfg = Release|x86
		{AFBDC0BA-373A-46B2-B929-48C015752E85}.Release|x86.Build.0 = Release|x86
		{AFBDC0BA-373A-46B2-B929-48C015752E85}.Release|x86.Deploy.0 = Release|x86
	EndGlobalSection
	GlobalSection(SolutionProperties) = preSolution
		HideSolutionNode = FALSE
	EndGlobalSection
EndGlobal
