
Microsoft Visual Studio Solution File, Format Version 12.00
# Visual Studio 2013
VisualStudioVersion = 12.0.31101.0
MinimumVisualStudioVersion = 10.0.40219.1
Project("{FAE04EC0-301F-11D3-BF4B-00C04F79EFBC}") = "Estilos", "Estilos\Estilos\Estilos.csproj", "{E620743E-A236-4F60-AD91-BEE004EFD868}"
EndProject
Project("{FAE04EC0-301F-11D3-BF4B-00C04F79EFBC}") = "Estilos.iOS", "Estilos\Estilos.iOS\Estilos.iOS.csproj", "{1D41810B-B3D1-4D6B-9CCE-BAFC5C14AC46}"
EndProject
Project("{FAE04EC0-301F-11D3-BF4B-00C04F79EFBC}") = "Estilos.Droid", "Estilos\Estilos.Droid\Estilos.Droid.csproj", "{7644CBEC-08D6-48E0-9CD6-AA0F9A1838B1}"
EndProject
Project("{FAE04EC0-301F-11D3-BF4B-00C04F79EFBC}") = "Estilos.WinPhone", "Estilos\Estilos.WinPhone\Estilos.WinPhone.csproj", "{86927C74-EF1C-49FE-8EA9-73B8A91F2376}"
EndProject
Global
	GlobalSection(SolutionConfigurationPlatforms) = preSolution
		Ad-Hoc|Any CPU = Ad-Hoc|Any CPU
		Ad-Hoc|ARM = Ad-Hoc|ARM
		Ad-Hoc|iPhone = Ad-Hoc|iPhone
		Ad-Hoc|iPhoneSimulator = Ad-Hoc|iPhoneSimulator
		Ad-Hoc|Mixed Platforms = Ad-Hoc|Mixed Platforms
		Ad-Hoc|x86 = Ad-Hoc|x86
		AppStore|Any CPU = AppStore|Any CPU
		AppStore|ARM = AppStore|ARM
		AppStore|iPhone = AppStore|iPhone
		AppStore|iPhoneSimulator = AppStore|iPhoneSimulator
		AppStore|Mixed Platforms = AppStore|Mixed Platforms
		AppStore|x86 = AppStore|x86
		Debug|Any CPU = Debug|Any CPU
		Debug|ARM = Debug|ARM
		Debug|iPhone = Debug|iPhone
		Debug|iPhoneSimulator = Debug|iPhoneSimulator
		Debug|Mixed Platforms = Debug|Mixed Platforms
		Debug|x86 = Debug|x86
		Release|Any CPU = Release|Any CPU
		Release|ARM = Release|ARM
		Release|iPhone = Release|iPhone
		Release|iPhoneSimulator = Release|iPhoneSimulator
		Release|Mixed Platforms = Release|Mixed Platforms
		Release|x86 = Release|x86
	EndGlobalSection
	GlobalSection(ProjectConfigurationPlatforms) = postSolution
		{E620743E-A236-4F60-AD91-BEE004EFD868}.Ad-Hoc|Any CPU.ActiveCfg = Release|Any CPU
		{E620743E-A236-4F60-AD91-BEE004EFD868}.Ad-Hoc|Any CPU.Build.0 = Release|Any CPU
		{E620743E-A236-4F60-AD91-BEE004EFD868}.Ad-Hoc|ARM.ActiveCfg = Release|Any CPU
		{E620743E-A236-4F60-AD91-BEE004EFD868}.Ad-Hoc|iPhone.ActiveCfg = Release|Any CPU
		{E620743E-A236-4F60-AD91-BEE004EFD868}.Ad-Hoc|iPhoneSimulator.ActiveCfg = Release|Any CPU
		{E620743E-A236-4F60-AD91-BEE004EFD868}.Ad-Hoc|Mixed Platforms.ActiveCfg = Release|Any CPU
		{E620743E-A236-4F60-AD91-BEE004EFD868}.Ad-Hoc|Mixed Platforms.Build.0 = Release|Any CPU
		{E620743E-A236-4F60-AD91-BEE004EFD868}.Ad-Hoc|x86.ActiveCfg = Release|Any CPU
		{E620743E-A236-4F60-AD91-BEE004EFD868}.AppStore|Any CPU.ActiveCfg = Release|Any CPU
		{E620743E-A236-4F60-AD91-BEE004EFD868}.AppStore|Any CPU.Build.0 = Release|Any CPU
		{E620743E-A236-4F60-AD91-BEE004EFD868}.AppStore|ARM.ActiveCfg = Release|Any CPU
		{E620743E-A236-4F60-AD91-BEE004EFD868}.AppStore|iPhone.ActiveCfg = Release|Any CPU
		{E620743E-A236-4F60-AD91-BEE004EFD868}.AppStore|iPhoneSimulator.ActiveCfg = Release|Any CPU
		{E620743E-A236-4F60-AD91-BEE004EFD868}.AppStore|Mixed Platforms.ActiveCfg = Release|Any CPU
		{E620743E-A236-4F60-AD91-BEE004EFD868}.AppStore|Mixed Platforms.Build.0 = Release|Any CPU
		{E620743E-A236-4F60-AD91-BEE004EFD868}.AppStore|x86.ActiveCfg = Release|Any CPU
		{E620743E-A236-4F60-AD91-BEE004EFD868}.Debug|Any CPU.ActiveCfg = Debug|Any CPU
		{E620743E-A236-4F60-AD91-BEE004EFD868}.Debug|Any CPU.Build.0 = Debug|Any CPU
		{E620743E-A236-4F60-AD91-BEE004EFD868}.Debug|ARM.ActiveCfg = Debug|Any CPU
		{E620743E-A236-4F60-AD91-BEE004EFD868}.Debug|iPhone.ActiveCfg = Debug|Any CPU
		{E620743E-A236-4F60-AD91-BEE004EFD868}.Debug|iPhoneSimulator.ActiveCfg = Debug|Any CPU
		{E620743E-A236-4F60-AD91-BEE004EFD868}.Debug|Mixed Platforms.ActiveCfg = Debug|Any CPU
		{E620743E-A236-4F60-AD91-BEE004EFD868}.Debug|Mixed Platforms.Build.0 = Debug|Any CPU
		{E620743E-A236-4F60-AD91-BEE004EFD868}.Debug|x86.ActiveCfg = Debug|Any CPU
		{E620743E-A236-4F60-AD91-BEE004EFD868}.Release|Any CPU.ActiveCfg = Release|Any CPU
		{E620743E-A236-4F60-AD91-BEE004EFD868}.Release|Any CPU.Build.0 = Release|Any CPU
		{E620743E-A236-4F60-AD91-BEE004EFD868}.Release|ARM.ActiveCfg = Release|Any CPU
		{E620743E-A236-4F60-AD91-BEE004EFD868}.Release|iPhone.ActiveCfg = Release|Any CPU
		{E620743E-A236-4F60-AD91-BEE004EFD868}.Release|iPhoneSimulator.ActiveCfg = Release|Any CPU
		{E620743E-A236-4F60-AD91-BEE004EFD868}.Release|Mixed Platforms.ActiveCfg = Release|Any CPU
		{E620743E-A236-4F60-AD91-BEE004EFD868}.Release|Mixed Platforms.Build.0 = Release|Any CPU
		{E620743E-A236-4F60-AD91-BEE004EFD868}.Release|x86.ActiveCfg = Release|Any CPU
		{1D41810B-B3D1-4D6B-9CCE-BAFC5C14AC46}.Ad-Hoc|Any CPU.ActiveCfg = Ad-Hoc|iPhone
		{1D41810B-B3D1-4D6B-9CCE-BAFC5C14AC46}.Ad-Hoc|ARM.ActiveCfg = Ad-Hoc|iPhone
		{1D41810B-B3D1-4D6B-9CCE-BAFC5C14AC46}.Ad-Hoc|iPhone.ActiveCfg = Ad-Hoc|iPhone
		{1D41810B-B3D1-4D6B-9CCE-BAFC5C14AC46}.Ad-Hoc|iPhone.Build.0 = Ad-Hoc|iPhone
		{1D41810B-B3D1-4D6B-9CCE-BAFC5C14AC46}.Ad-Hoc|iPhoneSimulator.ActiveCfg = Ad-Hoc|iPhoneSimulator
		{1D41810B-B3D1-4D6B-9CCE-BAFC5C14AC46}.Ad-Hoc|iPhoneSimulator.Build.0 = Ad-Hoc|iPhoneSimulator
		{1D41810B-B3D1-4D6B-9CCE-BAFC5C14AC46}.Ad-Hoc|Mixed Platforms.ActiveCfg = Ad-Hoc|iPhone
		{1D41810B-B3D1-4D6B-9CCE-BAFC5C14AC46}.Ad-Hoc|Mixed Platforms.Build.0 = Ad-Hoc|iPhone
		{1D41810B-B3D1-4D6B-9CCE-BAFC5C14AC46}.Ad-Hoc|x86.ActiveCfg = Ad-Hoc|iPhone
		{1D41810B-B3D1-4D6B-9CCE-BAFC5C14AC46}.AppStore|Any CPU.ActiveCfg = AppStore|iPhone
		{1D41810B-B3D1-4D6B-9CCE-BAFC5C14AC46}.AppStore|ARM.ActiveCfg = AppStore|iPhone
		{1D41810B-B3D1-4D6B-9CCE-BAFC5C14AC46}.AppStore|iPhone.ActiveCfg = AppStore|iPhone
		{1D41810B-B3D1-4D6B-9CCE-BAFC5C14AC46}.AppStore|iPhone.Build.0 = AppStore|iPhone
		{1D41810B-B3D1-4D6B-9CCE-BAFC5C14AC46}.AppStore|iPhoneSimulator.ActiveCfg = AppStore|iPhoneSimulator
		{1D41810B-B3D1-4D6B-9CCE-BAFC5C14AC46}.AppStore|iPhoneSimulator.Build.0 = AppStore|iPhoneSimulator
		{1D41810B-B3D1-4D6B-9CCE-BAFC5C14AC46}.AppStore|Mixed Platforms.ActiveCfg = AppStore|iPhone
		{1D41810B-B3D1-4D6B-9CCE-BAFC5C14AC46}.AppStore|Mixed Platforms.Build.0 = AppStore|iPhone
		{1D41810B-B3D1-4D6B-9CCE-BAFC5C14AC46}.AppStore|x86.ActiveCfg = AppStore|iPhone
		{1D41810B-B3D1-4D6B-9CCE-BAFC5C14AC46}.Debug|Any CPU.ActiveCfg = Debug|iPhone
		{1D41810B-B3D1-4D6B-9CCE-BAFC5C14AC46}.Debug|ARM.ActiveCfg = Debug|iPhone
		{1D41810B-B3D1-4D6B-9CCE-BAFC5C14AC46}.Debug|iPhone.ActiveCfg = Debug|iPhone
		{1D41810B-B3D1-4D6B-9CCE-BAFC5C14AC46}.Debug|iPhone.Build.0 = Debug|iPhone
		{1D41810B-B3D1-4D6B-9CCE-BAFC5C14AC46}.Debug|iPhoneSimulator.ActiveCfg = Debug|iPhoneSimulator
		{1D41810B-B3D1-4D6B-9CCE-BAFC5C14AC46}.Debug|iPhoneSimulator.Build.0 = Debug|iPhoneSimulator
		{1D41810B-B3D1-4D6B-9CCE-BAFC5C14AC46}.Debug|Mixed Platforms.ActiveCfg = Debug|iPhone
		{1D41810B-B3D1-4D6B-9CCE-BAFC5C14AC46}.Debug|Mixed Platforms.Build.0 = Debug|iPhone
		{1D41810B-B3D1-4D6B-9CCE-BAFC5C14AC46}.Debug|x86.ActiveCfg = Debug|iPhone
		{1D41810B-B3D1-4D6B-9CCE-BAFC5C14AC46}.Release|Any CPU.ActiveCfg = Release|iPhone
		{1D41810B-B3D1-4D6B-9CCE-BAFC5C14AC46}.Release|ARM.ActiveCfg = Release|iPhone
		{1D41810B-B3D1-4D6B-9CCE-BAFC5C14AC46}.Release|iPhone.ActiveCfg = Release|iPhone
		{1D41810B-B3D1-4D6B-9CCE-BAFC5C14AC46}.Release|iPhone.Build.0 = Release|iPhone
		{1D41810B-B3D1-4D6B-9CCE-BAFC5C14AC46}.Release|iPhoneSimulator.ActiveCfg = Release|iPhoneSimulator
		{1D41810B-B3D1-4D6B-9CCE-BAFC5C14AC46}.Release|iPhoneSimulator.Build.0 = Release|iPhoneSimulator
		{1D41810B-B3D1-4D6B-9CCE-BAFC5C14AC46}.Release|Mixed Platforms.ActiveCfg = Release|iPhone
		{1D41810B-B3D1-4D6B-9CCE-BAFC5C14AC46}.Release|Mixed Platforms.Build.0 = Release|iPhone
		{1D41810B-B3D1-4D6B-9CCE-BAFC5C14AC46}.Release|x86.ActiveCfg = Release|iPhone
		{7644CBEC-08D6-48E0-9CD6-AA0F9A1838B1}.Ad-Hoc|Any CPU.ActiveCfg = Release|Any CPU
		{7644CBEC-08D6-48E0-9CD6-AA0F9A1838B1}.Ad-Hoc|Any CPU.Build.0 = Release|Any CPU
		{7644CBEC-08D6-48E0-9CD6-AA0F9A1838B1}.Ad-Hoc|Any CPU.Deploy.0 = Release|Any CPU
		{7644CBEC-08D6-48E0-9CD6-AA0F9A1838B1}.Ad-Hoc|ARM.ActiveCfg = Release|Any CPU
		{7644CBEC-08D6-48E0-9CD6-AA0F9A1838B1}.Ad-Hoc|iPhone.ActiveCfg = Release|Any CPU
		{7644CBEC-08D6-48E0-9CD6-AA0F9A1838B1}.Ad-Hoc|iPhoneSimulator.ActiveCfg = Release|Any CPU
		{7644CBEC-08D6-48E0-9CD6-AA0F9A1838B1}.Ad-Hoc|Mixed Platforms.ActiveCfg = Release|Any CPU
		{7644CBEC-08D6-48E0-9CD6-AA0F9A1838B1}.Ad-Hoc|Mixed Platforms.Build.0 = Release|Any CPU
		{7644CBEC-08D6-48E0-9CD6-AA0F9A1838B1}.Ad-Hoc|Mixed Platforms.Deploy.0 = Release|Any CPU
		{7644CBEC-08D6-48E0-9CD6-AA0F9A1838B1}.Ad-Hoc|x86.ActiveCfg = Release|Any CPU
		{7644CBEC-08D6-48E0-9CD6-AA0F9A1838B1}.AppStore|Any CPU.ActiveCfg = Release|Any CPU
		{7644CBEC-08D6-48E0-9CD6-AA0F9A1838B1}.AppStore|Any CPU.Build.0 = Release|Any CPU
		{7644CBEC-08D6-48E0-9CD6-AA0F9A1838B1}.AppStore|Any CPU.Deploy.0 = Release|Any CPU
		{7644CBEC-08D6-48E0-9CD6-AA0F9A1838B1}.AppStore|ARM.ActiveCfg = Release|Any CPU
		{7644CBEC-08D6-48E0-9CD6-AA0F9A1838B1}.AppStore|iPhone.ActiveCfg = Release|Any CPU
		{7644CBEC-08D6-48E0-9CD6-AA0F9A1838B1}.AppStore|iPhoneSimulator.ActiveCfg = Release|Any CPU
		{7644CBEC-08D6-48E0-9CD6-AA0F9A1838B1}.AppStore|Mixed Platforms.ActiveCfg = Release|Any CPU
		{7644CBEC-08D6-48E0-9CD6-AA0F9A1838B1}.AppStore|Mixed Platforms.Build.0 = Release|Any CPU
		{7644CBEC-08D6-48E0-9CD6-AA0F9A1838B1}.AppStore|Mixed Platforms.Deploy.0 = Release|Any CPU
		{7644CBEC-08D6-48E0-9CD6-AA0F9A1838B1}.AppStore|x86.ActiveCfg = Release|Any CPU
		{7644CBEC-08D6-48E0-9CD6-AA0F9A1838B1}.Debug|Any CPU.ActiveCfg = Debug|Any CPU
		{7644CBEC-08D6-48E0-9CD6-AA0F9A1838B1}.Debug|Any CPU.Build.0 = Debug|Any CPU
		{7644CBEC-08D6-48E0-9CD6-AA0F9A1838B1}.Debug|Any CPU.Deploy.0 = Debug|Any CPU
		{7644CBEC-08D6-48E0-9CD6-AA0F9A1838B1}.Debug|ARM.ActiveCfg = Debug|Any CPU
		{7644CBEC-08D6-48E0-9CD6-AA0F9A1838B1}.Debug|iPhone.ActiveCfg = Debug|Any CPU
		{7644CBEC-08D6-48E0-9CD6-AA0F9A1838B1}.Debug|iPhoneSimulator.ActiveCfg = Debug|Any CPU
		{7644CBEC-08D6-48E0-9CD6-AA0F9A1838B1}.Debug|Mixed Platforms.ActiveCfg = Debug|Any CPU
		{7644CBEC-08D6-48E0-9CD6-AA0F9A1838B1}.Debug|Mixed Platforms.Build.0 = Debug|Any CPU
		{7644CBEC-08D6-48E0-9CD6-AA0F9A1838B1}.Debug|Mixed Platforms.Deploy.0 = Debug|Any CPU
		{7644CBEC-08D6-48E0-9CD6-AA0F9A1838B1}.Debug|x86.ActiveCfg = Debug|Any CPU
		{7644CBEC-08D6-48E0-9CD6-AA0F9A1838B1}.Release|Any CPU.ActiveCfg = Release|Any CPU
		{7644CBEC-08D6-48E0-9CD6-AA0F9A1838B1}.Release|Any CPU.Build.0 = Release|Any CPU
		{7644CBEC-08D6-48E0-9CD6-AA0F9A1838B1}.Release|Any CPU.Deploy.0 = Release|Any CPU
		{7644CBEC-08D6-48E0-9CD6-AA0F9A1838B1}.Release|ARM.ActiveCfg = Release|Any CPU
		{7644CBEC-08D6-48E0-9CD6-AA0F9A1838B1}.Release|iPhone.ActiveCfg = Release|Any CPU
		{7644CBEC-08D6-48E0-9CD6-AA0F9A1838B1}.Release|iPhoneSimulator.ActiveCfg = Release|Any CPU
		{7644CBEC-08D6-48E0-9CD6-AA0F9A1838B1}.Release|Mixed Platforms.ActiveCfg = Release|Any CPU
		{7644CBEC-08D6-48E0-9CD6-AA0F9A1838B1}.Release|Mixed Platforms.Build.0 = Release|Any CPU
		{7644CBEC-08D6-48E0-9CD6-AA0F9A1838B1}.Release|Mixed Platforms.Deploy.0 = Release|Any CPU
		{7644CBEC-08D6-48E0-9CD6-AA0F9A1838B1}.Release|x86.ActiveCfg = Release|Any CPU
		{86927C74-EF1C-49FE-8EA9-73B8A91F2376}.Ad-Hoc|Any CPU.ActiveCfg = Release|Any CPU
		{86927C74-EF1C-49FE-8EA9-73B8A91F2376}.Ad-Hoc|Any CPU.Build.0 = Release|Any CPU
		{86927C74-EF1C-49FE-8EA9-73B8A91F2376}.Ad-Hoc|Any CPU.Deploy.0 = Release|Any CPU
		{86927C74-EF1C-49FE-8EA9-73B8A91F2376}.Ad-Hoc|ARM.ActiveCfg = Release|ARM
		{86927C74-EF1C-49FE-8EA9-73B8A91F2376}.Ad-Hoc|ARM.Build.0 = Release|ARM
		{86927C74-EF1C-49FE-8EA9-73B8A91F2376}.Ad-Hoc|ARM.Deploy.0 = Release|ARM
		{86927C74-EF1C-49FE-8EA9-73B8A91F2376}.Ad-Hoc|iPhone.ActiveCfg = Release|Any CPU
		{86927C74-EF1C-49FE-8EA9-73B8A91F2376}.Ad-Hoc|iPhoneSimulator.ActiveCfg = Release|Any CPU
		{86927C74-EF1C-49FE-8EA9-73B8A91F2376}.Ad-Hoc|Mixed Platforms.ActiveCfg = Release|x86
		{86927C74-EF1C-49FE-8EA9-73B8A91F2376}.Ad-Hoc|Mixed Platforms.Build.0 = Release|x86
		{86927C74-EF1C-49FE-8EA9-73B8A91F2376}.Ad-Hoc|Mixed Platforms.Deploy.0 = Release|x86
		{86927C74-EF1C-49FE-8EA9-73B8A91F2376}.Ad-Hoc|x86.ActiveCfg = Release|x86
		{86927C74-EF1C-49FE-8EA9-73B8A91F2376}.Ad-Hoc|x86.Build.0 = Release|x86
		{86927C74-EF1C-49FE-8EA9-73B8A91F2376}.Ad-Hoc|x86.Deploy.0 = Release|x86
		{86927C74-EF1C-49FE-8EA9-73B8A91F2376}.AppStore|Any CPU.ActiveCfg = Release|Any CPU
		{86927C74-EF1C-49FE-8EA9-73B8A91F2376}.AppStore|Any CPU.Build.0 = Release|Any CPU
		{86927C74-EF1C-49FE-8EA9-73B8A91F2376}.AppStore|Any CPU.Deploy.0 = Release|Any CPU
		{86927C74-EF1C-49FE-8EA9-73B8A91F2376}.AppStore|ARM.ActiveCfg = Release|ARM
		{86927C74-EF1C-49FE-8EA9-73B8A91F2376}.AppStore|ARM.Build.0 = Release|ARM
		{86927C74-EF1C-49FE-8EA9-73B8A91F2376}.AppStore|ARM.Deploy.0 = Release|ARM
		{86927C74-EF1C-49FE-8EA9-73B8A91F2376}.AppStore|iPhone.ActiveCfg = Release|Any CPU
		{86927C74-EF1C-49FE-8EA9-73B8A91F2376}.AppStore|iPhoneSimulator.ActiveCfg = Release|Any CPU
		{86927C74-EF1C-49FE-8EA9-73B8A91F2376}.AppStore|Mixed Platforms.ActiveCfg = Release|x86
		{86927C74-EF1C-49FE-8EA9-73B8A91F2376}.AppStore|Mixed Platforms.Build.0 = Release|x86
		{86927C74-EF1C-49FE-8EA9-73B8A91F2376}.AppStore|Mixed Platforms.Deploy.0 = Release|x86
		{86927C74-EF1C-49FE-8EA9-73B8A91F2376}.AppStore|x86.ActiveCfg = Release|x86
		{86927C74-EF1C-49FE-8EA9-73B8A91F2376}.AppStore|x86.Build.0 = Release|x86
		{86927C74-EF1C-49FE-8EA9-73B8A91F2376}.AppStore|x86.Deploy.0 = Release|x86
		{86927C74-EF1C-49FE-8EA9-73B8A91F2376}.Debug|Any CPU.ActiveCfg = Debug|Any CPU
		{86927C74-EF1C-49FE-8EA9-73B8A91F2376}.Debug|Any CPU.Build.0 = Debug|Any CPU
		{86927C74-EF1C-49FE-8EA9-73B8A91F2376}.Debug|Any CPU.Deploy.0 = Debug|Any CPU
		{86927C74-EF1C-49FE-8EA9-73B8A91F2376}.Debug|ARM.ActiveCfg = Debug|ARM
		{86927C74-EF1C-49FE-8EA9-73B8A91F2376}.Debug|ARM.Build.0 = Debug|ARM
		{86927C74-EF1C-49FE-8EA9-73B8A91F2376}.Debug|ARM.Deploy.0 = Debug|ARM
		{86927C74-EF1C-49FE-8EA9-73B8A91F2376}.Debug|iPhone.ActiveCfg = Debug|Any CPU
		{86927C74-EF1C-49FE-8EA9-73B8A91F2376}.Debug|iPhoneSimulator.ActiveCfg = Debug|Any CPU
		{86927C74-EF1C-49FE-8EA9-73B8A91F2376}.Debug|Mixed Platforms.ActiveCfg = Debug|x86
		{86927C74-EF1C-49FE-8EA9-73B8A91F2376}.Debug|Mixed Platforms.Build.0 = Debug|x86
		{86927C74-EF1C-49FE-8EA9-73B8A91F2376}.Debug|Mixed Platforms.Deploy.0 = Debug|x86
		{86927C74-EF1C-49FE-8EA9-73B8A91F2376}.Debug|x86.ActiveCfg = Debug|x86
		{86927C74-EF1C-49FE-8EA9-73B8A91F2376}.Debug|x86.Build.0 = Debug|x86
		{86927C74-EF1C-49FE-8EA9-73B8A91F2376}.Debug|x86.Deploy.0 = Debug|x86
		{86927C74-EF1C-49FE-8EA9-73B8A91F2376}.Release|Any CPU.ActiveCfg = Release|Any CPU
		{86927C74-EF1C-49FE-8EA9-73B8A91F2376}.Release|Any CPU.Build.0 = Release|Any CPU
		{86927C74-EF1C-49FE-8EA9-73B8A91F2376}.Release|Any CPU.Deploy.0 = Release|Any CPU
		{86927C74-EF1C-49FE-8EA9-73B8A91F2376}.Release|ARM.ActiveCfg = Release|ARM
		{86927C74-EF1C-49FE-8EA9-73B8A91F2376}.Release|ARM.Build.0 = Release|ARM
		{86927C74-EF1C-49FE-8EA9-73B8A91F2376}.Release|ARM.Deploy.0 = Release|ARM
		{86927C74-EF1C-49FE-8EA9-73B8A91F2376}.Release|iPhone.ActiveCfg = Release|Any CPU
		{86927C74-EF1C-49FE-8EA9-73B8A91F2376}.Release|iPhoneSimulator.ActiveCfg = Release|Any CPU
		{86927C74-EF1C-49FE-8EA9-73B8A91F2376}.Release|Mixed Platforms.ActiveCfg = Release|x86
		{86927C74-EF1C-49FE-8EA9-73B8A91F2376}.Release|Mixed Platforms.Build.0 = Release|x86
		{86927C74-EF1C-49FE-8EA9-73B8A91F2376}.Release|Mixed Platforms.Deploy.0 = Release|x86
		{86927C74-EF1C-49FE-8EA9-73B8A91F2376}.Release|x86.ActiveCfg = Release|x86
		{86927C74-EF1C-49FE-8EA9-73B8A91F2376}.Release|x86.Build.0 = Release|x86
		{86927C74-EF1C-49FE-8EA9-73B8A91F2376}.Release|x86.Deploy.0 = Release|x86
	EndGlobalSection
	GlobalSection(SolutionProperties) = preSolution
		HideSolutionNode = FALSE
	EndGlobalSection
EndGlobal
