
Microsoft Visual Studio Solution File, Format Version 12.00
# Visual Studio 2013
VisualStudioVersion = 12.0.31101.0
MinimumVisualStudioVersion = 10.0.40219.1
Project("{FAE04EC0-301F-11D3-BF4B-00C04F79EFBC}") = "REST", "REST\REST\REST.csproj", "{9C81A5E7-C381-4FC7-833C-754AF00CD850}"
EndProject
Project("{FAE04EC0-301F-11D3-BF4B-00C04F79EFBC}") = "REST.iOS", "REST\REST.iOS\REST.iOS.csproj", "{871DDEB9-7390-47D5-8B73-65D397D93CBF}"
EndProject
Project("{FAE04EC0-301F-11D3-BF4B-00C04F79EFBC}") = "REST.Droid", "REST\REST.Droid\REST.Droid.csproj", "{C2D72E51-6AB8-4834-A6BA-9586073783E4}"
EndProject
Project("{FAE04EC0-301F-11D3-BF4B-00C04F79EFBC}") = "REST.WinPhone", "REST\REST.WinPhone\REST.WinPhone.csproj", "{A1EBF57D-AE23-4AD8-94CB-173C64D223EF}"
EndProject
Global
	GlobalSection(SolutionConfigurationPlatforms) = preSolution
		Ad-Hoc|Any CPU = Ad-Hoc|Any CPU
		Ad-Hoc|ARM = Ad-Hoc|ARM
		Ad-Hoc|iPhone = Ad-Hoc|iPhone
		Ad-Hoc|iPhoneSimulator = Ad-Hoc|iPhoneSimulator
		Ad-Hoc|Mixed Platforms = Ad-Hoc|Mixed Platforms
		Ad-Hoc|x86 = Ad-Hoc|x86
		AppStore|Any CPU = AppStore|Any CPU
		AppStore|ARM = AppStore|ARM
		AppStore|iPhone = AppStore|iPhone
		AppStore|iPhoneSimulator = AppStore|iPhoneSimulator
		AppStore|Mixed Platforms = AppStore|Mixed Platforms
		AppStore|x86 = AppStore|x86
		Debug|Any CPU = Debug|Any CPU
		Debug|ARM = Debug|ARM
		Debug|iPhone = Debug|iPhone
		Debug|iPhoneSimulator = Debug|iPhoneSimulator
		Debug|Mixed Platforms = Debug|Mixed Platforms
		Debug|x86 = Debug|x86
		Release|Any CPU = Release|Any CPU
		Release|ARM = Release|ARM
		Release|iPhone = Release|iPhone
		Release|iPhoneSimulator = Release|iPhoneSimulator
		Release|Mixed Platforms = Release|Mixed Platforms
		Release|x86 = Release|x86
	EndGlobalSection
	GlobalSection(ProjectConfigurationPlatforms) = postSolution
		{9C81A5E7-C381-4FC7-833C-754AF00CD850}.Ad-Hoc|Any CPU.ActiveCfg = Release|Any CPU
		{9C81A5E7-C381-4FC7-833C-754AF00CD850}.Ad-Hoc|Any CPU.Build.0 = Release|Any CPU
		{9C81A5E7-C381-4FC7-833C-754AF00CD850}.Ad-Hoc|ARM.ActiveCfg = Release|Any CPU
		{9C81A5E7-C381-4FC7-833C-754AF00CD850}.Ad-Hoc|iPhone.ActiveCfg = Release|Any CPU
		{9C81A5E7-C381-4FC7-833C-754AF00CD850}.Ad-Hoc|iPhoneSimulator.ActiveCfg = Release|Any CPU
		{9C81A5E7-C381-4FC7-833C-754AF00CD850}.Ad-Hoc|Mixed Platforms.ActiveCfg = Release|Any CPU
		{9C81A5E7-C381-4FC7-833C-754AF00CD850}.Ad-Hoc|Mixed Platforms.Build.0 = Release|Any CPU
		{9C81A5E7-C381-4FC7-833C-754AF00CD850}.Ad-Hoc|x86.ActiveCfg = Release|Any CPU
		{9C81A5E7-C381-4FC7-833C-754AF00CD850}.AppStore|Any CPU.ActiveCfg = Release|Any CPU
		{9C81A5E7-C381-4FC7-833C-754AF00CD850}.AppStore|Any CPU.Build.0 = Release|Any CPU
		{9C81A5E7-C381-4FC7-833C-754AF00CD850}.AppStore|ARM.ActiveCfg = Release|Any CPU
		{9C81A5E7-C381-4FC7-833C-754AF00CD850}.AppStore|iPhone.ActiveCfg = Release|Any CPU
		{9C81A5E7-C381-4FC7-833C-754AF00CD850}.AppStore|iPhoneSimulator.ActiveCfg = Release|Any CPU
		{9C81A5E7-C381-4FC7-833C-754AF00CD850}.AppStore|Mixed Platforms.ActiveCfg = Release|Any CPU
		{9C81A5E7-C381-4FC7-833C-754AF00CD850}.AppStore|Mixed Platforms.Build.0 = Release|Any CPU
		{9C81A5E7-C381-4FC7-833C-754AF00CD850}.AppStore|x86.ActiveCfg = Release|Any CPU
		{9C81A5E7-C381-4FC7-833C-754AF00CD850}.Debug|Any CPU.ActiveCfg = Debug|Any CPU
		{9C81A5E7-C381-4FC7-833C-754AF00CD850}.Debug|Any CPU.Build.0 = Debug|Any CPU
		{9C81A5E7-C381-4FC7-833C-754AF00CD850}.Debug|ARM.ActiveCfg = Debug|Any CPU
		{9C81A5E7-C381-4FC7-833C-754AF00CD850}.Debug|iPhone.ActiveCfg = Debug|Any CPU
		{9C81A5E7-C381-4FC7-833C-754AF00CD850}.Debug|iPhoneSimulator.ActiveCfg = Debug|Any CPU
		{9C81A5E7-C381-4FC7-833C-754AF00CD850}.Debug|Mixed Platforms.ActiveCfg = Debug|Any CPU
		{9C81A5E7-C381-4FC7-833C-754AF00CD850}.Debug|Mixed Platforms.Build.0 = Debug|Any CPU
		{9C81A5E7-C381-4FC7-833C-754AF00CD850}.Debug|x86.ActiveCfg = Debug|Any CPU
		{9C81A5E7-C381-4FC7-833C-754AF00CD850}.Release|Any CPU.ActiveCfg = Release|Any CPU
		{9C81A5E7-C381-4FC7-833C-754AF00CD850}.Release|Any CPU.Build.0 = Release|Any CPU
		{9C81A5E7-C381-4FC7-833C-754AF00CD850}.Release|ARM.ActiveCfg = Release|Any CPU
		{9C81A5E7-C381-4FC7-833C-754AF00CD850}.Release|iPhone.ActiveCfg = Release|Any CPU
		{9C81A5E7-C381-4FC7-833C-754AF00CD850}.Release|iPhoneSimulator.ActiveCfg = Release|Any CPU
		{9C81A5E7-C381-4FC7-833C-754AF00CD850}.Release|Mixed Platforms.ActiveCfg = Release|Any CPU
		{9C81A5E7-C381-4FC7-833C-754AF00CD850}.Release|Mixed Platforms.Build.0 = Release|Any CPU
		{9C81A5E7-C381-4FC7-833C-754AF00CD850}.Release|x86.ActiveCfg = Release|Any CPU
		{871DDEB9-7390-47D5-8B73-65D397D93CBF}.Ad-Hoc|Any CPU.ActiveCfg = Ad-Hoc|iPhone
		{871DDEB9-7390-47D5-8B73-65D397D93CBF}.Ad-Hoc|ARM.ActiveCfg = Ad-Hoc|iPhone
		{871DDEB9-7390-47D5-8B73-65D397D93CBF}.Ad-Hoc|iPhone.ActiveCfg = Ad-Hoc|iPhone
		{871DDEB9-7390-47D5-8B73-65D397D93CBF}.Ad-Hoc|iPhone.Build.0 = Ad-Hoc|iPhone
		{871DDEB9-7390-47D5-8B73-65D397D93CBF}.Ad-Hoc|iPhoneSimulator.ActiveCfg = Ad-Hoc|iPhoneSimulator
		{871DDEB9-7390-47D5-8B73-65D397D93CBF}.Ad-Hoc|iPhoneSimulator.Build.0 = Ad-Hoc|iPhoneSimulator
		{871DDEB9-7390-47D5-8B73-65D397D93CBF}.Ad-Hoc|Mixed Platforms.ActiveCfg = Ad-Hoc|iPhone
		{871DDEB9-7390-47D5-8B73-65D397D93CBF}.Ad-Hoc|Mixed Platforms.Build.0 = Ad-Hoc|iPhone
		{871DDEB9-7390-47D5-8B73-65D397D93CBF}.Ad-Hoc|x86.ActiveCfg = Ad-Hoc|iPhone
		{871DDEB9-7390-47D5-8B73-65D397D93CBF}.AppStore|Any CPU.ActiveCfg = AppStore|iPhone
		{871DDEB9-7390-47D5-8B73-65D397D93CBF}.AppStore|ARM.ActiveCfg = AppStore|iPhone
		{871DDEB9-7390-47D5-8B73-65D397D93CBF}.AppStore|iPhone.ActiveCfg = AppStore|iPhone
		{871DDEB9-7390-47D5-8B73-65D397D93CBF}.AppStore|iPhone.Build.0 = AppStore|iPhone
		{871DDEB9-7390-47D5-8B73-65D397D93CBF}.AppStore|iPhoneSimulator.ActiveCfg = AppStore|iPhoneSimulator
		{871DDEB9-7390-47D5-8B73-65D397D93CBF}.AppStore|iPhoneSimulator.Build.0 = AppStore|iPhoneSimulator
		{871DDEB9-7390-47D5-8B73-65D397D93CBF}.AppStore|Mixed Platforms.ActiveCfg = AppStore|iPhone
		{871DDEB9-7390-47D5-8B73-65D397D93CBF}.AppStore|Mixed Platforms.Build.0 = AppStore|iPhone
		{871DDEB9-7390-47D5-8B73-65D397D93CBF}.AppStore|x86.ActiveCfg = AppStore|iPhone
		{871DDEB9-7390-47D5-8B73-65D397D93CBF}.Debug|Any CPU.ActiveCfg = Debug|iPhone
		{871DDEB9-7390-47D5-8B73-65D397D93CBF}.Debug|ARM.ActiveCfg = Debug|iPhone
		{871DDEB9-7390-47D5-8B73-65D397D93CBF}.Debug|iPhone.ActiveCfg = Debug|iPhone
		{871DDEB9-7390-47D5-8B73-65D397D93CBF}.Debug|iPhone.Build.0 = Debug|iPhone
		{871DDEB9-7390-47D5-8B73-65D397D93CBF}.Debug|iPhoneSimulator.ActiveCfg = Debug|iPhoneSimulator
		{871DDEB9-7390-47D5-8B73-65D397D93CBF}.Debug|iPhoneSimulator.Build.0 = Debug|iPhoneSimulator
		{871DDEB9-7390-47D5-8B73-65D397D93CBF}.Debug|Mixed Platforms.ActiveCfg = Debug|iPhone
		{871DDEB9-7390-47D5-8B73-65D397D93CBF}.Debug|Mixed Platforms.Build.0 = Debug|iPhone
		{871DDEB9-7390-47D5-8B73-65D397D93CBF}.Debug|x86.ActiveCfg = Debug|iPhone
		{871DDEB9-7390-47D5-8B73-65D397D93CBF}.Release|Any CPU.ActiveCfg = Release|iPhone
		{871DDEB9-7390-47D5-8B73-65D397D93CBF}.Release|ARM.ActiveCfg = Release|iPhone
		{871DDEB9-7390-47D5-8B73-65D397D93CBF}.Release|iPhone.ActiveCfg = Release|iPhone
		{871DDEB9-7390-47D5-8B73-65D397D93CBF}.Release|iPhone.Build.0 = Release|iPhone
		{871DDEB9-7390-47D5-8B73-65D397D93CBF}.Release|iPhoneSimulator.ActiveCfg = Release|iPhoneSimulator
		{871DDEB9-7390-47D5-8B73-65D397D93CBF}.Release|iPhoneSimulator.Build.0 = Release|iPhoneSimulator
		{871DDEB9-7390-47D5-8B73-65D397D93CBF}.Release|Mixed Platforms.ActiveCfg = Release|iPhone
		{871DDEB9-7390-47D5-8B73-65D397D93CBF}.Release|Mixed Platforms.Build.0 = Release|iPhone
		{871DDEB9-7390-47D5-8B73-65D397D93CBF}.Release|x86.ActiveCfg = Release|iPhone
		{C2D72E51-6AB8-4834-A6BA-9586073783E4}.Ad-Hoc|Any CPU.ActiveCfg = Release|Any CPU
		{C2D72E51-6AB8-4834-A6BA-9586073783E4}.Ad-Hoc|Any CPU.Build.0 = Release|Any CPU
		{C2D72E51-6AB8-4834-A6BA-9586073783E4}.Ad-Hoc|Any CPU.Deploy.0 = Release|Any CPU
		{C2D72E51-6AB8-4834-A6BA-9586073783E4}.Ad-Hoc|ARM.ActiveCfg = Release|Any CPU
		{C2D72E51-6AB8-4834-A6BA-9586073783E4}.Ad-Hoc|iPhone.ActiveCfg = Release|Any CPU
		{C2D72E51-6AB8-4834-A6BA-9586073783E4}.Ad-Hoc|iPhoneSimulator.ActiveCfg = Release|Any CPU
		{C2D72E51-6AB8-4834-A6BA-9586073783E4}.Ad-Hoc|Mixed Platforms.ActiveCfg = Release|Any CPU
		{C2D72E51-6AB8-4834-A6BA-9586073783E4}.Ad-Hoc|Mixed Platforms.Build.0 = Release|Any CPU
		{C2D72E51-6AB8-4834-A6BA-9586073783E4}.Ad-Hoc|Mixed Platforms.Deploy.0 = Release|Any CPU
		{C2D72E51-6AB8-4834-A6BA-9586073783E4}.Ad-Hoc|x86.ActiveCfg = Release|Any CPU
		{C2D72E51-6AB8-4834-A6BA-9586073783E4}.AppStore|Any CPU.ActiveCfg = Release|Any CPU
		{C2D72E51-6AB8-4834-A6BA-9586073783E4}.AppStore|Any CPU.Build.0 = Release|Any CPU
		{C2D72E51-6AB8-4834-A6BA-9586073783E4}.AppStore|Any CPU.Deploy.0 = Release|Any CPU
		{C2D72E51-6AB8-4834-A6BA-9586073783E4}.AppStore|ARM.ActiveCfg = Release|Any CPU
		{C2D72E51-6AB8-4834-A6BA-9586073783E4}.AppStore|iPhone.ActiveCfg = Release|Any CPU
		{C2D72E51-6AB8-4834-A6BA-9586073783E4}.AppStore|iPhoneSimulator.ActiveCfg = Release|Any CPU
		{C2D72E51-6AB8-4834-A6BA-9586073783E4}.AppStore|Mixed Platforms.ActiveCfg = Release|Any CPU
		{C2D72E51-6AB8-4834-A6BA-9586073783E4}.AppStore|Mixed Platforms.Build.0 = Release|Any CPU
		{C2D72E51-6AB8-4834-A6BA-9586073783E4}.AppStore|Mixed Platforms.Deploy.0 = Release|Any CPU
		{C2D72E51-6AB8-4834-A6BA-9586073783E4}.AppStore|x86.ActiveCfg = Release|Any CPU
		{C2D72E51-6AB8-4834-A6BA-9586073783E4}.Debug|Any CPU.ActiveCfg = Debug|Any CPU
		{C2D72E51-6AB8-4834-A6BA-9586073783E4}.Debug|Any CPU.Build.0 = Debug|Any CPU
		{C2D72E51-6AB8-4834-A6BA-9586073783E4}.Debug|Any CPU.Deploy.0 = Debug|Any CPU
		{C2D72E51-6AB8-4834-A6BA-9586073783E4}.Debug|ARM.ActiveCfg = Debug|Any CPU
		{C2D72E51-6AB8-4834-A6BA-9586073783E4}.Debug|iPhone.ActiveCfg = Debug|Any CPU
		{C2D72E51-6AB8-4834-A6BA-9586073783E4}.Debug|iPhoneSimulator.ActiveCfg = Debug|Any CPU
		{C2D72E51-6AB8-4834-A6BA-9586073783E4}.Debug|Mixed Platforms.ActiveCfg = Debug|Any CPU
		{C2D72E51-6AB8-4834-A6BA-9586073783E4}.Debug|Mixed Platforms.Build.0 = Debug|Any CPU
		{C2D72E51-6AB8-4834-A6BA-9586073783E4}.Debug|Mixed Platforms.Deploy.0 = Debug|Any CPU
		{C2D72E51-6AB8-4834-A6BA-9586073783E4}.Debug|x86.ActiveCfg = Debug|Any CPU
		{C2D72E51-6AB8-4834-A6BA-9586073783E4}.Release|Any CPU.ActiveCfg = Release|Any CPU
		{C2D72E51-6AB8-4834-A6BA-9586073783E4}.Release|Any CPU.Build.0 = Release|Any CPU
		{C2D72E51-6AB8-4834-A6BA-9586073783E4}.Release|Any CPU.Deploy.0 = Release|Any CPU
		{C2D72E51-6AB8-4834-A6BA-9586073783E4}.Release|ARM.ActiveCfg = Release|Any CPU
		{C2D72E51-6AB8-4834-A6BA-9586073783E4}.Release|iPhone.ActiveCfg = Release|Any CPU
		{C2D72E51-6AB8-4834-A6BA-9586073783E4}.Release|iPhoneSimulator.ActiveCfg = Release|Any CPU
		{C2D72E51-6AB8-4834-A6BA-9586073783E4}.Release|Mixed Platforms.ActiveCfg = Release|Any CPU
		{C2D72E51-6AB8-4834-A6BA-9586073783E4}.Release|Mixed Platforms.Build.0 = Release|Any CPU
		{C2D72E51-6AB8-4834-A6BA-9586073783E4}.Release|Mixed Platforms.Deploy.0 = Release|Any CPU
		{C2D72E51-6AB8-4834-A6BA-9586073783E4}.Release|x86.ActiveCfg = Release|Any CPU
		{A1EBF57D-AE23-4AD8-94CB-173C64D223EF}.Ad-Hoc|Any CPU.ActiveCfg = Release|Any CPU
		{A1EBF57D-AE23-4AD8-94CB-173C64D223EF}.Ad-Hoc|Any CPU.Build.0 = Release|Any CPU
		{A1EBF57D-AE23-4AD8-94CB-173C64D223EF}.Ad-Hoc|Any CPU.Deploy.0 = Release|Any CPU
		{A1EBF57D-AE23-4AD8-94CB-173C64D223EF}.Ad-Hoc|ARM.ActiveCfg = Release|ARM
		{A1EBF57D-AE23-4AD8-94CB-173C64D223EF}.Ad-Hoc|ARM.Build.0 = Release|ARM
		{A1EBF57D-AE23-4AD8-94CB-173C64D223EF}.Ad-Hoc|ARM.Deploy.0 = Release|ARM
		{A1EBF57D-AE23-4AD8-94CB-173C64D223EF}.Ad-Hoc|iPhone.ActiveCfg = Release|Any CPU
		{A1EBF57D-AE23-4AD8-94CB-173C64D223EF}.Ad-Hoc|iPhoneSimulator.ActiveCfg = Release|Any CPU
		{A1EBF57D-AE23-4AD8-94CB-173C64D223EF}.Ad-Hoc|Mixed Platforms.ActiveCfg = Release|x86
		{A1EBF57D-AE23-4AD8-94CB-173C64D223EF}.Ad-Hoc|Mixed Platforms.Build.0 = Release|x86
		{A1EBF57D-AE23-4AD8-94CB-173C64D223EF}.Ad-Hoc|Mixed Platforms.Deploy.0 = Release|x86
		{A1EBF57D-AE23-4AD8-94CB-173C64D223EF}.Ad-Hoc|x86.ActiveCfg = Release|x86
		{A1EBF57D-AE23-4AD8-94CB-173C64D223EF}.Ad-Hoc|x86.Build.0 = Release|x86
		{A1EBF57D-AE23-4AD8-94CB-173C64D223EF}.Ad-Hoc|x86.Deploy.0 = Release|x86
		{A1EBF57D-AE23-4AD8-94CB-173C64D223EF}.AppStore|Any CPU.ActiveCfg = Release|Any CPU
		{A1EBF57D-AE23-4AD8-94CB-173C64D223EF}.AppStore|Any CPU.Build.0 = Release|Any CPU
		{A1EBF57D-AE23-4AD8-94CB-173C64D223EF}.AppStore|Any CPU.Deploy.0 = Release|Any CPU
		{A1EBF57D-AE23-4AD8-94CB-173C64D223EF}.AppStore|ARM.ActiveCfg = Release|ARM
		{A1EBF57D-AE23-4AD8-94CB-173C64D223EF}.AppStore|ARM.Build.0 = Release|ARM
		{A1EBF57D-AE23-4AD8-94CB-173C64D223EF}.AppStore|ARM.Deploy.0 = Release|ARM
		{A1EBF57D-AE23-4AD8-94CB-173C64D223EF}.AppStore|iPhone.ActiveCfg = Release|Any CPU
		{A1EBF57D-AE23-4AD8-94CB-173C64D223EF}.AppStore|iPhoneSimulator.ActiveCfg = Release|Any CPU
		{A1EBF57D-AE23-4AD8-94CB-173C64D223EF}.AppStore|Mixed Platforms.ActiveCfg = Release|x86
		{A1EBF57D-AE23-4AD8-94CB-173C64D223EF}.AppStore|Mixed Platforms.Build.0 = Release|x86
		{A1EBF57D-AE23-4AD8-94CB-173C64D223EF}.AppStore|Mixed Platforms.Deploy.0 = Release|x86
		{A1EBF57D-AE23-4AD8-94CB-173C64D223EF}.AppStore|x86.ActiveCfg = Release|x86
		{A1EBF57D-AE23-4AD8-94CB-173C64D223EF}.AppStore|x86.Build.0 = Release|x86
		{A1EBF57D-AE23-4AD8-94CB-173C64D223EF}.AppStore|x86.Deploy.0 = Release|x86
		{A1EBF57D-AE23-4AD8-94CB-173C64D223EF}.Debug|Any CPU.ActiveCfg = Debug|Any CPU
		{A1EBF57D-AE23-4AD8-94CB-173C64D223EF}.Debug|Any CPU.Build.0 = Debug|Any CPU
		{A1EBF57D-AE23-4AD8-94CB-173C64D223EF}.Debug|Any CPU.Deploy.0 = Debug|Any CPU
		{A1EBF57D-AE23-4AD8-94CB-173C64D223EF}.Debug|ARM.ActiveCfg = Debug|ARM
		{A1EBF57D-AE23-4AD8-94CB-173C64D223EF}.Debug|ARM.Build.0 = Debug|ARM
		{A1EBF57D-AE23-4AD8-94CB-173C64D223EF}.Debug|ARM.Deploy.0 = Debug|ARM
		{A1EBF57D-AE23-4AD8-94CB-173C64D223EF}.Debug|iPhone.ActiveCfg = Debug|Any CPU
		{A1EBF57D-AE23-4AD8-94CB-173C64D223EF}.Debug|iPhoneSimulator.ActiveCfg = Debug|Any CPU
		{A1EBF57D-AE23-4AD8-94CB-173C64D223EF}.Debug|Mixed Platforms.ActiveCfg = Debug|x86
		{A1EBF57D-AE23-4AD8-94CB-173C64D223EF}.Debug|Mixed Platforms.Build.0 = Debug|x86
		{A1EBF57D-AE23-4AD8-94CB-173C64D223EF}.Debug|Mixed Platforms.Deploy.0 = Debug|x86
		{A1EBF57D-AE23-4AD8-94CB-173C64D223EF}.Debug|x86.ActiveCfg = Debug|x86
		{A1EBF57D-AE23-4AD8-94CB-173C64D223EF}.Debug|x86.Build.0 = Debug|x86
		{A1EBF57D-AE23-4AD8-94CB-173C64D223EF}.Debug|x86.Deploy.0 = Debug|x86
		{A1EBF57D-AE23-4AD8-94CB-173C64D223EF}.Release|Any CPU.ActiveCfg = Release|Any CPU
		{A1EBF57D-AE23-4AD8-94CB-173C64D223EF}.Release|Any CPU.Build.0 = Release|Any CPU
		{A1EBF57D-AE23-4AD8-94CB-173C64D223EF}.Release|Any CPU.Deploy.0 = Release|Any CPU
		{A1EBF57D-AE23-4AD8-94CB-173C64D223EF}.Release|ARM.ActiveCfg = Release|ARM
		{A1EBF57D-AE23-4AD8-94CB-173C64D223EF}.Release|ARM.Build.0 = Release|ARM
		{A1EBF57D-AE23-4AD8-94CB-173C64D223EF}.Release|ARM.Deploy.0 = Release|ARM
		{A1EBF57D-AE23-4AD8-94CB-173C64D223EF}.Release|iPhone.ActiveCfg = Release|Any CPU
		{A1EBF57D-AE23-4AD8-94CB-173C64D223EF}.Release|iPhoneSimulator.ActiveCfg = Release|Any CPU
		{A1EBF57D-AE23-4AD8-94CB-173C64D223EF}.Release|Mixed Platforms.ActiveCfg = Release|x86
		{A1EBF57D-AE23-4AD8-94CB-173C64D223EF}.Release|Mixed Platforms.Build.0 = Release|x86
		{A1EBF57D-AE23-4AD8-94CB-173C64D223EF}.Release|Mixed Platforms.Deploy.0 = Release|x86
		{A1EBF57D-AE23-4AD8-94CB-173C64D223EF}.Release|x86.ActiveCfg = Release|x86
		{A1EBF57D-AE23-4AD8-94CB-173C64D223EF}.Release|x86.Build.0 = Release|x86
		{A1EBF57D-AE23-4AD8-94CB-173C64D223EF}.Release|x86.Deploy.0 = Release|x86
	EndGlobalSection
	GlobalSection(SolutionProperties) = preSolution
		HideSolutionNode = FALSE
	EndGlobalSection
EndGlobal
