
Microsoft Visual Studio Solution File, Format Version 12.00
# Visual Studio 2013
VisualStudioVersion = 12.0.31101.0
MinimumVisualStudioVersion = 10.0.40219.1
Project("{FAE04EC0-301F-11D3-BF4B-00C04F79EFBC}") = "UI", "UI\UI.csproj", "{CAFDD035-F71F-4352-AF79-512E8981AC44}"
EndProject
Global
	GlobalSection(SolutionConfigurationPlatforms) = preSolution
		Ad-Hoc|iPhone = Ad-Hoc|iPhone
		Ad-Hoc|iPhoneSimulator = Ad-Hoc|iPhoneSimulator
		AppStore|iPhone = AppStore|iPhone
		AppStore|iPhoneSimulator = AppStore|iPhoneSimulator
		Debug|iPhone = Debug|iPhone
		Debug|iPhoneSimulator = Debug|iPhoneSimulator
		Release|iPhone = Release|iPhone
		Release|iPhoneSimulator = Release|iPhoneSimulator
	EndGlobalSection
	GlobalSection(ProjectConfigurationPlatforms) = postSolution
		{CAFDD035-F71F-4352-AF79-512E8981AC44}.Ad-Hoc|iPhone.ActiveCfg = Ad-Hoc|iPhone
		{CAFDD035-F71F-4352-AF79-512E8981AC44}.Ad-Hoc|iPhone.Build.0 = Ad-Hoc|iPhone
		{CAFDD035-F71F-4352-AF79-512E8981AC44}.Ad-Hoc|iPhoneSimulator.ActiveCfg = Ad-Hoc|iPhoneSimulator
		{CAFDD035-F71F-4352-AF79-512E8981AC44}.Ad-Hoc|iPhoneSimulator.Build.0 = Ad-Hoc|iPhoneSimulator
		{CAFDD035-F71F-4352-AF79-512E8981AC44}.AppStore|iPhone.ActiveCfg = AppStore|iPhone
		{CAFDD035-F71F-4352-AF79-512E8981AC44}.AppStore|iPhone.Build.0 = AppStore|iPhone
		{CAFDD035-F71F-4352-AF79-512E8981AC44}.AppStore|iPhoneSimulator.ActiveCfg = AppStore|iPhoneSimulator
		{CAFDD035-F71F-4352-AF79-512E8981AC44}.AppStore|iPhoneSimulator.Build.0 = AppStore|iPhoneSimulator
		{CAFDD035-F71F-4352-AF79-512E8981AC44}.Debug|iPhone.ActiveCfg = Debug|iPhone
		{CAFDD035-F71F-4352-AF79-512E8981AC44}.Debug|iPhone.Build.0 = Debug|iPhone
		{CAFDD035-F71F-4352-AF79-512E8981AC44}.Debug|iPhoneSimulator.ActiveCfg = Debug|iPhoneSimulator
		{CAFDD035-F71F-4352-AF79-512E8981AC44}.Debug|iPhoneSimulator.Build.0 = Debug|iPhoneSimulator
		{CAFDD035-F71F-4352-AF79-512E8981AC44}.Release|iPhone.ActiveCfg = Release|iPhone
		{CAFDD035-F71F-4352-AF79-512E8981AC44}.Release|iPhone.Build.0 = Release|iPhone
		{CAFDD035-F71F-4352-AF79-512E8981AC44}.Release|iPhoneSimulator.ActiveCfg = Release|iPhoneSimulator
		{CAFDD035-F71F-4352-AF79-512E8981AC44}.Release|iPhoneSimulator.Build.0 = Release|iPhoneSimulator
	EndGlobalSection
	GlobalSection(SolutionProperties) = preSolution
		HideSolutionNode = FALSE
	EndGlobalSection
EndGlobal
