
Microsoft Visual Studio Solution File, Format Version 12.00
# Visual Studio 14
VisualStudioVersion = 14.0.24720.0
MinimumVisualStudioVersion = 10.0.40219.1
Project("{FAE04EC0-301F-11D3-BF4B-00C04F79EFBC}") = "BlogCCA", "BlogCCA\BlogCCA\BlogCCA.csproj", "{83723587-A11B-497C-80D6-F6E8F8F2CEE7}"
EndProject
Project("{FAE04EC0-301F-11D3-BF4B-00C04F79EFBC}") = "BlogCCA.iOS", "BlogCCA\BlogCCA.iOS\BlogCCA.iOS.csproj", "{8C905ACE-9786-47C6-9EE7-6FA3F065960E}"
EndProject
Project("{FAE04EC0-301F-11D3-BF4B-00C04F79EFBC}") = "BlogCCA.Droid", "BlogCCA\BlogCCA.Droid\BlogCCA.Droid.csproj", "{BBA8D058-9B1A-4B27-A2A9-9D3E1971F419}"
EndProject
Project("{FAE04EC0-301F-11D3-BF4B-00C04F79EFBC}") = "BlogCCA.WinPhone", "BlogCCA\BlogCCA.WinPhone\BlogCCA.WinPhone.csproj", "{47157686-9EB4-4E4A-BF56-9B3730C0DD5B}"
EndProject
Project("{FAE04EC0-301F-11D3-BF4B-00C04F79EFBC}") = "PushwooshAndroid", "Notificacoes\Android\PushwooshSDK\PushwooshAndroid.csproj", "{0549FEEA-F489-40C9-8288-863FE9FA6EE7}"
EndProject
Project("{2150E333-8FDC-42A3-9474-1A3956D46DE8}") = "Notificacoes", "Notificacoes", "{941A3471-FB48-4B81-BA71-8E8780B9BD33}"
EndProject
Project("{FAE04EC0-301F-11D3-BF4B-00C04F79EFBC}") = "PushwooshIOS", "Notificacoes\IOS\Pushwoosh\PushwooshIOS.csproj", "{44A022F7-B823-4378-B609-5DEE80AD38B3}"
EndProject
Project("{2150E333-8FDC-42A3-9474-1A3956D46DE8}") = "WP8", "WP8", "{2C8408C7-F129-4F8B-B898-FD33435D11A2}"
	ProjectSection(SolutionItems) = preProject
		Notificacoes\Newtonsoft.Json.dll = Notificacoes\Newtonsoft.Json.dll
		Notificacoes\PushSDK.dll = Notificacoes\PushSDK.dll
	EndProjectSection
EndProject
Project("{2150E333-8FDC-42A3-9474-1A3956D46DE8}") = ".nuget", ".nuget", "{EB63C4B2-6005-4430-B01F-2ADB1086E954}"
	ProjectSection(SolutionItems) = preProject
		.nuget\NuGet.Config = .nuget\NuGet.Config
		.nuget\NuGet.exe = .nuget\NuGet.exe
		.nuget\NuGet.targets = .nuget\NuGet.targets
	EndProjectSection
EndProject
Global
	GlobalSection(SolutionConfigurationPlatforms) = preSolution
		Ad-Hoc|Any CPU = Ad-Hoc|Any CPU
		Ad-Hoc|ARM = Ad-Hoc|ARM
		Ad-Hoc|iPhone = Ad-Hoc|iPhone
		Ad-Hoc|iPhoneSimulator = Ad-Hoc|iPhoneSimulator
		Ad-Hoc|x86 = Ad-Hoc|x86
		AppStore|Any CPU = AppStore|Any CPU
		AppStore|ARM = AppStore|ARM
		AppStore|iPhone = AppStore|iPhone
		AppStore|iPhoneSimulator = AppStore|iPhoneSimulator
		AppStore|x86 = AppStore|x86
		Debug|Any CPU = Debug|Any CPU
		Debug|ARM = Debug|ARM
		Debug|iPhone = Debug|iPhone
		Debug|iPhoneSimulator = Debug|iPhoneSimulator
		Debug|x86 = Debug|x86
		Release|Any CPU = Release|Any CPU
		Release|ARM = Release|ARM
		Release|iPhone = Release|iPhone
		Release|iPhoneSimulator = Release|iPhoneSimulator
		Release|x86 = Release|x86
	EndGlobalSection
	GlobalSection(ProjectConfigurationPlatforms) = postSolution
		{83723587-A11B-497C-80D6-F6E8F8F2CEE7}.Ad-Hoc|Any CPU.ActiveCfg = Release|Any CPU
		{83723587-A11B-497C-80D6-F6E8F8F2CEE7}.Ad-Hoc|Any CPU.Build.0 = Release|Any CPU
		{83723587-A11B-497C-80D6-F6E8F8F2CEE7}.Ad-Hoc|ARM.ActiveCfg = Release|Any CPU
		{83723587-A11B-497C-80D6-F6E8F8F2CEE7}.Ad-Hoc|ARM.Build.0 = Release|Any CPU
		{83723587-A11B-497C-80D6-F6E8F8F2CEE7}.Ad-Hoc|iPhone.ActiveCfg = Release|Any CPU
		{83723587-A11B-497C-80D6-F6E8F8F2CEE7}.Ad-Hoc|iPhone.Build.0 = Release|Any CPU
		{83723587-A11B-497C-80D6-F6E8F8F2CEE7}.Ad-Hoc|iPhoneSimulator.ActiveCfg = Release|Any CPU
		{83723587-A11B-497C-80D6-F6E8F8F2CEE7}.Ad-Hoc|iPhoneSimulator.Build.0 = Release|Any CPU
		{83723587-A11B-497C-80D6-F6E8F8F2CEE7}.Ad-Hoc|x86.ActiveCfg = Release|Any CPU
		{83723587-A11B-497C-80D6-F6E8F8F2CEE7}.Ad-Hoc|x86.Build.0 = Release|Any CPU
		{83723587-A11B-497C-80D6-F6E8F8F2CEE7}.AppStore|Any CPU.ActiveCfg = Release|Any CPU
		{83723587-A11B-497C-80D6-F6E8F8F2CEE7}.AppStore|Any CPU.Build.0 = Release|Any CPU
		{83723587-A11B-497C-80D6-F6E8F8F2CEE7}.AppStore|ARM.ActiveCfg = Release|Any CPU
		{83723587-A11B-497C-80D6-F6E8F8F2CEE7}.AppStore|ARM.Build.0 = Release|Any CPU
		{83723587-A11B-497C-80D6-F6E8F8F2CEE7}.AppStore|iPhone.ActiveCfg = Release|Any CPU
		{83723587-A11B-497C-80D6-F6E8F8F2CEE7}.AppStore|iPhone.Build.0 = Release|Any CPU
		{83723587-A11B-497C-80D6-F6E8F8F2CEE7}.AppStore|iPhoneSimulator.ActiveCfg = Release|Any CPU
		{83723587-A11B-497C-80D6-F6E8F8F2CEE7}.AppStore|iPhoneSimulator.Build.0 = Release|Any CPU
		{83723587-A11B-497C-80D6-F6E8F8F2CEE7}.AppStore|x86.ActiveCfg = Release|Any CPU
		{83723587-A11B-497C-80D6-F6E8F8F2CEE7}.AppStore|x86.Build.0 = Release|Any CPU
		{83723587-A11B-497C-80D6-F6E8F8F2CEE7}.Debug|Any CPU.ActiveCfg = Debug|Any CPU
		{83723587-A11B-497C-80D6-F6E8F8F2CEE7}.Debug|Any CPU.Build.0 = Debug|Any CPU
		{83723587-A11B-497C-80D6-F6E8F8F2CEE7}.Debug|ARM.ActiveCfg = Debug|Any CPU
		{83723587-A11B-497C-80D6-F6E8F8F2CEE7}.Debug|ARM.Build.0 = Debug|Any CPU
		{83723587-A11B-497C-80D6-F6E8F8F2CEE7}.Debug|iPhone.ActiveCfg = Debug|Any CPU
		{83723587-A11B-497C-80D6-F6E8F8F2CEE7}.Debug|iPhone.Build.0 = Debug|Any CPU
		{83723587-A11B-497C-80D6-F6E8F8F2CEE7}.Debug|iPhoneSimulator.ActiveCfg = Debug|Any CPU
		{83723587-A11B-497C-80D6-F6E8F8F2CEE7}.Debug|iPhoneSimulator.Build.0 = Debug|Any CPU
		{83723587-A11B-497C-80D6-F6E8F8F2CEE7}.Debug|x86.ActiveCfg = Debug|Any CPU
		{83723587-A11B-497C-80D6-F6E8F8F2CEE7}.Debug|x86.Build.0 = Debug|Any CPU
		{83723587-A11B-497C-80D6-F6E8F8F2CEE7}.Release|Any CPU.ActiveCfg = Release|Any CPU
		{83723587-A11B-497C-80D6-F6E8F8F2CEE7}.Release|Any CPU.Build.0 = Release|Any CPU
		{83723587-A11B-497C-80D6-F6E8F8F2CEE7}.Release|ARM.ActiveCfg = Release|Any CPU
		{83723587-A11B-497C-80D6-F6E8F8F2CEE7}.Release|ARM.Build.0 = Release|Any CPU
		{83723587-A11B-497C-80D6-F6E8F8F2CEE7}.Release|iPhone.ActiveCfg = Release|Any CPU
		{83723587-A11B-497C-80D6-F6E8F8F2CEE7}.Release|iPhone.Build.0 = Release|Any CPU
		{83723587-A11B-497C-80D6-F6E8F8F2CEE7}.Release|iPhoneSimulator.ActiveCfg = Release|Any CPU
		{83723587-A11B-497C-80D6-F6E8F8F2CEE7}.Release|iPhoneSimulator.Build.0 = Release|Any CPU
		{83723587-A11B-497C-80D6-F6E8F8F2CEE7}.Release|x86.ActiveCfg = Release|Any CPU
		{83723587-A11B-497C-80D6-F6E8F8F2CEE7}.Release|x86.Build.0 = Release|Any CPU
		{8C905ACE-9786-47C6-9EE7-6FA3F065960E}.Ad-Hoc|Any CPU.ActiveCfg = Ad-Hoc|iPhone
		{8C905ACE-9786-47C6-9EE7-6FA3F065960E}.Ad-Hoc|ARM.ActiveCfg = Ad-Hoc|iPhone
		{8C905ACE-9786-47C6-9EE7-6FA3F065960E}.Ad-Hoc|iPhone.ActiveCfg = Ad-Hoc|iPhone
		{8C905ACE-9786-47C6-9EE7-6FA3F065960E}.Ad-Hoc|iPhone.Build.0 = Ad-Hoc|iPhone
		{8C905ACE-9786-47C6-9EE7-6FA3F065960E}.Ad-Hoc|iPhoneSimulator.ActiveCfg = Ad-Hoc|iPhoneSimulator
		{8C905ACE-9786-47C6-9EE7-6FA3F065960E}.Ad-Hoc|iPhoneSimulator.Build.0 = Ad-Hoc|iPhoneSimulator
		{8C905ACE-9786-47C6-9EE7-6FA3F065960E}.Ad-Hoc|x86.ActiveCfg = Ad-Hoc|iPhone
		{8C905ACE-9786-47C6-9EE7-6FA3F065960E}.AppStore|Any CPU.ActiveCfg = AppStore|iPhone
		{8C905ACE-9786-47C6-9EE7-6FA3F065960E}.AppStore|ARM.ActiveCfg = AppStore|iPhone
		{8C905ACE-9786-47C6-9EE7-6FA3F065960E}.AppStore|iPhone.ActiveCfg = AppStore|iPhone
		{8C905ACE-9786-47C6-9EE7-6FA3F065960E}.AppStore|iPhone.Build.0 = AppStore|iPhone
		{8C905ACE-9786-47C6-9EE7-6FA3F065960E}.AppStore|iPhoneSimulator.ActiveCfg = AppStore|iPhoneSimulator
		{8C905ACE-9786-47C6-9EE7-6FA3F065960E}.AppStore|iPhoneSimulator.Build.0 = AppStore|iPhoneSimulator
		{8C905ACE-9786-47C6-9EE7-6FA3F065960E}.AppStore|x86.ActiveCfg = AppStore|iPhone
		{8C905ACE-9786-47C6-9EE7-6FA3F065960E}.Debug|Any CPU.ActiveCfg = Debug|iPhone
		{8C905ACE-9786-47C6-9EE7-6FA3F065960E}.Debug|Any CPU.Deploy.0 = Debug|iPhone
		{8C905ACE-9786-47C6-9EE7-6FA3F065960E}.Debug|ARM.ActiveCfg = Debug|iPhone
		{8C905ACE-9786-47C6-9EE7-6FA3F065960E}.Debug|iPhone.ActiveCfg = Debug|iPhone
		{8C905ACE-9786-47C6-9EE7-6FA3F065960E}.Debug|iPhone.Build.0 = Debug|iPhone
		{8C905ACE-9786-47C6-9EE7-6FA3F065960E}.Debug|iPhoneSimulator.ActiveCfg = Debug|iPhoneSimulator
		{8C905ACE-9786-47C6-9EE7-6FA3F065960E}.Debug|iPhoneSimulator.Build.0 = Debug|iPhoneSimulator
		{8C905ACE-9786-47C6-9EE7-6FA3F065960E}.Debug|x86.ActiveCfg = Debug|iPhone
		{8C905ACE-9786-47C6-9EE7-6FA3F065960E}.Release|Any CPU.ActiveCfg = Release|iPhone
		{8C905ACE-9786-47C6-9EE7-6FA3F065960E}.Release|ARM.ActiveCfg = Release|iPhone
		{8C905ACE-9786-47C6-9EE7-6FA3F065960E}.Release|iPhone.ActiveCfg = Release|iPhone
		{8C905ACE-9786-47C6-9EE7-6FA3F065960E}.Release|iPhone.Build.0 = Release|iPhone
		{8C905ACE-9786-47C6-9EE7-6FA3F065960E}.Release|iPhoneSimulator.ActiveCfg = Release|iPhoneSimulator
		{8C905ACE-9786-47C6-9EE7-6FA3F065960E}.Release|iPhoneSimulator.Build.0 = Release|iPhoneSimulator
		{8C905ACE-9786-47C6-9EE7-6FA3F065960E}.Release|x86.ActiveCfg = Release|iPhone
		{BBA8D058-9B1A-4B27-A2A9-9D3E1971F419}.Ad-Hoc|Any CPU.ActiveCfg = Release|Any CPU
		{BBA8D058-9B1A-4B27-A2A9-9D3E1971F419}.Ad-Hoc|Any CPU.Build.0 = Release|Any CPU
		{BBA8D058-9B1A-4B27-A2A9-9D3E1971F419}.Ad-Hoc|Any CPU.Deploy.0 = Release|Any CPU
		{BBA8D058-9B1A-4B27-A2A9-9D3E1971F419}.Ad-Hoc|ARM.ActiveCfg = Release|Any CPU
		{BBA8D058-9B1A-4B27-A2A9-9D3E1971F419}.Ad-Hoc|ARM.Build.0 = Release|Any CPU
		{BBA8D058-9B1A-4B27-A2A9-9D3E1971F419}.Ad-Hoc|ARM.Deploy.0 = Release|Any CPU
		{BBA8D058-9B1A-4B27-A2A9-9D3E1971F419}.Ad-Hoc|iPhone.ActiveCfg = Release|Any CPU
		{BBA8D058-9B1A-4B27-A2A9-9D3E1971F419}.Ad-Hoc|iPhone.Build.0 = Release|Any CPU
		{BBA8D058-9B1A-4B27-A2A9-9D3E1971F419}.Ad-Hoc|iPhone.Deploy.0 = Release|Any CPU
		{BBA8D058-9B1A-4B27-A2A9-9D3E1971F419}.Ad-Hoc|iPhoneSimulator.ActiveCfg = Release|Any CPU
		{BBA8D058-9B1A-4B27-A2A9-9D3E1971F419}.Ad-Hoc|iPhoneSimulator.Build.0 = Release|Any CPU
		{BBA8D058-9B1A-4B27-A2A9-9D3E1971F419}.Ad-Hoc|iPhoneSimulator.Deploy.0 = Release|Any CPU
		{BBA8D058-9B1A-4B27-A2A9-9D3E1971F419}.Ad-Hoc|x86.ActiveCfg = Release|Any CPU
		{BBA8D058-9B1A-4B27-A2A9-9D3E1971F419}.Ad-Hoc|x86.Build.0 = Release|Any CPU
		{BBA8D058-9B1A-4B27-A2A9-9D3E1971F419}.Ad-Hoc|x86.Deploy.0 = Release|Any CPU
		{BBA8D058-9B1A-4B27-A2A9-9D3E1971F419}.AppStore|Any CPU.ActiveCfg = Release|Any CPU
		{BBA8D058-9B1A-4B27-A2A9-9D3E1971F419}.AppStore|Any CPU.Build.0 = Release|Any CPU
		{BBA8D058-9B1A-4B27-A2A9-9D3E1971F419}.AppStore|Any CPU.Deploy.0 = Release|Any CPU
		{BBA8D058-9B1A-4B27-A2A9-9D3E1971F419}.AppStore|ARM.ActiveCfg = Release|Any CPU
		{BBA8D058-9B1A-4B27-A2A9-9D3E1971F419}.AppStore|ARM.Build.0 = Release|Any CPU
		{BBA8D058-9B1A-4B27-A2A9-9D3E1971F419}.AppStore|ARM.Deploy.0 = Release|Any CPU
		{BBA8D058-9B1A-4B27-A2A9-9D3E1971F419}.AppStore|iPhone.ActiveCfg = Release|Any CPU
		{BBA8D058-9B1A-4B27-A2A9-9D3E1971F419}.AppStore|iPhone.Build.0 = Release|Any CPU
		{BBA8D058-9B1A-4B27-A2A9-9D3E1971F419}.AppStore|iPhone.Deploy.0 = Release|Any CPU
		{BBA8D058-9B1A-4B27-A2A9-9D3E1971F419}.AppStore|iPhoneSimulator.ActiveCfg = Release|Any CPU
		{BBA8D058-9B1A-4B27-A2A9-9D3E1971F419}.AppStore|iPhoneSimulator.Build.0 = Release|Any CPU
		{BBA8D058-9B1A-4B27-A2A9-9D3E1971F419}.AppStore|iPhoneSimulator.Deploy.0 = Release|Any CPU
		{BBA8D058-9B1A-4B27-A2A9-9D3E1971F419}.AppStore|x86.ActiveCfg = Release|Any CPU
		{BBA8D058-9B1A-4B27-A2A9-9D3E1971F419}.AppStore|x86.Build.0 = Release|Any CPU
		{BBA8D058-9B1A-4B27-A2A9-9D3E1971F419}.AppStore|x86.Deploy.0 = Release|Any CPU
		{BBA8D058-9B1A-4B27-A2A9-9D3E1971F419}.Debug|Any CPU.ActiveCfg = Debug|Any CPU
		{BBA8D058-9B1A-4B27-A2A9-9D3E1971F419}.Debug|Any CPU.Build.0 = Debug|Any CPU
		{BBA8D058-9B1A-4B27-A2A9-9D3E1971F419}.Debug|Any CPU.Deploy.0 = Debug|Any CPU
		{BBA8D058-9B1A-4B27-A2A9-9D3E1971F419}.Debug|ARM.ActiveCfg = Debug|Any CPU
		{BBA8D058-9B1A-4B27-A2A9-9D3E1971F419}.Debug|ARM.Build.0 = Debug|Any CPU
		{BBA8D058-9B1A-4B27-A2A9-9D3E1971F419}.Debug|ARM.Deploy.0 = Debug|Any CPU
		{BBA8D058-9B1A-4B27-A2A9-9D3E1971F419}.Debug|iPhone.ActiveCfg = Debug|Any CPU
		{BBA8D058-9B1A-4B27-A2A9-9D3E1971F419}.Debug|iPhoneSimulator.ActiveCfg = Debug|Any CPU
		{BBA8D058-9B1A-4B27-A2A9-9D3E1971F419}.Debug|x86.ActiveCfg = Debug|Any CPU
		{BBA8D058-9B1A-4B27-A2A9-9D3E1971F419}.Debug|x86.Build.0 = Debug|Any CPU
		{BBA8D058-9B1A-4B27-A2A9-9D3E1971F419}.Debug|x86.Deploy.0 = Debug|Any CPU
		{BBA8D058-9B1A-4B27-A2A9-9D3E1971F419}.Release|Any CPU.ActiveCfg = Release|Any CPU
		{BBA8D058-9B1A-4B27-A2A9-9D3E1971F419}.Release|Any CPU.Build.0 = Release|Any CPU
		{BBA8D058-9B1A-4B27-A2A9-9D3E1971F419}.Release|Any CPU.Deploy.0 = Release|Any CPU
		{BBA8D058-9B1A-4B27-A2A9-9D3E1971F419}.Release|ARM.ActiveCfg = Release|Any CPU
		{BBA8D058-9B1A-4B27-A2A9-9D3E1971F419}.Release|ARM.Build.0 = Release|Any CPU
		{BBA8D058-9B1A-4B27-A2A9-9D3E1971F419}.Release|ARM.Deploy.0 = Release|Any CPU
		{BBA8D058-9B1A-4B27-A2A9-9D3E1971F419}.Release|iPhone.ActiveCfg = Release|Any CPU
		{BBA8D058-9B1A-4B27-A2A9-9D3E1971F419}.Release|iPhone.Build.0 = Release|Any CPU
		{BBA8D058-9B1A-4B27-A2A9-9D3E1971F419}.Release|iPhone.Deploy.0 = Release|Any CPU
		{BBA8D058-9B1A-4B27-A2A9-9D3E1971F419}.Release|iPhoneSimulator.ActiveCfg = Release|Any CPU
		{BBA8D058-9B1A-4B27-A2A9-9D3E1971F419}.Release|iPhoneSimulator.Build.0 = Release|Any CPU
		{BBA8D058-9B1A-4B27-A2A9-9D3E1971F419}.Release|iPhoneSimulator.Deploy.0 = Release|Any CPU
		{BBA8D058-9B1A-4B27-A2A9-9D3E1971F419}.Release|x86.ActiveCfg = Release|Any CPU
		{BBA8D058-9B1A-4B27-A2A9-9D3E1971F419}.Release|x86.Build.0 = Release|Any CPU
		{BBA8D058-9B1A-4B27-A2A9-9D3E1971F419}.Release|x86.Deploy.0 = Release|Any CPU
		{47157686-9EB4-4E4A-BF56-9B3730C0DD5B}.Ad-Hoc|Any CPU.ActiveCfg = Release|Any CPU
		{47157686-9EB4-4E4A-BF56-9B3730C0DD5B}.Ad-Hoc|Any CPU.Build.0 = Release|Any CPU
		{47157686-9EB4-4E4A-BF56-9B3730C0DD5B}.Ad-Hoc|Any CPU.Deploy.0 = Release|Any CPU
		{47157686-9EB4-4E4A-BF56-9B3730C0DD5B}.Ad-Hoc|ARM.ActiveCfg = Release|ARM
		{47157686-9EB4-4E4A-BF56-9B3730C0DD5B}.Ad-Hoc|ARM.Build.0 = Release|ARM
		{47157686-9EB4-4E4A-BF56-9B3730C0DD5B}.Ad-Hoc|ARM.Deploy.0 = Release|ARM
		{47157686-9EB4-4E4A-BF56-9B3730C0DD5B}.Ad-Hoc|iPhone.ActiveCfg = Release|Any CPU
		{47157686-9EB4-4E4A-BF56-9B3730C0DD5B}.Ad-Hoc|iPhone.Build.0 = Release|Any CPU
		{47157686-9EB4-4E4A-BF56-9B3730C0DD5B}.Ad-Hoc|iPhone.Deploy.0 = Release|Any CPU
		{47157686-9EB4-4E4A-BF56-9B3730C0DD5B}.Ad-Hoc|iPhoneSimulator.ActiveCfg = Release|Any CPU
		{47157686-9EB4-4E4A-BF56-9B3730C0DD5B}.Ad-Hoc|iPhoneSimulator.Build.0 = Release|Any CPU
		{47157686-9EB4-4E4A-BF56-9B3730C0DD5B}.Ad-Hoc|iPhoneSimulator.Deploy.0 = Release|Any CPU
		{47157686-9EB4-4E4A-BF56-9B3730C0DD5B}.Ad-Hoc|x86.ActiveCfg = Release|x86
		{47157686-9EB4-4E4A-BF56-9B3730C0DD5B}.Ad-Hoc|x86.Build.0 = Release|x86
		{47157686-9EB4-4E4A-BF56-9B3730C0DD5B}.Ad-Hoc|x86.Deploy.0 = Release|x86
		{47157686-9EB4-4E4A-BF56-9B3730C0DD5B}.AppStore|Any CPU.ActiveCfg = Release|Any CPU
		{47157686-9EB4-4E4A-BF56-9B3730C0DD5B}.AppStore|Any CPU.Build.0 = Release|Any CPU
		{47157686-9EB4-4E4A-BF56-9B3730C0DD5B}.AppStore|Any CPU.Deploy.0 = Release|Any CPU
		{47157686-9EB4-4E4A-BF56-9B3730C0DD5B}.AppStore|ARM.ActiveCfg = Release|ARM
		{47157686-9EB4-4E4A-BF56-9B3730C0DD5B}.AppStore|ARM.Build.0 = Release|ARM
		{47157686-9EB4-4E4A-BF56-9B3730C0DD5B}.AppStore|ARM.Deploy.0 = Release|ARM
		{47157686-9EB4-4E4A-BF56-9B3730C0DD5B}.AppStore|iPhone.ActiveCfg = Release|Any CPU
		{47157686-9EB4-4E4A-BF56-9B3730C0DD5B}.AppStore|iPhone.Build.0 = Release|Any CPU
		{47157686-9EB4-4E4A-BF56-9B3730C0DD5B}.AppStore|iPhone.Deploy.0 = Release|Any CPU
		{47157686-9EB4-4E4A-BF56-9B3730C0DD5B}.AppStore|iPhoneSimulator.ActiveCfg = Release|Any CPU
		{47157686-9EB4-4E4A-BF56-9B3730C0DD5B}.AppStore|iPhoneSimulator.Build.0 = Release|Any CPU
		{47157686-9EB4-4E4A-BF56-9B3730C0DD5B}.AppStore|iPhoneSimulator.Deploy.0 = Release|Any CPU
		{47157686-9EB4-4E4A-BF56-9B3730C0DD5B}.AppStore|x86.ActiveCfg = Release|x86
		{47157686-9EB4-4E4A-BF56-9B3730C0DD5B}.AppStore|x86.Build.0 = Release|x86
		{47157686-9EB4-4E4A-BF56-9B3730C0DD5B}.AppStore|x86.Deploy.0 = Release|x86
		{47157686-9EB4-4E4A-BF56-9B3730C0DD5B}.Debug|Any CPU.ActiveCfg = Debug|Any CPU
		{47157686-9EB4-4E4A-BF56-9B3730C0DD5B}.Debug|Any CPU.Build.0 = Debug|Any CPU
		{47157686-9EB4-4E4A-BF56-9B3730C0DD5B}.Debug|Any CPU.Deploy.0 = Debug|Any CPU
		{47157686-9EB4-4E4A-BF56-9B3730C0DD5B}.Debug|ARM.ActiveCfg = Debug|ARM
		{47157686-9EB4-4E4A-BF56-9B3730C0DD5B}.Debug|ARM.Build.0 = Debug|ARM
		{47157686-9EB4-4E4A-BF56-9B3730C0DD5B}.Debug|ARM.Deploy.0 = Debug|ARM
		{47157686-9EB4-4E4A-BF56-9B3730C0DD5B}.Debug|iPhone.ActiveCfg = Debug|Any CPU
		{47157686-9EB4-4E4A-BF56-9B3730C0DD5B}.Debug|iPhoneSimulator.ActiveCfg = Debug|Any CPU
		{47157686-9EB4-4E4A-BF56-9B3730C0DD5B}.Debug|x86.ActiveCfg = Debug|x86
		{47157686-9EB4-4E4A-BF56-9B3730C0DD5B}.Debug|x86.Build.0 = Debug|x86
		{47157686-9EB4-4E4A-BF56-9B3730C0DD5B}.Debug|x86.Deploy.0 = Debug|x86
		{47157686-9EB4-4E4A-BF56-9B3730C0DD5B}.Release|Any CPU.ActiveCfg = Release|Any CPU
		{47157686-9EB4-4E4A-BF56-9B3730C0DD5B}.Release|Any CPU.Build.0 = Release|Any CPU
		{47157686-9EB4-4E4A-BF56-9B3730C0DD5B}.Release|Any CPU.Deploy.0 = Release|Any CPU
		{47157686-9EB4-4E4A-BF56-9B3730C0DD5B}.Release|ARM.ActiveCfg = Release|ARM
		{47157686-9EB4-4E4A-BF56-9B3730C0DD5B}.Release|ARM.Build.0 = Release|ARM
		{47157686-9EB4-4E4A-BF56-9B3730C0DD5B}.Release|ARM.Deploy.0 = Release|ARM
		{47157686-9EB4-4E4A-BF56-9B3730C0DD5B}.Release|iPhone.ActiveCfg = Release|Any CPU
		{47157686-9EB4-4E4A-BF56-9B3730C0DD5B}.Release|iPhone.Build.0 = Release|Any CPU
		{47157686-9EB4-4E4A-BF56-9B3730C0DD5B}.Release|iPhone.Deploy.0 = Release|Any CPU
		{47157686-9EB4-4E4A-BF56-9B3730C0DD5B}.Release|iPhoneSimulator.ActiveCfg = Release|Any CPU
		{47157686-9EB4-4E4A-BF56-9B3730C0DD5B}.Release|iPhoneSimulator.Build.0 = Release|Any CPU
		{47157686-9EB4-4E4A-BF56-9B3730C0DD5B}.Release|iPhoneSimulator.Deploy.0 = Release|Any CPU
		{47157686-9EB4-4E4A-BF56-9B3730C0DD5B}.Release|x86.ActiveCfg = Release|x86
		{47157686-9EB4-4E4A-BF56-9B3730C0DD5B}.Release|x86.Build.0 = Release|x86
		{47157686-9EB4-4E4A-BF56-9B3730C0DD5B}.Release|x86.Deploy.0 = Release|x86
		{0549FEEA-F489-40C9-8288-863FE9FA6EE7}.Ad-Hoc|Any CPU.ActiveCfg = Release|Any CPU
		{0549FEEA-F489-40C9-8288-863FE9FA6EE7}.Ad-Hoc|Any CPU.Build.0 = Release|Any CPU
		{0549FEEA-F489-40C9-8288-863FE9FA6EE7}.Ad-Hoc|ARM.ActiveCfg = Release|Any CPU
		{0549FEEA-F489-40C9-8288-863FE9FA6EE7}.Ad-Hoc|ARM.Build.0 = Release|Any CPU
		{0549FEEA-F489-40C9-8288-863FE9FA6EE7}.Ad-Hoc|iPhone.ActiveCfg = Release|Any CPU
		{0549FEEA-F489-40C9-8288-863FE9FA6EE7}.Ad-Hoc|iPhone.Build.0 = Release|Any CPU
		{0549FEEA-F489-40C9-8288-863FE9FA6EE7}.Ad-Hoc|iPhoneSimulator.ActiveCfg = Release|Any CPU
		{0549FEEA-F489-40C9-8288-863FE9FA6EE7}.Ad-Hoc|iPhoneSimulator.Build.0 = Release|Any CPU
		{0549FEEA-F489-40C9-8288-863FE9FA6EE7}.Ad-Hoc|x86.ActiveCfg = Release|Any CPU
		{0549FEEA-F489-40C9-8288-863FE9FA6EE7}.Ad-Hoc|x86.Build.0 = Release|Any CPU
		{0549FEEA-F489-40C9-8288-863FE9FA6EE7}.AppStore|Any CPU.ActiveCfg = Release|Any CPU
		{0549FEEA-F489-40C9-8288-863FE9FA6EE7}.AppStore|Any CPU.Build.0 = Release|Any CPU
		{0549FEEA-F489-40C9-8288-863FE9FA6EE7}.AppStore|ARM.ActiveCfg = Release|Any CPU
		{0549FEEA-F489-40C9-8288-863FE9FA6EE7}.AppStore|ARM.Build.0 = Release|Any CPU
		{0549FEEA-F489-40C9-8288-863FE9FA6EE7}.AppStore|iPhone.ActiveCfg = Release|Any CPU
		{0549FEEA-F489-40C9-8288-863FE9FA6EE7}.AppStore|iPhone.Build.0 = Release|Any CPU
		{0549FEEA-F489-40C9-8288-863FE9FA6EE7}.AppStore|iPhoneSimulator.ActiveCfg = Release|Any CPU
		{0549FEEA-F489-40C9-8288-863FE9FA6EE7}.AppStore|iPhoneSimulator.Build.0 = Release|Any CPU
		{0549FEEA-F489-40C9-8288-863FE9FA6EE7}.AppStore|x86.ActiveCfg = Release|Any CPU
		{0549FEEA-F489-40C9-8288-863FE9FA6EE7}.AppStore|x86.Build.0 = Release|Any CPU
		{0549FEEA-F489-40C9-8288-863FE9FA6EE7}.Debug|Any CPU.ActiveCfg = Debug|Any CPU
		{0549FEEA-F489-40C9-8288-863FE9FA6EE7}.Debug|ARM.ActiveCfg = Debug|Any CPU
		{0549FEEA-F489-40C9-8288-863FE9FA6EE7}.Debug|ARM.Build.0 = Debug|Any CPU
		{0549FEEA-F489-40C9-8288-863FE9FA6EE7}.Debug|iPhone.ActiveCfg = Debug|Any CPU
		{0549FEEA-F489-40C9-8288-863FE9FA6EE7}.Debug|iPhoneSimulator.ActiveCfg = Debug|Any CPU
		{0549FEEA-F489-40C9-8288-863FE9FA6EE7}.Debug|iPhoneSimulator.Build.0 = Debug|Any CPU
		{0549FEEA-F489-40C9-8288-863FE9FA6EE7}.Debug|x86.ActiveCfg = Debug|Any CPU
		{0549FEEA-F489-40C9-8288-863FE9FA6EE7}.Debug|x86.Build.0 = Debug|Any CPU
		{0549FEEA-F489-40C9-8288-863FE9FA6EE7}.Release|Any CPU.ActiveCfg = Release|Any CPU
		{0549FEEA-F489-40C9-8288-863FE9FA6EE7}.Release|Any CPU.Build.0 = Release|Any CPU
		{0549FEEA-F489-40C9-8288-863FE9FA6EE7}.Release|ARM.ActiveCfg = Release|Any CPU
		{0549FEEA-F489-40C9-8288-863FE9FA6EE7}.Release|ARM.Build.0 = Release|Any CPU
		{0549FEEA-F489-40C9-8288-863FE9FA6EE7}.Release|iPhone.ActiveCfg = Release|Any CPU
		{0549FEEA-F489-40C9-8288-863FE9FA6EE7}.Release|iPhone.Build.0 = Release|Any CPU
		{0549FEEA-F489-40C9-8288-863FE9FA6EE7}.Release|iPhoneSimulator.ActiveCfg = Release|Any CPU
		{0549FEEA-F489-40C9-8288-863FE9FA6EE7}.Release|iPhoneSimulator.Build.0 = Release|Any CPU
		{0549FEEA-F489-40C9-8288-863FE9FA6EE7}.Release|x86.ActiveCfg = Release|Any CPU
		{0549FEEA-F489-40C9-8288-863FE9FA6EE7}.Release|x86.Build.0 = Release|Any CPU
		{44A022F7-B823-4378-B609-5DEE80AD38B3}.Ad-Hoc|Any CPU.ActiveCfg = Release|Any CPU
		{44A022F7-B823-4378-B609-5DEE80AD38B3}.Ad-Hoc|Any CPU.Build.0 = Release|Any CPU
		{44A022F7-B823-4378-B609-5DEE80AD38B3}.Ad-Hoc|ARM.ActiveCfg = Release|Any CPU
		{44A022F7-B823-4378-B609-5DEE80AD38B3}.Ad-Hoc|ARM.Build.0 = Release|Any CPU
		{44A022F7-B823-4378-B609-5DEE80AD38B3}.Ad-Hoc|iPhone.ActiveCfg = Release|Any CPU
		{44A022F7-B823-4378-B609-5DEE80AD38B3}.Ad-Hoc|iPhone.Build.0 = Release|Any CPU
		{44A022F7-B823-4378-B609-5DEE80AD38B3}.Ad-Hoc|iPhoneSimulator.ActiveCfg = Release|Any CPU
		{44A022F7-B823-4378-B609-5DEE80AD38B3}.Ad-Hoc|iPhoneSimulator.Build.0 = Release|Any CPU
		{44A022F7-B823-4378-B609-5DEE80AD38B3}.Ad-Hoc|x86.ActiveCfg = Release|Any CPU
		{44A022F7-B823-4378-B609-5DEE80AD38B3}.Ad-Hoc|x86.Build.0 = Release|Any CPU
		{44A022F7-B823-4378-B609-5DEE80AD38B3}.AppStore|Any CPU.ActiveCfg = Release|Any CPU
		{44A022F7-B823-4378-B609-5DEE80AD38B3}.AppStore|Any CPU.Build.0 = Release|Any CPU
		{44A022F7-B823-4378-B609-5DEE80AD38B3}.AppStore|ARM.ActiveCfg = Release|Any CPU
		{44A022F7-B823-4378-B609-5DEE80AD38B3}.AppStore|ARM.Build.0 = Release|Any CPU
		{44A022F7-B823-4378-B609-5DEE80AD38B3}.AppStore|iPhone.ActiveCfg = Release|Any CPU
		{44A022F7-B823-4378-B609-5DEE80AD38B3}.AppStore|iPhone.Build.0 = Release|Any CPU
		{44A022F7-B823-4378-B609-5DEE80AD38B3}.AppStore|iPhoneSimulator.ActiveCfg = Release|Any CPU
		{44A022F7-B823-4378-B609-5DEE80AD38B3}.AppStore|iPhoneSimulator.Build.0 = Release|Any CPU
		{44A022F7-B823-4378-B609-5DEE80AD38B3}.AppStore|x86.ActiveCfg = Release|Any CPU
		{44A022F7-B823-4378-B609-5DEE80AD38B3}.AppStore|x86.Build.0 = Release|Any CPU
		{44A022F7-B823-4378-B609-5DEE80AD38B3}.Debug|Any CPU.ActiveCfg = Debug|Any CPU
		{44A022F7-B823-4378-B609-5DEE80AD38B3}.Debug|ARM.ActiveCfg = Debug|Any CPU
		{44A022F7-B823-4378-B609-5DEE80AD38B3}.Debug|ARM.Build.0 = Debug|Any CPU
		{44A022F7-B823-4378-B609-5DEE80AD38B3}.Debug|iPhone.ActiveCfg = Debug|Any CPU
		{44A022F7-B823-4378-B609-5DEE80AD38B3}.Debug|iPhoneSimulator.ActiveCfg = Debug|Any CPU
		{44A022F7-B823-4378-B609-5DEE80AD38B3}.Debug|iPhoneSimulator.Build.0 = Debug|Any CPU
		{44A022F7-B823-4378-B609-5DEE80AD38B3}.Debug|x86.ActiveCfg = Debug|Any CPU
		{44A022F7-B823-4378-B609-5DEE80AD38B3}.Release|Any CPU.ActiveCfg = Release|Any CPU
		{44A022F7-B823-4378-B609-5DEE80AD38B3}.Release|Any CPU.Build.0 = Release|Any CPU
		{44A022F7-B823-4378-B609-5DEE80AD38B3}.Release|ARM.ActiveCfg = Release|Any CPU
		{44A022F7-B823-4378-B609-5DEE80AD38B3}.Release|ARM.Build.0 = Release|Any CPU
		{44A022F7-B823-4378-B609-5DEE80AD38B3}.Release|iPhone.ActiveCfg = Release|Any CPU
		{44A022F7-B823-4378-B609-5DEE80AD38B3}.Release|iPhone.Build.0 = Release|Any CPU
		{44A022F7-B823-4378-B609-5DEE80AD38B3}.Release|iPhoneSimulator.ActiveCfg = Release|Any CPU
		{44A022F7-B823-4378-B609-5DEE80AD38B3}.Release|iPhoneSimulator.Build.0 = Release|Any CPU
		{44A022F7-B823-4378-B609-5DEE80AD38B3}.Release|x86.ActiveCfg = Release|Any CPU
		{44A022F7-B823-4378-B609-5DEE80AD38B3}.Release|x86.Build.0 = Release|Any CPU
	EndGlobalSection
	GlobalSection(SolutionProperties) = preSolution
		HideSolutionNode = FALSE
	EndGlobalSection
	GlobalSection(NestedProjects) = preSolution
		{0549FEEA-F489-40C9-8288-863FE9FA6EE7} = {941A3471-FB48-4B81-BA71-8E8780B9BD33}
		{44A022F7-B823-4378-B609-5DEE80AD38B3} = {941A3471-FB48-4B81-BA71-8E8780B9BD33}
		{2C8408C7-F129-4F8B-B898-FD33435D11A2} = {941A3471-FB48-4B81-BA71-8E8780B9BD33}
	EndGlobalSection
EndGlobal
