
Microsoft Visual Studio Solution File, Format Version 12.00
# Visual Studio 2013
VisualStudioVersion = 12.0.31101.0
MinimumVisualStudioVersion = 10.0.40219.1
Project("{FAE04EC0-301F-11D3-BF4B-00C04F79EFBC}") = "Listas", "Listas\Listas\Listas.csproj", "{9B2FC9FC-3B2F-4255-BE1B-5F345DE07B9A}"
EndProject
Project("{FAE04EC0-301F-11D3-BF4B-00C04F79EFBC}") = "Listas.iOS", "Listas\Listas.iOS\Listas.iOS.csproj", "{DCF5462C-77A9-4DCE-A49A-B04E49BDE77E}"
EndProject
Project("{FAE04EC0-301F-11D3-BF4B-00C04F79EFBC}") = "Listas.Droid", "Listas\Listas.Droid\Listas.Droid.csproj", "{2DD06B8A-C30E-4380-B97D-284CD23EEF07}"
EndProject
Project("{FAE04EC0-301F-11D3-BF4B-00C04F79EFBC}") = "Listas.WinPhone", "Listas\Listas.WinPhone\Listas.WinPhone.csproj", "{AE1119D8-217F-4B08-AF81-A33284D68CFB}"
EndProject
Global
	GlobalSection(SolutionConfigurationPlatforms) = preSolution
		Ad-Hoc|Any CPU = Ad-Hoc|Any CPU
		Ad-Hoc|ARM = Ad-Hoc|ARM
		Ad-Hoc|iPhone = Ad-Hoc|iPhone
		Ad-Hoc|iPhoneSimulator = Ad-Hoc|iPhoneSimulator
		Ad-Hoc|Mixed Platforms = Ad-Hoc|Mixed Platforms
		Ad-Hoc|x86 = Ad-Hoc|x86
		AppStore|Any CPU = AppStore|Any CPU
		AppStore|ARM = AppStore|ARM
		AppStore|iPhone = AppStore|iPhone
		AppStore|iPhoneSimulator = AppStore|iPhoneSimulator
		AppStore|Mixed Platforms = AppStore|Mixed Platforms
		AppStore|x86 = AppStore|x86
		Debug|Any CPU = Debug|Any CPU
		Debug|ARM = Debug|ARM
		Debug|iPhone = Debug|iPhone
		Debug|iPhoneSimulator = Debug|iPhoneSimulator
		Debug|Mixed Platforms = Debug|Mixed Platforms
		Debug|x86 = Debug|x86
		Release|Any CPU = Release|Any CPU
		Release|ARM = Release|ARM
		Release|iPhone = Release|iPhone
		Release|iPhoneSimulator = Release|iPhoneSimulator
		Release|Mixed Platforms = Release|Mixed Platforms
		Release|x86 = Release|x86
	EndGlobalSection
	GlobalSection(ProjectConfigurationPlatforms) = postSolution
		{9B2FC9FC-3B2F-4255-BE1B-5F345DE07B9A}.Ad-Hoc|Any CPU.ActiveCfg = Release|Any CPU
		{9B2FC9FC-3B2F-4255-BE1B-5F345DE07B9A}.Ad-Hoc|Any CPU.Build.0 = Release|Any CPU
		{9B2FC9FC-3B2F-4255-BE1B-5F345DE07B9A}.Ad-Hoc|ARM.ActiveCfg = Release|Any CPU
		{9B2FC9FC-3B2F-4255-BE1B-5F345DE07B9A}.Ad-Hoc|iPhone.ActiveCfg = Release|Any CPU
		{9B2FC9FC-3B2F-4255-BE1B-5F345DE07B9A}.Ad-Hoc|iPhoneSimulator.ActiveCfg = Release|Any CPU
		{9B2FC9FC-3B2F-4255-BE1B-5F345DE07B9A}.Ad-Hoc|Mixed Platforms.ActiveCfg = Release|Any CPU
		{9B2FC9FC-3B2F-4255-BE1B-5F345DE07B9A}.Ad-Hoc|Mixed Platforms.Build.0 = Release|Any CPU
		{9B2FC9FC-3B2F-4255-BE1B-5F345DE07B9A}.Ad-Hoc|x86.ActiveCfg = Release|Any CPU
		{9B2FC9FC-3B2F-4255-BE1B-5F345DE07B9A}.AppStore|Any CPU.ActiveCfg = Release|Any CPU
		{9B2FC9FC-3B2F-4255-BE1B-5F345DE07B9A}.AppStore|Any CPU.Build.0 = Release|Any CPU
		{9B2FC9FC-3B2F-4255-BE1B-5F345DE07B9A}.AppStore|ARM.ActiveCfg = Release|Any CPU
		{9B2FC9FC-3B2F-4255-BE1B-5F345DE07B9A}.AppStore|iPhone.ActiveCfg = Release|Any CPU
		{9B2FC9FC-3B2F-4255-BE1B-5F345DE07B9A}.AppStore|iPhoneSimulator.ActiveCfg = Release|Any CPU
		{9B2FC9FC-3B2F-4255-BE1B-5F345DE07B9A}.AppStore|Mixed Platforms.ActiveCfg = Release|Any CPU
		{9B2FC9FC-3B2F-4255-BE1B-5F345DE07B9A}.AppStore|Mixed Platforms.Build.0 = Release|Any CPU
		{9B2FC9FC-3B2F-4255-BE1B-5F345DE07B9A}.AppStore|x86.ActiveCfg = Release|Any CPU
		{9B2FC9FC-3B2F-4255-BE1B-5F345DE07B9A}.Debug|Any CPU.ActiveCfg = Debug|Any CPU
		{9B2FC9FC-3B2F-4255-BE1B-5F345DE07B9A}.Debug|Any CPU.Build.0 = Debug|Any CPU
		{9B2FC9FC-3B2F-4255-BE1B-5F345DE07B9A}.Debug|ARM.ActiveCfg = Debug|Any CPU
		{9B2FC9FC-3B2F-4255-BE1B-5F345DE07B9A}.Debug|iPhone.ActiveCfg = Debug|Any CPU
		{9B2FC9FC-3B2F-4255-BE1B-5F345DE07B9A}.Debug|iPhoneSimulator.ActiveCfg = Debug|Any CPU
		{9B2FC9FC-3B2F-4255-BE1B-5F345DE07B9A}.Debug|Mixed Platforms.ActiveCfg = Debug|Any CPU
		{9B2FC9FC-3B2F-4255-BE1B-5F345DE07B9A}.Debug|Mixed Platforms.Build.0 = Debug|Any CPU
		{9B2FC9FC-3B2F-4255-BE1B-5F345DE07B9A}.Debug|x86.ActiveCfg = Debug|Any CPU
		{9B2FC9FC-3B2F-4255-BE1B-5F345DE07B9A}.Release|Any CPU.ActiveCfg = Release|Any CPU
		{9B2FC9FC-3B2F-4255-BE1B-5F345DE07B9A}.Release|Any CPU.Build.0 = Release|Any CPU
		{9B2FC9FC-3B2F-4255-BE1B-5F345DE07B9A}.Release|ARM.ActiveCfg = Release|Any CPU
		{9B2FC9FC-3B2F-4255-BE1B-5F345DE07B9A}.Release|iPhone.ActiveCfg = Release|Any CPU
		{9B2FC9FC-3B2F-4255-BE1B-5F345DE07B9A}.Release|iPhoneSimulator.ActiveCfg = Release|Any CPU
		{9B2FC9FC-3B2F-4255-BE1B-5F345DE07B9A}.Release|Mixed Platforms.ActiveCfg = Release|Any CPU
		{9B2FC9FC-3B2F-4255-BE1B-5F345DE07B9A}.Release|Mixed Platforms.Build.0 = Release|Any CPU
		{9B2FC9FC-3B2F-4255-BE1B-5F345DE07B9A}.Release|x86.ActiveCfg = Release|Any CPU
		{DCF5462C-77A9-4DCE-A49A-B04E49BDE77E}.Ad-Hoc|Any CPU.ActiveCfg = Ad-Hoc|iPhone
		{DCF5462C-77A9-4DCE-A49A-B04E49BDE77E}.Ad-Hoc|ARM.ActiveCfg = Ad-Hoc|iPhone
		{DCF5462C-77A9-4DCE-A49A-B04E49BDE77E}.Ad-Hoc|iPhone.ActiveCfg = Ad-Hoc|iPhone
		{DCF5462C-77A9-4DCE-A49A-B04E49BDE77E}.Ad-Hoc|iPhone.Build.0 = Ad-Hoc|iPhone
		{DCF5462C-77A9-4DCE-A49A-B04E49BDE77E}.Ad-Hoc|iPhoneSimulator.ActiveCfg = Ad-Hoc|iPhoneSimulator
		{DCF5462C-77A9-4DCE-A49A-B04E49BDE77E}.Ad-Hoc|iPhoneSimulator.Build.0 = Ad-Hoc|iPhoneSimulator
		{DCF5462C-77A9-4DCE-A49A-B04E49BDE77E}.Ad-Hoc|Mixed Platforms.ActiveCfg = Ad-Hoc|iPhone
		{DCF5462C-77A9-4DCE-A49A-B04E49BDE77E}.Ad-Hoc|Mixed Platforms.Build.0 = Ad-Hoc|iPhone
		{DCF5462C-77A9-4DCE-A49A-B04E49BDE77E}.Ad-Hoc|x86.ActiveCfg = Ad-Hoc|iPhone
		{DCF5462C-77A9-4DCE-A49A-B04E49BDE77E}.AppStore|Any CPU.ActiveCfg = AppStore|iPhone
		{DCF5462C-77A9-4DCE-A49A-B04E49BDE77E}.AppStore|ARM.ActiveCfg = AppStore|iPhone
		{DCF5462C-77A9-4DCE-A49A-B04E49BDE77E}.AppStore|iPhone.ActiveCfg = AppStore|iPhone
		{DCF5462C-77A9-4DCE-A49A-B04E49BDE77E}.AppStore|iPhone.Build.0 = AppStore|iPhone
		{DCF5462C-77A9-4DCE-A49A-B04E49BDE77E}.AppStore|iPhoneSimulator.ActiveCfg = AppStore|iPhoneSimulator
		{DCF5462C-77A9-4DCE-A49A-B04E49BDE77E}.AppStore|iPhoneSimulator.Build.0 = AppStore|iPhoneSimulator
		{DCF5462C-77A9-4DCE-A49A-B04E49BDE77E}.AppStore|Mixed Platforms.ActiveCfg = AppStore|iPhone
		{DCF5462C-77A9-4DCE-A49A-B04E49BDE77E}.AppStore|Mixed Platforms.Build.0 = AppStore|iPhone
		{DCF5462C-77A9-4DCE-A49A-B04E49BDE77E}.AppStore|x86.ActiveCfg = AppStore|iPhone
		{DCF5462C-77A9-4DCE-A49A-B04E49BDE77E}.Debug|Any CPU.ActiveCfg = Debug|iPhone
		{DCF5462C-77A9-4DCE-A49A-B04E49BDE77E}.Debug|ARM.ActiveCfg = Debug|iPhone
		{DCF5462C-77A9-4DCE-A49A-B04E49BDE77E}.Debug|iPhone.ActiveCfg = Debug|iPhone
		{DCF5462C-77A9-4DCE-A49A-B04E49BDE77E}.Debug|iPhone.Build.0 = Debug|iPhone
		{DCF5462C-77A9-4DCE-A49A-B04E49BDE77E}.Debug|iPhoneSimulator.ActiveCfg = Debug|iPhoneSimulator
		{DCF5462C-77A9-4DCE-A49A-B04E49BDE77E}.Debug|iPhoneSimulator.Build.0 = Debug|iPhoneSimulator
		{DCF5462C-77A9-4DCE-A49A-B04E49BDE77E}.Debug|Mixed Platforms.ActiveCfg = Debug|iPhone
		{DCF5462C-77A9-4DCE-A49A-B04E49BDE77E}.Debug|Mixed Platforms.Build.0 = Debug|iPhone
		{DCF5462C-77A9-4DCE-A49A-B04E49BDE77E}.Debug|x86.ActiveCfg = Debug|iPhone
		{DCF5462C-77A9-4DCE-A49A-B04E49BDE77E}.Release|Any CPU.ActiveCfg = Release|iPhone
		{DCF5462C-77A9-4DCE-A49A-B04E49BDE77E}.Release|ARM.ActiveCfg = Release|iPhone
		{DCF5462C-77A9-4DCE-A49A-B04E49BDE77E}.Release|iPhone.ActiveCfg = Release|iPhone
		{DCF5462C-77A9-4DCE-A49A-B04E49BDE77E}.Release|iPhone.Build.0 = Release|iPhone
		{DCF5462C-77A9-4DCE-A49A-B04E49BDE77E}.Release|iPhoneSimulator.ActiveCfg = Release|iPhoneSimulator
		{DCF5462C-77A9-4DCE-A49A-B04E49BDE77E}.Release|iPhoneSimulator.Build.0 = Release|iPhoneSimulator
		{DCF5462C-77A9-4DCE-A49A-B04E49BDE77E}.Release|Mixed Platforms.ActiveCfg = Release|iPhone
		{DCF5462C-77A9-4DCE-A49A-B04E49BDE77E}.Release|Mixed Platforms.Build.0 = Release|iPhone
		{DCF5462C-77A9-4DCE-A49A-B04E49BDE77E}.Release|x86.ActiveCfg = Release|iPhone
		{2DD06B8A-C30E-4380-B97D-284CD23EEF07}.Ad-Hoc|Any CPU.ActiveCfg = Release|Any CPU
		{2DD06B8A-C30E-4380-B97D-284CD23EEF07}.Ad-Hoc|Any CPU.Build.0 = Release|Any CPU
		{2DD06B8A-C30E-4380-B97D-284CD23EEF07}.Ad-Hoc|Any CPU.Deploy.0 = Release|Any CPU
		{2DD06B8A-C30E-4380-B97D-284CD23EEF07}.Ad-Hoc|ARM.ActiveCfg = Release|Any CPU
		{2DD06B8A-C30E-4380-B97D-284CD23EEF07}.Ad-Hoc|iPhone.ActiveCfg = Release|Any CPU
		{2DD06B8A-C30E-4380-B97D-284CD23EEF07}.Ad-Hoc|iPhoneSimulator.ActiveCfg = Release|Any CPU
		{2DD06B8A-C30E-4380-B97D-284CD23EEF07}.Ad-Hoc|Mixed Platforms.ActiveCfg = Release|Any CPU
		{2DD06B8A-C30E-4380-B97D-284CD23EEF07}.Ad-Hoc|Mixed Platforms.Build.0 = Release|Any CPU
		{2DD06B8A-C30E-4380-B97D-284CD23EEF07}.Ad-Hoc|Mixed Platforms.Deploy.0 = Release|Any CPU
		{2DD06B8A-C30E-4380-B97D-284CD23EEF07}.Ad-Hoc|x86.ActiveCfg = Release|Any CPU
		{2DD06B8A-C30E-4380-B97D-284CD23EEF07}.AppStore|Any CPU.ActiveCfg = Release|Any CPU
		{2DD06B8A-C30E-4380-B97D-284CD23EEF07}.AppStore|Any CPU.Build.0 = Release|Any CPU
		{2DD06B8A-C30E-4380-B97D-284CD23EEF07}.AppStore|Any CPU.Deploy.0 = Release|Any CPU
		{2DD06B8A-C30E-4380-B97D-284CD23EEF07}.AppStore|ARM.ActiveCfg = Release|Any CPU
		{2DD06B8A-C30E-4380-B97D-284CD23EEF07}.AppStore|iPhone.ActiveCfg = Release|Any CPU
		{2DD06B8A-C30E-4380-B97D-284CD23EEF07}.AppStore|iPhoneSimulator.ActiveCfg = Release|Any CPU
		{2DD06B8A-C30E-4380-B97D-284CD23EEF07}.AppStore|Mixed Platforms.ActiveCfg = Release|Any CPU
		{2DD06B8A-C30E-4380-B97D-284CD23EEF07}.AppStore|Mixed Platforms.Build.0 = Release|Any CPU
		{2DD06B8A-C30E-4380-B97D-284CD23EEF07}.AppStore|Mixed Platforms.Deploy.0 = Release|Any CPU
		{2DD06B8A-C30E-4380-B97D-284CD23EEF07}.AppStore|x86.ActiveCfg = Release|Any CPU
		{2DD06B8A-C30E-4380-B97D-284CD23EEF07}.Debug|Any CPU.ActiveCfg = Debug|Any CPU
		{2DD06B8A-C30E-4380-B97D-284CD23EEF07}.Debug|Any CPU.Build.0 = Debug|Any CPU
		{2DD06B8A-C30E-4380-B97D-284CD23EEF07}.Debug|Any CPU.Deploy.0 = Debug|Any CPU
		{2DD06B8A-C30E-4380-B97D-284CD23EEF07}.Debug|ARM.ActiveCfg = Debug|Any CPU
		{2DD06B8A-C30E-4380-B97D-284CD23EEF07}.Debug|iPhone.ActiveCfg = Debug|Any CPU
		{2DD06B8A-C30E-4380-B97D-284CD23EEF07}.Debug|iPhoneSimulator.ActiveCfg = Debug|Any CPU
		{2DD06B8A-C30E-4380-B97D-284CD23EEF07}.Debug|Mixed Platforms.ActiveCfg = Debug|Any CPU
		{2DD06B8A-C30E-4380-B97D-284CD23EEF07}.Debug|Mixed Platforms.Build.0 = Debug|Any CPU
		{2DD06B8A-C30E-4380-B97D-284CD23EEF07}.Debug|Mixed Platforms.Deploy.0 = Debug|Any CPU
		{2DD06B8A-C30E-4380-B97D-284CD23EEF07}.Debug|x86.ActiveCfg = Debug|Any CPU
		{2DD06B8A-C30E-4380-B97D-284CD23EEF07}.Release|Any CPU.ActiveCfg = Release|Any CPU
		{2DD06B8A-C30E-4380-B97D-284CD23EEF07}.Release|Any CPU.Build.0 = Release|Any CPU
		{2DD06B8A-C30E-4380-B97D-284CD23EEF07}.Release|Any CPU.Deploy.0 = Release|Any CPU
		{2DD06B8A-C30E-4380-B97D-284CD23EEF07}.Release|ARM.ActiveCfg = Release|Any CPU
		{2DD06B8A-C30E-4380-B97D-284CD23EEF07}.Release|iPhone.ActiveCfg = Release|Any CPU
		{2DD06B8A-C30E-4380-B97D-284CD23EEF07}.Release|iPhoneSimulator.ActiveCfg = Release|Any CPU
		{2DD06B8A-C30E-4380-B97D-284CD23EEF07}.Release|Mixed Platforms.ActiveCfg = Release|Any CPU
		{2DD06B8A-C30E-4380-B97D-284CD23EEF07}.Release|Mixed Platforms.Build.0 = Release|Any CPU
		{2DD06B8A-C30E-4380-B97D-284CD23EEF07}.Release|Mixed Platforms.Deploy.0 = Release|Any CPU
		{2DD06B8A-C30E-4380-B97D-284CD23EEF07}.Release|x86.ActiveCfg = Release|Any CPU
		{AE1119D8-217F-4B08-AF81-A33284D68CFB}.Ad-Hoc|Any CPU.ActiveCfg = Release|Any CPU
		{AE1119D8-217F-4B08-AF81-A33284D68CFB}.Ad-Hoc|Any CPU.Build.0 = Release|Any CPU
		{AE1119D8-217F-4B08-AF81-A33284D68CFB}.Ad-Hoc|Any CPU.Deploy.0 = Release|Any CPU
		{AE1119D8-217F-4B08-AF81-A33284D68CFB}.Ad-Hoc|ARM.ActiveCfg = Release|ARM
		{AE1119D8-217F-4B08-AF81-A33284D68CFB}.Ad-Hoc|ARM.Build.0 = Release|ARM
		{AE1119D8-217F-4B08-AF81-A33284D68CFB}.Ad-Hoc|ARM.Deploy.0 = Release|ARM
		{AE1119D8-217F-4B08-AF81-A33284D68CFB}.Ad-Hoc|iPhone.ActiveCfg = Release|Any CPU
		{AE1119D8-217F-4B08-AF81-A33284D68CFB}.Ad-Hoc|iPhoneSimulator.ActiveCfg = Release|Any CPU
		{AE1119D8-217F-4B08-AF81-A33284D68CFB}.Ad-Hoc|Mixed Platforms.ActiveCfg = Release|x86
		{AE1119D8-217F-4B08-AF81-A33284D68CFB}.Ad-Hoc|Mixed Platforms.Build.0 = Release|x86
		{AE1119D8-217F-4B08-AF81-A33284D68CFB}.Ad-Hoc|Mixed Platforms.Deploy.0 = Release|x86
		{AE1119D8-217F-4B08-AF81-A33284D68CFB}.Ad-Hoc|x86.ActiveCfg = Release|x86
		{AE1119D8-217F-4B08-AF81-A33284D68CFB}.Ad-Hoc|x86.Build.0 = Release|x86
		{AE1119D8-217F-4B08-AF81-A33284D68CFB}.Ad-Hoc|x86.Deploy.0 = Release|x86
		{AE1119D8-217F-4B08-AF81-A33284D68CFB}.AppStore|Any CPU.ActiveCfg = Release|Any CPU
		{AE1119D8-217F-4B08-AF81-A33284D68CFB}.AppStore|Any CPU.Build.0 = Release|Any CPU
		{AE1119D8-217F-4B08-AF81-A33284D68CFB}.AppStore|Any CPU.Deploy.0 = Release|Any CPU
		{AE1119D8-217F-4B08-AF81-A33284D68CFB}.AppStore|ARM.ActiveCfg = Release|ARM
		{AE1119D8-217F-4B08-AF81-A33284D68CFB}.AppStore|ARM.Build.0 = Release|ARM
		{AE1119D8-217F-4B08-AF81-A33284D68CFB}.AppStore|ARM.Deploy.0 = Release|ARM
		{AE1119D8-217F-4B08-AF81-A33284D68CFB}.AppStore|iPhone.ActiveCfg = Release|Any CPU
		{AE1119D8-217F-4B08-AF81-A33284D68CFB}.AppStore|iPhoneSimulator.ActiveCfg = Release|Any CPU
		{AE1119D8-217F-4B08-AF81-A33284D68CFB}.AppStore|Mixed Platforms.ActiveCfg = Release|x86
		{AE1119D8-217F-4B08-AF81-A33284D68CFB}.AppStore|Mixed Platforms.Build.0 = Release|x86
		{AE1119D8-217F-4B08-AF81-A33284D68CFB}.AppStore|Mixed Platforms.Deploy.0 = Release|x86
		{AE1119D8-217F-4B08-AF81-A33284D68CFB}.AppStore|x86.ActiveCfg = Release|x86
		{AE1119D8-217F-4B08-AF81-A33284D68CFB}.AppStore|x86.Build.0 = Release|x86
		{AE1119D8-217F-4B08-AF81-A33284D68CFB}.AppStore|x86.Deploy.0 = Release|x86
		{AE1119D8-217F-4B08-AF81-A33284D68CFB}.Debug|Any CPU.ActiveCfg = Debug|Any CPU
		{AE1119D8-217F-4B08-AF81-A33284D68CFB}.Debug|Any CPU.Build.0 = Debug|Any CPU
		{AE1119D8-217F-4B08-AF81-A33284D68CFB}.Debug|Any CPU.Deploy.0 = Debug|Any CPU
		{AE1119D8-217F-4B08-AF81-A33284D68CFB}.Debug|ARM.ActiveCfg = Debug|ARM
		{AE1119D8-217F-4B08-AF81-A33284D68CFB}.Debug|ARM.Build.0 = Debug|ARM
		{AE1119D8-217F-4B08-AF81-A33284D68CFB}.Debug|ARM.Deploy.0 = Debug|ARM
		{AE1119D8-217F-4B08-AF81-A33284D68CFB}.Debug|iPhone.ActiveCfg = Debug|Any CPU
		{AE1119D8-217F-4B08-AF81-A33284D68CFB}.Debug|iPhoneSimulator.ActiveCfg = Debug|Any CPU
		{AE1119D8-217F-4B08-AF81-A33284D68CFB}.Debug|Mixed Platforms.ActiveCfg = Debug|x86
		{AE1119D8-217F-4B08-AF81-A33284D68CFB}.Debug|Mixed Platforms.Build.0 = Debug|x86
		{AE1119D8-217F-4B08-AF81-A33284D68CFB}.Debug|Mixed Platforms.Deploy.0 = Debug|x86
		{AE1119D8-217F-4B08-AF81-A33284D68CFB}.Debug|x86.ActiveCfg = Debug|x86
		{AE1119D8-217F-4B08-AF81-A33284D68CFB}.Debug|x86.Build.0 = Debug|x86
		{AE1119D8-217F-4B08-AF81-A33284D68CFB}.Debug|x86.Deploy.0 = Debug|x86
		{AE1119D8-217F-4B08-AF81-A33284D68CFB}.Release|Any CPU.ActiveCfg = Release|Any CPU
		{AE1119D8-217F-4B08-AF81-A33284D68CFB}.Release|Any CPU.Build.0 = Release|Any CPU
		{AE1119D8-217F-4B08-AF81-A33284D68CFB}.Release|Any CPU.Deploy.0 = Release|Any CPU
		{AE1119D8-217F-4B08-AF81-A33284D68CFB}.Release|ARM.ActiveCfg = Release|ARM
		{AE1119D8-217F-4B08-AF81-A33284D68CFB}.Release|ARM.Build.0 = Release|ARM
		{AE1119D8-217F-4B08-AF81-A33284D68CFB}.Release|ARM.Deploy.0 = Release|ARM
		{AE1119D8-217F-4B08-AF81-A33284D68CFB}.Release|iPhone.ActiveCfg = Release|Any CPU
		{AE1119D8-217F-4B08-AF81-A33284D68CFB}.Release|iPhoneSimulator.ActiveCfg = Release|Any CPU
		{AE1119D8-217F-4B08-AF81-A33284D68CFB}.Release|Mixed Platforms.ActiveCfg = Release|x86
		{AE1119D8-217F-4B08-AF81-A33284D68CFB}.Release|Mixed Platforms.Build.0 = Release|x86
		{AE1119D8-217F-4B08-AF81-A33284D68CFB}.Release|Mixed Platforms.Deploy.0 = Release|x86
		{AE1119D8-217F-4B08-AF81-A33284D68CFB}.Release|x86.ActiveCfg = Release|x86
		{AE1119D8-217F-4B08-AF81-A33284D68CFB}.Release|x86.Build.0 = Release|x86
		{AE1119D8-217F-4B08-AF81-A33284D68CFB}.Release|x86.Deploy.0 = Release|x86
	EndGlobalSection
	GlobalSection(SolutionProperties) = preSolution
		HideSolutionNode = FALSE
	EndGlobalSection
EndGlobal
