
Microsoft Visual Studio Solution File, Format Version 12.00
# Visual Studio 2013
VisualStudioVersion = 12.0.31101.0
MinimumVisualStudioVersion = 10.0.40219.1
Project("{FAE04EC0-301F-11D3-BF4B-00C04F79EFBC}") = "IOS-Mapas", "IOS-Mapas\IOS-Mapas.csproj", "{EC90B258-8A67-46E2-9637-0600D93D2701}"
EndProject
Global
	GlobalSection(SolutionConfigurationPlatforms) = preSolution
		Ad-Hoc|iPhone = Ad-Hoc|iPhone
		Ad-Hoc|iPhoneSimulator = Ad-Hoc|iPhoneSimulator
		AppStore|iPhone = AppStore|iPhone
		AppStore|iPhoneSimulator = AppStore|iPhoneSimulator
		Debug|iPhone = Debug|iPhone
		Debug|iPhoneSimulator = Debug|iPhoneSimulator
		Release|iPhone = Release|iPhone
		Release|iPhoneSimulator = Release|iPhoneSimulator
	EndGlobalSection
	GlobalSection(ProjectConfigurationPlatforms) = postSolution
		{EC90B258-8A67-46E2-9637-0600D93D2701}.Ad-Hoc|iPhone.ActiveCfg = Ad-Hoc|iPhone
		{EC90B258-8A67-46E2-9637-0600D93D2701}.Ad-Hoc|iPhone.Build.0 = Ad-Hoc|iPhone
		{EC90B258-8A67-46E2-9637-0600D93D2701}.Ad-Hoc|iPhoneSimulator.ActiveCfg = Ad-Hoc|iPhoneSimulator
		{EC90B258-8A67-46E2-9637-0600D93D2701}.Ad-Hoc|iPhoneSimulator.Build.0 = Ad-Hoc|iPhoneSimulator
		{EC90B258-8A67-46E2-9637-0600D93D2701}.AppStore|iPhone.ActiveCfg = AppStore|iPhone
		{EC90B258-8A67-46E2-9637-0600D93D2701}.AppStore|iPhone.Build.0 = AppStore|iPhone
		{EC90B258-8A67-46E2-9637-0600D93D2701}.AppStore|iPhoneSimulator.ActiveCfg = AppStore|iPhoneSimulator
		{EC90B258-8A67-46E2-9637-0600D93D2701}.AppStore|iPhoneSimulator.Build.0 = AppStore|iPhoneSimulator
		{EC90B258-8A67-46E2-9637-0600D93D2701}.Debug|iPhone.ActiveCfg = Debug|iPhone
		{EC90B258-8A67-46E2-9637-0600D93D2701}.Debug|iPhone.Build.0 = Debug|iPhone
		{EC90B258-8A67-46E2-9637-0600D93D2701}.Debug|iPhoneSimulator.ActiveCfg = Debug|iPhoneSimulator
		{EC90B258-8A67-46E2-9637-0600D93D2701}.Debug|iPhoneSimulator.Build.0 = Debug|iPhoneSimulator
		{EC90B258-8A67-46E2-9637-0600D93D2701}.Release|iPhone.ActiveCfg = Release|iPhone
		{EC90B258-8A67-46E2-9637-0600D93D2701}.Release|iPhone.Build.0 = Release|iPhone
		{EC90B258-8A67-46E2-9637-0600D93D2701}.Release|iPhoneSimulator.ActiveCfg = Release|iPhoneSimulator
		{EC90B258-8A67-46E2-9637-0600D93D2701}.Release|iPhoneSimulator.Build.0 = Release|iPhoneSimulator
	EndGlobalSection
	GlobalSection(SolutionProperties) = preSolution
		HideSolutionNode = FALSE
	EndGlobalSection
EndGlobal
