
Microsoft Visual Studio Solution File, Format Version 12.00
# Visual Studio 2013
VisualStudioVersion = 12.0.31101.0
MinimumVisualStudioVersion = 10.0.40219.1
Project("{FAE04EC0-301F-11D3-BF4B-00C04F79EFBC}") = "XAML", "XAML\XAML\XAML.csproj", "{44BFADA6-9862-4B12-B51A-525DB005331A}"
EndProject
Project("{FAE04EC0-301F-11D3-BF4B-00C04F79EFBC}") = "XAML.iOS", "XAML\XAML.iOS\XAML.iOS.csproj", "{A7844794-869D-4E48-A60F-00EDC7D1A7B8}"
EndProject
Project("{FAE04EC0-301F-11D3-BF4B-00C04F79EFBC}") = "XAML.Droid", "XAML\XAML.Droid\XAML.Droid.csproj", "{071E21EF-4BF2-4D10-BE3B-05CFF257C341}"
EndProject
Project("{FAE04EC0-301F-11D3-BF4B-00C04F79EFBC}") = "XAML.WinPhone", "XAML\XAML.WinPhone\XAML.WinPhone.csproj", "{C557F339-F33F-4710-8F02-A39719EC0CEE}"
EndProject
Global
	GlobalSection(SolutionConfigurationPlatforms) = preSolution
		Ad-Hoc|Any CPU = Ad-Hoc|Any CPU
		Ad-Hoc|ARM = Ad-Hoc|ARM
		Ad-Hoc|iPhone = Ad-Hoc|iPhone
		Ad-Hoc|iPhoneSimulator = Ad-Hoc|iPhoneSimulator
		Ad-Hoc|Mixed Platforms = Ad-Hoc|Mixed Platforms
		Ad-Hoc|x86 = Ad-Hoc|x86
		AppStore|Any CPU = AppStore|Any CPU
		AppStore|ARM = AppStore|ARM
		AppStore|iPhone = AppStore|iPhone
		AppStore|iPhoneSimulator = AppStore|iPhoneSimulator
		AppStore|Mixed Platforms = AppStore|Mixed Platforms
		AppStore|x86 = AppStore|x86
		Debug|Any CPU = Debug|Any CPU
		Debug|ARM = Debug|ARM
		Debug|iPhone = Debug|iPhone
		Debug|iPhoneSimulator = Debug|iPhoneSimulator
		Debug|Mixed Platforms = Debug|Mixed Platforms
		Debug|x86 = Debug|x86
		Release|Any CPU = Release|Any CPU
		Release|ARM = Release|ARM
		Release|iPhone = Release|iPhone
		Release|iPhoneSimulator = Release|iPhoneSimulator
		Release|Mixed Platforms = Release|Mixed Platforms
		Release|x86 = Release|x86
	EndGlobalSection
	GlobalSection(ProjectConfigurationPlatforms) = postSolution
		{44BFADA6-9862-4B12-B51A-525DB005331A}.Ad-Hoc|Any CPU.ActiveCfg = Release|Any CPU
		{44BFADA6-9862-4B12-B51A-525DB005331A}.Ad-Hoc|Any CPU.Build.0 = Release|Any CPU
		{44BFADA6-9862-4B12-B51A-525DB005331A}.Ad-Hoc|ARM.ActiveCfg = Release|Any CPU
		{44BFADA6-9862-4B12-B51A-525DB005331A}.Ad-Hoc|iPhone.ActiveCfg = Release|Any CPU
		{44BFADA6-9862-4B12-B51A-525DB005331A}.Ad-Hoc|iPhoneSimulator.ActiveCfg = Release|Any CPU
		{44BFADA6-9862-4B12-B51A-525DB005331A}.Ad-Hoc|Mixed Platforms.ActiveCfg = Release|Any CPU
		{44BFADA6-9862-4B12-B51A-525DB005331A}.Ad-Hoc|Mixed Platforms.Build.0 = Release|Any CPU
		{44BFADA6-9862-4B12-B51A-525DB005331A}.Ad-Hoc|x86.ActiveCfg = Release|Any CPU
		{44BFADA6-9862-4B12-B51A-525DB005331A}.AppStore|Any CPU.ActiveCfg = Release|Any CPU
		{44BFADA6-9862-4B12-B51A-525DB005331A}.AppStore|Any CPU.Build.0 = Release|Any CPU
		{44BFADA6-9862-4B12-B51A-525DB005331A}.AppStore|ARM.ActiveCfg = Release|Any CPU
		{44BFADA6-9862-4B12-B51A-525DB005331A}.AppStore|iPhone.ActiveCfg = Release|Any CPU
		{44BFADA6-9862-4B12-B51A-525DB005331A}.AppStore|iPhoneSimulator.ActiveCfg = Release|Any CPU
		{44BFADA6-9862-4B12-B51A-525DB005331A}.AppStore|Mixed Platforms.ActiveCfg = Release|Any CPU
		{44BFADA6-9862-4B12-B51A-525DB005331A}.AppStore|Mixed Platforms.Build.0 = Release|Any CPU
		{44BFADA6-9862-4B12-B51A-525DB005331A}.AppStore|x86.ActiveCfg = Release|Any CPU
		{44BFADA6-9862-4B12-B51A-525DB005331A}.Debug|Any CPU.ActiveCfg = Debug|Any CPU
		{44BFADA6-9862-4B12-B51A-525DB005331A}.Debug|Any CPU.Build.0 = Debug|Any CPU
		{44BFADA6-9862-4B12-B51A-525DB005331A}.Debug|ARM.ActiveCfg = Debug|Any CPU
		{44BFADA6-9862-4B12-B51A-525DB005331A}.Debug|iPhone.ActiveCfg = Debug|Any CPU
		{44BFADA6-9862-4B12-B51A-525DB005331A}.Debug|iPhoneSimulator.ActiveCfg = Debug|Any CPU
		{44BFADA6-9862-4B12-B51A-525DB005331A}.Debug|Mixed Platforms.ActiveCfg = Debug|Any CPU
		{44BFADA6-9862-4B12-B51A-525DB005331A}.Debug|Mixed Platforms.Build.0 = Debug|Any CPU
		{44BFADA6-9862-4B12-B51A-525DB005331A}.Debug|x86.ActiveCfg = Debug|Any CPU
		{44BFADA6-9862-4B12-B51A-525DB005331A}.Release|Any CPU.ActiveCfg = Release|Any CPU
		{44BFADA6-9862-4B12-B51A-525DB005331A}.Release|Any CPU.Build.0 = Release|Any CPU
		{44BFADA6-9862-4B12-B51A-525DB005331A}.Release|ARM.ActiveCfg = Release|Any CPU
		{44BFADA6-9862-4B12-B51A-525DB005331A}.Release|iPhone.ActiveCfg = Release|Any CPU
		{44BFADA6-9862-4B12-B51A-525DB005331A}.Release|iPhoneSimulator.ActiveCfg = Release|Any CPU
		{44BFADA6-9862-4B12-B51A-525DB005331A}.Release|Mixed Platforms.ActiveCfg = Release|Any CPU
		{44BFADA6-9862-4B12-B51A-525DB005331A}.Release|Mixed Platforms.Build.0 = Release|Any CPU
		{44BFADA6-9862-4B12-B51A-525DB005331A}.Release|x86.ActiveCfg = Release|Any CPU
		{A7844794-869D-4E48-A60F-00EDC7D1A7B8}.Ad-Hoc|Any CPU.ActiveCfg = Ad-Hoc|iPhone
		{A7844794-869D-4E48-A60F-00EDC7D1A7B8}.Ad-Hoc|ARM.ActiveCfg = Ad-Hoc|iPhone
		{A7844794-869D-4E48-A60F-00EDC7D1A7B8}.Ad-Hoc|iPhone.ActiveCfg = Ad-Hoc|iPhone
		{A7844794-869D-4E48-A60F-00EDC7D1A7B8}.Ad-Hoc|iPhone.Build.0 = Ad-Hoc|iPhone
		{A7844794-869D-4E48-A60F-00EDC7D1A7B8}.Ad-Hoc|iPhoneSimulator.ActiveCfg = Ad-Hoc|iPhoneSimulator
		{A7844794-869D-4E48-A60F-00EDC7D1A7B8}.Ad-Hoc|iPhoneSimulator.Build.0 = Ad-Hoc|iPhoneSimulator
		{A7844794-869D-4E48-A60F-00EDC7D1A7B8}.Ad-Hoc|Mixed Platforms.ActiveCfg = Ad-Hoc|iPhone
		{A7844794-869D-4E48-A60F-00EDC7D1A7B8}.Ad-Hoc|Mixed Platforms.Build.0 = Ad-Hoc|iPhone
		{A7844794-869D-4E48-A60F-00EDC7D1A7B8}.Ad-Hoc|x86.ActiveCfg = Ad-Hoc|iPhone
		{A7844794-869D-4E48-A60F-00EDC7D1A7B8}.AppStore|Any CPU.ActiveCfg = AppStore|iPhone
		{A7844794-869D-4E48-A60F-00EDC7D1A7B8}.AppStore|ARM.ActiveCfg = AppStore|iPhone
		{A7844794-869D-4E48-A60F-00EDC7D1A7B8}.AppStore|iPhone.ActiveCfg = AppStore|iPhone
		{A7844794-869D-4E48-A60F-00EDC7D1A7B8}.AppStore|iPhone.Build.0 = AppStore|iPhone
		{A7844794-869D-4E48-A60F-00EDC7D1A7B8}.AppStore|iPhoneSimulator.ActiveCfg = AppStore|iPhoneSimulator
		{A7844794-869D-4E48-A60F-00EDC7D1A7B8}.AppStore|iPhoneSimulator.Build.0 = AppStore|iPhoneSimulator
		{A7844794-869D-4E48-A60F-00EDC7D1A7B8}.AppStore|Mixed Platforms.ActiveCfg = AppStore|iPhone
		{A7844794-869D-4E48-A60F-00EDC7D1A7B8}.AppStore|Mixed Platforms.Build.0 = AppStore|iPhone
		{A7844794-869D-4E48-A60F-00EDC7D1A7B8}.AppStore|x86.ActiveCfg = AppStore|iPhone
		{A7844794-869D-4E48-A60F-00EDC7D1A7B8}.Debug|Any CPU.ActiveCfg = Debug|iPhone
		{A7844794-869D-4E48-A60F-00EDC7D1A7B8}.Debug|ARM.ActiveCfg = Debug|iPhone
		{A7844794-869D-4E48-A60F-00EDC7D1A7B8}.Debug|iPhone.ActiveCfg = Debug|iPhone
		{A7844794-869D-4E48-A60F-00EDC7D1A7B8}.Debug|iPhone.Build.0 = Debug|iPhone
		{A7844794-869D-4E48-A60F-00EDC7D1A7B8}.Debug|iPhoneSimulator.ActiveCfg = Debug|iPhoneSimulator
		{A7844794-869D-4E48-A60F-00EDC7D1A7B8}.Debug|iPhoneSimulator.Build.0 = Debug|iPhoneSimulator
		{A7844794-869D-4E48-A60F-00EDC7D1A7B8}.Debug|Mixed Platforms.ActiveCfg = Debug|iPhone
		{A7844794-869D-4E48-A60F-00EDC7D1A7B8}.Debug|Mixed Platforms.Build.0 = Debug|iPhone
		{A7844794-869D-4E48-A60F-00EDC7D1A7B8}.Debug|x86.ActiveCfg = Debug|iPhone
		{A7844794-869D-4E48-A60F-00EDC7D1A7B8}.Release|Any CPU.ActiveCfg = Release|iPhone
		{A7844794-869D-4E48-A60F-00EDC7D1A7B8}.Release|ARM.ActiveCfg = Release|iPhone
		{A7844794-869D-4E48-A60F-00EDC7D1A7B8}.Release|iPhone.ActiveCfg = Release|iPhone
		{A7844794-869D-4E48-A60F-00EDC7D1A7B8}.Release|iPhone.Build.0 = Release|iPhone
		{A7844794-869D-4E48-A60F-00EDC7D1A7B8}.Release|iPhoneSimulator.ActiveCfg = Release|iPhoneSimulator
		{A7844794-869D-4E48-A60F-00EDC7D1A7B8}.Release|iPhoneSimulator.Build.0 = Release|iPhoneSimulator
		{A7844794-869D-4E48-A60F-00EDC7D1A7B8}.Release|Mixed Platforms.ActiveCfg = Release|iPhone
		{A7844794-869D-4E48-A60F-00EDC7D1A7B8}.Release|Mixed Platforms.Build.0 = Release|iPhone
		{A7844794-869D-4E48-A60F-00EDC7D1A7B8}.Release|x86.ActiveCfg = Release|iPhone
		{071E21EF-4BF2-4D10-BE3B-05CFF257C341}.Ad-Hoc|Any CPU.ActiveCfg = Release|Any CPU
		{071E21EF-4BF2-4D10-BE3B-05CFF257C341}.Ad-Hoc|Any CPU.Build.0 = Release|Any CPU
		{071E21EF-4BF2-4D10-BE3B-05CFF257C341}.Ad-Hoc|Any CPU.Deploy.0 = Release|Any CPU
		{071E21EF-4BF2-4D10-BE3B-05CFF257C341}.Ad-Hoc|ARM.ActiveCfg = Release|Any CPU
		{071E21EF-4BF2-4D10-BE3B-05CFF257C341}.Ad-Hoc|iPhone.ActiveCfg = Release|Any CPU
		{071E21EF-4BF2-4D10-BE3B-05CFF257C341}.Ad-Hoc|iPhoneSimulator.ActiveCfg = Release|Any CPU
		{071E21EF-4BF2-4D10-BE3B-05CFF257C341}.Ad-Hoc|Mixed Platforms.ActiveCfg = Release|Any CPU
		{071E21EF-4BF2-4D10-BE3B-05CFF257C341}.Ad-Hoc|Mixed Platforms.Build.0 = Release|Any CPU
		{071E21EF-4BF2-4D10-BE3B-05CFF257C341}.Ad-Hoc|Mixed Platforms.Deploy.0 = Release|Any CPU
		{071E21EF-4BF2-4D10-BE3B-05CFF257C341}.Ad-Hoc|x86.ActiveCfg = Release|Any CPU
		{071E21EF-4BF2-4D10-BE3B-05CFF257C341}.AppStore|Any CPU.ActiveCfg = Release|Any CPU
		{071E21EF-4BF2-4D10-BE3B-05CFF257C341}.AppStore|Any CPU.Build.0 = Release|Any CPU
		{071E21EF-4BF2-4D10-BE3B-05CFF257C341}.AppStore|Any CPU.Deploy.0 = Release|Any CPU
		{071E21EF-4BF2-4D10-BE3B-05CFF257C341}.AppStore|ARM.ActiveCfg = Release|Any CPU
		{071E21EF-4BF2-4D10-BE3B-05CFF257C341}.AppStore|iPhone.ActiveCfg = Release|Any CPU
		{071E21EF-4BF2-4D10-BE3B-05CFF257C341}.AppStore|iPhoneSimulator.ActiveCfg = Release|Any CPU
		{071E21EF-4BF2-4D10-BE3B-05CFF257C341}.AppStore|Mixed Platforms.ActiveCfg = Release|Any CPU
		{071E21EF-4BF2-4D10-BE3B-05CFF257C341}.AppStore|Mixed Platforms.Build.0 = Release|Any CPU
		{071E21EF-4BF2-4D10-BE3B-05CFF257C341}.AppStore|Mixed Platforms.Deploy.0 = Release|Any CPU
		{071E21EF-4BF2-4D10-BE3B-05CFF257C341}.AppStore|x86.ActiveCfg = Release|Any CPU
		{071E21EF-4BF2-4D10-BE3B-05CFF257C341}.Debug|Any CPU.ActiveCfg = Debug|Any CPU
		{071E21EF-4BF2-4D10-BE3B-05CFF257C341}.Debug|Any CPU.Build.0 = Debug|Any CPU
		{071E21EF-4BF2-4D10-BE3B-05CFF257C341}.Debug|Any CPU.Deploy.0 = Debug|Any CPU
		{071E21EF-4BF2-4D10-BE3B-05CFF257C341}.Debug|ARM.ActiveCfg = Debug|Any CPU
		{071E21EF-4BF2-4D10-BE3B-05CFF257C341}.Debug|iPhone.ActiveCfg = Debug|Any CPU
		{071E21EF-4BF2-4D10-BE3B-05CFF257C341}.Debug|iPhoneSimulator.ActiveCfg = Debug|Any CPU
		{071E21EF-4BF2-4D10-BE3B-05CFF257C341}.Debug|Mixed Platforms.ActiveCfg = Debug|Any CPU
		{071E21EF-4BF2-4D10-BE3B-05CFF257C341}.Debug|Mixed Platforms.Build.0 = Debug|Any CPU
		{071E21EF-4BF2-4D10-BE3B-05CFF257C341}.Debug|Mixed Platforms.Deploy.0 = Debug|Any CPU
		{071E21EF-4BF2-4D10-BE3B-05CFF257C341}.Debug|x86.ActiveCfg = Debug|Any CPU
		{071E21EF-4BF2-4D10-BE3B-05CFF257C341}.Release|Any CPU.ActiveCfg = Release|Any CPU
		{071E21EF-4BF2-4D10-BE3B-05CFF257C341}.Release|Any CPU.Build.0 = Release|Any CPU
		{071E21EF-4BF2-4D10-BE3B-05CFF257C341}.Release|Any CPU.Deploy.0 = Release|Any CPU
		{071E21EF-4BF2-4D10-BE3B-05CFF257C341}.Release|ARM.ActiveCfg = Release|Any CPU
		{071E21EF-4BF2-4D10-BE3B-05CFF257C341}.Release|iPhone.ActiveCfg = Release|Any CPU
		{071E21EF-4BF2-4D10-BE3B-05CFF257C341}.Release|iPhoneSimulator.ActiveCfg = Release|Any CPU
		{071E21EF-4BF2-4D10-BE3B-05CFF257C341}.Release|Mixed Platforms.ActiveCfg = Release|Any CPU
		{071E21EF-4BF2-4D10-BE3B-05CFF257C341}.Release|Mixed Platforms.Build.0 = Release|Any CPU
		{071E21EF-4BF2-4D10-BE3B-05CFF257C341}.Release|Mixed Platforms.Deploy.0 = Release|Any CPU
		{071E21EF-4BF2-4D10-BE3B-05CFF257C341}.Release|x86.ActiveCfg = Release|Any CPU
		{C557F339-F33F-4710-8F02-A39719EC0CEE}.Ad-Hoc|Any CPU.ActiveCfg = Release|Any CPU
		{C557F339-F33F-4710-8F02-A39719EC0CEE}.Ad-Hoc|Any CPU.Build.0 = Release|Any CPU
		{C557F339-F33F-4710-8F02-A39719EC0CEE}.Ad-Hoc|Any CPU.Deploy.0 = Release|Any CPU
		{C557F339-F33F-4710-8F02-A39719EC0CEE}.Ad-Hoc|ARM.ActiveCfg = Release|ARM
		{C557F339-F33F-4710-8F02-A39719EC0CEE}.Ad-Hoc|ARM.Build.0 = Release|ARM
		{C557F339-F33F-4710-8F02-A39719EC0CEE}.Ad-Hoc|ARM.Deploy.0 = Release|ARM
		{C557F339-F33F-4710-8F02-A39719EC0CEE}.Ad-Hoc|iPhone.ActiveCfg = Release|Any CPU
		{C557F339-F33F-4710-8F02-A39719EC0CEE}.Ad-Hoc|iPhoneSimulator.ActiveCfg = Release|Any CPU
		{C557F339-F33F-4710-8F02-A39719EC0CEE}.Ad-Hoc|Mixed Platforms.ActiveCfg = Release|x86
		{C557F339-F33F-4710-8F02-A39719EC0CEE}.Ad-Hoc|Mixed Platforms.Build.0 = Release|x86
		{C557F339-F33F-4710-8F02-A39719EC0CEE}.Ad-Hoc|Mixed Platforms.Deploy.0 = Release|x86
		{C557F339-F33F-4710-8F02-A39719EC0CEE}.Ad-Hoc|x86.ActiveCfg = Release|x86
		{C557F339-F33F-4710-8F02-A39719EC0CEE}.Ad-Hoc|x86.Build.0 = Release|x86
		{C557F339-F33F-4710-8F02-A39719EC0CEE}.Ad-Hoc|x86.Deploy.0 = Release|x86
		{C557F339-F33F-4710-8F02-A39719EC0CEE}.AppStore|Any CPU.ActiveCfg = Release|Any CPU
		{C557F339-F33F-4710-8F02-A39719EC0CEE}.AppStore|Any CPU.Build.0 = Release|Any CPU
		{C557F339-F33F-4710-8F02-A39719EC0CEE}.AppStore|Any CPU.Deploy.0 = Release|Any CPU
		{C557F339-F33F-4710-8F02-A39719EC0CEE}.AppStore|ARM.ActiveCfg = Release|ARM
		{C557F339-F33F-4710-8F02-A39719EC0CEE}.AppStore|ARM.Build.0 = Release|ARM
		{C557F339-F33F-4710-8F02-A39719EC0CEE}.AppStore|ARM.Deploy.0 = Release|ARM
		{C557F339-F33F-4710-8F02-A39719EC0CEE}.AppStore|iPhone.ActiveCfg = Release|Any CPU
		{C557F339-F33F-4710-8F02-A39719EC0CEE}.AppStore|iPhoneSimulator.ActiveCfg = Release|Any CPU
		{C557F339-F33F-4710-8F02-A39719EC0CEE}.AppStore|Mixed Platforms.ActiveCfg = Release|x86
		{C557F339-F33F-4710-8F02-A39719EC0CEE}.AppStore|Mixed Platforms.Build.0 = Release|x86
		{C557F339-F33F-4710-8F02-A39719EC0CEE}.AppStore|Mixed Platforms.Deploy.0 = Release|x86
		{C557F339-F33F-4710-8F02-A39719EC0CEE}.AppStore|x86.ActiveCfg = Release|x86
		{C557F339-F33F-4710-8F02-A39719EC0CEE}.AppStore|x86.Build.0 = Release|x86
		{C557F339-F33F-4710-8F02-A39719EC0CEE}.AppStore|x86.Deploy.0 = Release|x86
		{C557F339-F33F-4710-8F02-A39719EC0CEE}.Debug|Any CPU.ActiveCfg = Debug|Any CPU
		{C557F339-F33F-4710-8F02-A39719EC0CEE}.Debug|Any CPU.Build.0 = Debug|Any CPU
		{C557F339-F33F-4710-8F02-A39719EC0CEE}.Debug|Any CPU.Deploy.0 = Debug|Any CPU
		{C557F339-F33F-4710-8F02-A39719EC0CEE}.Debug|ARM.ActiveCfg = Debug|ARM
		{C557F339-F33F-4710-8F02-A39719EC0CEE}.Debug|ARM.Build.0 = Debug|ARM
		{C557F339-F33F-4710-8F02-A39719EC0CEE}.Debug|ARM.Deploy.0 = Debug|ARM
		{C557F339-F33F-4710-8F02-A39719EC0CEE}.Debug|iPhone.ActiveCfg = Debug|Any CPU
		{C557F339-F33F-4710-8F02-A39719EC0CEE}.Debug|iPhoneSimulator.ActiveCfg = Debug|Any CPU
		{C557F339-F33F-4710-8F02-A39719EC0CEE}.Debug|Mixed Platforms.ActiveCfg = Debug|x86
		{C557F339-F33F-4710-8F02-A39719EC0CEE}.Debug|Mixed Platforms.Build.0 = Debug|x86
		{C557F339-F33F-4710-8F02-A39719EC0CEE}.Debug|Mixed Platforms.Deploy.0 = Debug|x86
		{C557F339-F33F-4710-8F02-A39719EC0CEE}.Debug|x86.ActiveCfg = Debug|x86
		{C557F339-F33F-4710-8F02-A39719EC0CEE}.Debug|x86.Build.0 = Debug|x86
		{C557F339-F33F-4710-8F02-A39719EC0CEE}.Debug|x86.Deploy.0 = Debug|x86
		{C557F339-F33F-4710-8F02-A39719EC0CEE}.Release|Any CPU.ActiveCfg = Release|Any CPU
		{C557F339-F33F-4710-8F02-A39719EC0CEE}.Release|Any CPU.Build.0 = Release|Any CPU
		{C557F339-F33F-4710-8F02-A39719EC0CEE}.Release|Any CPU.Deploy.0 = Release|Any CPU
		{C557F339-F33F-4710-8F02-A39719EC0CEE}.Release|ARM.ActiveCfg = Release|ARM
		{C557F339-F33F-4710-8F02-A39719EC0CEE}.Release|ARM.Build.0 = Release|ARM
		{C557F339-F33F-4710-8F02-A39719EC0CEE}.Release|ARM.Deploy.0 = Release|ARM
		{C557F339-F33F-4710-8F02-A39719EC0CEE}.Release|iPhone.ActiveCfg = Release|Any CPU
		{C557F339-F33F-4710-8F02-A39719EC0CEE}.Release|iPhoneSimulator.ActiveCfg = Release|Any CPU
		{C557F339-F33F-4710-8F02-A39719EC0CEE}.Release|Mixed Platforms.ActiveCfg = Release|x86
		{C557F339-F33F-4710-8F02-A39719EC0CEE}.Release|Mixed Platforms.Build.0 = Release|x86
		{C557F339-F33F-4710-8F02-A39719EC0CEE}.Release|Mixed Platforms.Deploy.0 = Release|x86
		{C557F339-F33F-4710-8F02-A39719EC0CEE}.Release|x86.ActiveCfg = Release|x86
		{C557F339-F33F-4710-8F02-A39719EC0CEE}.Release|x86.Build.0 = Release|x86
		{C557F339-F33F-4710-8F02-A39719EC0CEE}.Release|x86.Deploy.0 = Release|x86
	EndGlobalSection
	GlobalSection(SolutionProperties) = preSolution
		HideSolutionNode = FALSE
	EndGlobalSection
EndGlobal
