
Microsoft Visual Studio Solution File, Format Version 12.00
# Visual Studio 2013
VisualStudioVersion = 12.0.31101.0
MinimumVisualStudioVersion = 10.0.40219.1
Project("{FAE04EC0-301F-11D3-BF4B-00C04F79EFBC}") = "Alertas", "Alertas\Alertas\Alertas.csproj", "{DBF3DE34-0846-4106-8F08-970CB0CC7C9B}"
EndProject
Project("{FAE04EC0-301F-11D3-BF4B-00C04F79EFBC}") = "Alertas.iOS", "Alertas\Alertas.iOS\Alertas.iOS.csproj", "{662B9519-188E-431D-88DF-D04C7DFC03B0}"
EndProject
Project("{FAE04EC0-301F-11D3-BF4B-00C04F79EFBC}") = "Alertas.Droid", "Alertas\Alertas.Droid\Alertas.Droid.csproj", "{F92B19B4-E521-4B79-BC79-E916FD68FB2D}"
EndProject
Project("{FAE04EC0-301F-11D3-BF4B-00C04F79EFBC}") = "Alertas.WinPhone", "Alertas\Alertas.WinPhone\Alertas.WinPhone.csproj", "{47C57D01-97BC-404A-9EE4-61B8C9A4FCBB}"
EndProject
Global
	GlobalSection(SolutionConfigurationPlatforms) = preSolution
		Ad-Hoc|Any CPU = Ad-Hoc|Any CPU
		Ad-Hoc|ARM = Ad-Hoc|ARM
		Ad-Hoc|iPhone = Ad-Hoc|iPhone
		Ad-Hoc|iPhoneSimulator = Ad-Hoc|iPhoneSimulator
		Ad-Hoc|Mixed Platforms = Ad-Hoc|Mixed Platforms
		Ad-Hoc|x86 = Ad-Hoc|x86
		AppStore|Any CPU = AppStore|Any CPU
		AppStore|ARM = AppStore|ARM
		AppStore|iPhone = AppStore|iPhone
		AppStore|iPhoneSimulator = AppStore|iPhoneSimulator
		AppStore|Mixed Platforms = AppStore|Mixed Platforms
		AppStore|x86 = AppStore|x86
		Debug|Any CPU = Debug|Any CPU
		Debug|ARM = Debug|ARM
		Debug|iPhone = Debug|iPhone
		Debug|iPhoneSimulator = Debug|iPhoneSimulator
		Debug|Mixed Platforms = Debug|Mixed Platforms
		Debug|x86 = Debug|x86
		Release|Any CPU = Release|Any CPU
		Release|ARM = Release|ARM
		Release|iPhone = Release|iPhone
		Release|iPhoneSimulator = Release|iPhoneSimulator
		Release|Mixed Platforms = Release|Mixed Platforms
		Release|x86 = Release|x86
	EndGlobalSection
	GlobalSection(ProjectConfigurationPlatforms) = postSolution
		{DBF3DE34-0846-4106-8F08-970CB0CC7C9B}.Ad-Hoc|Any CPU.ActiveCfg = Release|Any CPU
		{DBF3DE34-0846-4106-8F08-970CB0CC7C9B}.Ad-Hoc|Any CPU.Build.0 = Release|Any CPU
		{DBF3DE34-0846-4106-8F08-970CB0CC7C9B}.Ad-Hoc|ARM.ActiveCfg = Release|Any CPU
		{DBF3DE34-0846-4106-8F08-970CB0CC7C9B}.Ad-Hoc|iPhone.ActiveCfg = Release|Any CPU
		{DBF3DE34-0846-4106-8F08-970CB0CC7C9B}.Ad-Hoc|iPhoneSimulator.ActiveCfg = Release|Any CPU
		{DBF3DE34-0846-4106-8F08-970CB0CC7C9B}.Ad-Hoc|Mixed Platforms.ActiveCfg = Release|Any CPU
		{DBF3DE34-0846-4106-8F08-970CB0CC7C9B}.Ad-Hoc|Mixed Platforms.Build.0 = Release|Any CPU
		{DBF3DE34-0846-4106-8F08-970CB0CC7C9B}.Ad-Hoc|x86.ActiveCfg = Release|Any CPU
		{DBF3DE34-0846-4106-8F08-970CB0CC7C9B}.AppStore|Any CPU.ActiveCfg = Release|Any CPU
		{DBF3DE34-0846-4106-8F08-970CB0CC7C9B}.AppStore|Any CPU.Build.0 = Release|Any CPU
		{DBF3DE34-0846-4106-8F08-970CB0CC7C9B}.AppStore|ARM.ActiveCfg = Release|Any CPU
		{DBF3DE34-0846-4106-8F08-970CB0CC7C9B}.AppStore|iPhone.ActiveCfg = Release|Any CPU
		{DBF3DE34-0846-4106-8F08-970CB0CC7C9B}.AppStore|iPhoneSimulator.ActiveCfg = Release|Any CPU
		{DBF3DE34-0846-4106-8F08-970CB0CC7C9B}.AppStore|Mixed Platforms.ActiveCfg = Release|Any CPU
		{DBF3DE34-0846-4106-8F08-970CB0CC7C9B}.AppStore|Mixed Platforms.Build.0 = Release|Any CPU
		{DBF3DE34-0846-4106-8F08-970CB0CC7C9B}.AppStore|x86.ActiveCfg = Release|Any CPU
		{DBF3DE34-0846-4106-8F08-970CB0CC7C9B}.Debug|Any CPU.ActiveCfg = Debug|Any CPU
		{DBF3DE34-0846-4106-8F08-970CB0CC7C9B}.Debug|Any CPU.Build.0 = Debug|Any CPU
		{DBF3DE34-0846-4106-8F08-970CB0CC7C9B}.Debug|ARM.ActiveCfg = Debug|Any CPU
		{DBF3DE34-0846-4106-8F08-970CB0CC7C9B}.Debug|iPhone.ActiveCfg = Debug|Any CPU
		{DBF3DE34-0846-4106-8F08-970CB0CC7C9B}.Debug|iPhoneSimulator.ActiveCfg = Debug|Any CPU
		{DBF3DE34-0846-4106-8F08-970CB0CC7C9B}.Debug|Mixed Platforms.ActiveCfg = Debug|Any CPU
		{DBF3DE34-0846-4106-8F08-970CB0CC7C9B}.Debug|Mixed Platforms.Build.0 = Debug|Any CPU
		{DBF3DE34-0846-4106-8F08-970CB0CC7C9B}.Debug|x86.ActiveCfg = Debug|Any CPU
		{DBF3DE34-0846-4106-8F08-970CB0CC7C9B}.Release|Any CPU.ActiveCfg = Release|Any CPU
		{DBF3DE34-0846-4106-8F08-970CB0CC7C9B}.Release|Any CPU.Build.0 = Release|Any CPU
		{DBF3DE34-0846-4106-8F08-970CB0CC7C9B}.Release|ARM.ActiveCfg = Release|Any CPU
		{DBF3DE34-0846-4106-8F08-970CB0CC7C9B}.Release|iPhone.ActiveCfg = Release|Any CPU
		{DBF3DE34-0846-4106-8F08-970CB0CC7C9B}.Release|iPhoneSimulator.ActiveCfg = Release|Any CPU
		{DBF3DE34-0846-4106-8F08-970CB0CC7C9B}.Release|Mixed Platforms.ActiveCfg = Release|Any CPU
		{DBF3DE34-0846-4106-8F08-970CB0CC7C9B}.Release|Mixed Platforms.Build.0 = Release|Any CPU
		{DBF3DE34-0846-4106-8F08-970CB0CC7C9B}.Release|x86.ActiveCfg = Release|Any CPU
		{662B9519-188E-431D-88DF-D04C7DFC03B0}.Ad-Hoc|Any CPU.ActiveCfg = Ad-Hoc|iPhone
		{662B9519-188E-431D-88DF-D04C7DFC03B0}.Ad-Hoc|ARM.ActiveCfg = Ad-Hoc|iPhone
		{662B9519-188E-431D-88DF-D04C7DFC03B0}.Ad-Hoc|iPhone.ActiveCfg = Ad-Hoc|iPhone
		{662B9519-188E-431D-88DF-D04C7DFC03B0}.Ad-Hoc|iPhone.Build.0 = Ad-Hoc|iPhone
		{662B9519-188E-431D-88DF-D04C7DFC03B0}.Ad-Hoc|iPhoneSimulator.ActiveCfg = Ad-Hoc|iPhoneSimulator
		{662B9519-188E-431D-88DF-D04C7DFC03B0}.Ad-Hoc|iPhoneSimulator.Build.0 = Ad-Hoc|iPhoneSimulator
		{662B9519-188E-431D-88DF-D04C7DFC03B0}.Ad-Hoc|Mixed Platforms.ActiveCfg = Ad-Hoc|iPhone
		{662B9519-188E-431D-88DF-D04C7DFC03B0}.Ad-Hoc|Mixed Platforms.Build.0 = Ad-Hoc|iPhone
		{662B9519-188E-431D-88DF-D04C7DFC03B0}.Ad-Hoc|x86.ActiveCfg = Ad-Hoc|iPhone
		{662B9519-188E-431D-88DF-D04C7DFC03B0}.AppStore|Any CPU.ActiveCfg = AppStore|iPhone
		{662B9519-188E-431D-88DF-D04C7DFC03B0}.AppStore|ARM.ActiveCfg = AppStore|iPhone
		{662B9519-188E-431D-88DF-D04C7DFC03B0}.AppStore|iPhone.ActiveCfg = AppStore|iPhone
		{662B9519-188E-431D-88DF-D04C7DFC03B0}.AppStore|iPhone.Build.0 = AppStore|iPhone
		{662B9519-188E-431D-88DF-D04C7DFC03B0}.AppStore|iPhoneSimulator.ActiveCfg = AppStore|iPhoneSimulator
		{662B9519-188E-431D-88DF-D04C7DFC03B0}.AppStore|iPhoneSimulator.Build.0 = AppStore|iPhoneSimulator
		{662B9519-188E-431D-88DF-D04C7DFC03B0}.AppStore|Mixed Platforms.ActiveCfg = AppStore|iPhone
		{662B9519-188E-431D-88DF-D04C7DFC03B0}.AppStore|Mixed Platforms.Build.0 = AppStore|iPhone
		{662B9519-188E-431D-88DF-D04C7DFC03B0}.AppStore|x86.ActiveCfg = AppStore|iPhone
		{662B9519-188E-431D-88DF-D04C7DFC03B0}.Debug|Any CPU.ActiveCfg = Debug|iPhone
		{662B9519-188E-431D-88DF-D04C7DFC03B0}.Debug|ARM.ActiveCfg = Debug|iPhone
		{662B9519-188E-431D-88DF-D04C7DFC03B0}.Debug|iPhone.ActiveCfg = Debug|iPhone
		{662B9519-188E-431D-88DF-D04C7DFC03B0}.Debug|iPhone.Build.0 = Debug|iPhone
		{662B9519-188E-431D-88DF-D04C7DFC03B0}.Debug|iPhoneSimulator.ActiveCfg = Debug|iPhoneSimulator
		{662B9519-188E-431D-88DF-D04C7DFC03B0}.Debug|iPhoneSimulator.Build.0 = Debug|iPhoneSimulator
		{662B9519-188E-431D-88DF-D04C7DFC03B0}.Debug|Mixed Platforms.ActiveCfg = Debug|iPhone
		{662B9519-188E-431D-88DF-D04C7DFC03B0}.Debug|Mixed Platforms.Build.0 = Debug|iPhone
		{662B9519-188E-431D-88DF-D04C7DFC03B0}.Debug|x86.ActiveCfg = Debug|iPhone
		{662B9519-188E-431D-88DF-D04C7DFC03B0}.Release|Any CPU.ActiveCfg = Release|iPhone
		{662B9519-188E-431D-88DF-D04C7DFC03B0}.Release|ARM.ActiveCfg = Release|iPhone
		{662B9519-188E-431D-88DF-D04C7DFC03B0}.Release|iPhone.ActiveCfg = Release|iPhone
		{662B9519-188E-431D-88DF-D04C7DFC03B0}.Release|iPhone.Build.0 = Release|iPhone
		{662B9519-188E-431D-88DF-D04C7DFC03B0}.Release|iPhoneSimulator.ActiveCfg = Release|iPhoneSimulator
		{662B9519-188E-431D-88DF-D04C7DFC03B0}.Release|iPhoneSimulator.Build.0 = Release|iPhoneSimulator
		{662B9519-188E-431D-88DF-D04C7DFC03B0}.Release|Mixed Platforms.ActiveCfg = Release|iPhone
		{662B9519-188E-431D-88DF-D04C7DFC03B0}.Release|Mixed Platforms.Build.0 = Release|iPhone
		{662B9519-188E-431D-88DF-D04C7DFC03B0}.Release|x86.ActiveCfg = Release|iPhone
		{F92B19B4-E521-4B79-BC79-E916FD68FB2D}.Ad-Hoc|Any CPU.ActiveCfg = Release|Any CPU
		{F92B19B4-E521-4B79-BC79-E916FD68FB2D}.Ad-Hoc|Any CPU.Build.0 = Release|Any CPU
		{F92B19B4-E521-4B79-BC79-E916FD68FB2D}.Ad-Hoc|Any CPU.Deploy.0 = Release|Any CPU
		{F92B19B4-E521-4B79-BC79-E916FD68FB2D}.Ad-Hoc|ARM.ActiveCfg = Release|Any CPU
		{F92B19B4-E521-4B79-BC79-E916FD68FB2D}.Ad-Hoc|iPhone.ActiveCfg = Release|Any CPU
		{F92B19B4-E521-4B79-BC79-E916FD68FB2D}.Ad-Hoc|iPhoneSimulator.ActiveCfg = Release|Any CPU
		{F92B19B4-E521-4B79-BC79-E916FD68FB2D}.Ad-Hoc|Mixed Platforms.ActiveCfg = Release|Any CPU
		{F92B19B4-E521-4B79-BC79-E916FD68FB2D}.Ad-Hoc|Mixed Platforms.Build.0 = Release|Any CPU
		{F92B19B4-E521-4B79-BC79-E916FD68FB2D}.Ad-Hoc|Mixed Platforms.Deploy.0 = Release|Any CPU
		{F92B19B4-E521-4B79-BC79-E916FD68FB2D}.Ad-Hoc|x86.ActiveCfg = Release|Any CPU
		{F92B19B4-E521-4B79-BC79-E916FD68FB2D}.AppStore|Any CPU.ActiveCfg = Release|Any CPU
		{F92B19B4-E521-4B79-BC79-E916FD68FB2D}.AppStore|Any CPU.Build.0 = Release|Any CPU
		{F92B19B4-E521-4B79-BC79-E916FD68FB2D}.AppStore|Any CPU.Deploy.0 = Release|Any CPU
		{F92B19B4-E521-4B79-BC79-E916FD68FB2D}.AppStore|ARM.ActiveCfg = Release|Any CPU
		{F92B19B4-E521-4B79-BC79-E916FD68FB2D}.AppStore|iPhone.ActiveCfg = Release|Any CPU
		{F92B19B4-E521-4B79-BC79-E916FD68FB2D}.AppStore|iPhoneSimulator.ActiveCfg = Release|Any CPU
		{F92B19B4-E521-4B79-BC79-E916FD68FB2D}.AppStore|Mixed Platforms.ActiveCfg = Release|Any CPU
		{F92B19B4-E521-4B79-BC79-E916FD68FB2D}.AppStore|Mixed Platforms.Build.0 = Release|Any CPU
		{F92B19B4-E521-4B79-BC79-E916FD68FB2D}.AppStore|Mixed Platforms.Deploy.0 = Release|Any CPU
		{F92B19B4-E521-4B79-BC79-E916FD68FB2D}.AppStore|x86.ActiveCfg = Release|Any CPU
		{F92B19B4-E521-4B79-BC79-E916FD68FB2D}.Debug|Any CPU.ActiveCfg = Debug|Any CPU
		{F92B19B4-E521-4B79-BC79-E916FD68FB2D}.Debug|Any CPU.Build.0 = Debug|Any CPU
		{F92B19B4-E521-4B79-BC79-E916FD68FB2D}.Debug|Any CPU.Deploy.0 = Debug|Any CPU
		{F92B19B4-E521-4B79-BC79-E916FD68FB2D}.Debug|ARM.ActiveCfg = Debug|Any CPU
		{F92B19B4-E521-4B79-BC79-E916FD68FB2D}.Debug|iPhone.ActiveCfg = Debug|Any CPU
		{F92B19B4-E521-4B79-BC79-E916FD68FB2D}.Debug|iPhoneSimulator.ActiveCfg = Debug|Any CPU
		{F92B19B4-E521-4B79-BC79-E916FD68FB2D}.Debug|Mixed Platforms.ActiveCfg = Debug|Any CPU
		{F92B19B4-E521-4B79-BC79-E916FD68FB2D}.Debug|Mixed Platforms.Build.0 = Debug|Any CPU
		{F92B19B4-E521-4B79-BC79-E916FD68FB2D}.Debug|Mixed Platforms.Deploy.0 = Debug|Any CPU
		{F92B19B4-E521-4B79-BC79-E916FD68FB2D}.Debug|x86.ActiveCfg = Debug|Any CPU
		{F92B19B4-E521-4B79-BC79-E916FD68FB2D}.Release|Any CPU.ActiveCfg = Release|Any CPU
		{F92B19B4-E521-4B79-BC79-E916FD68FB2D}.Release|Any CPU.Build.0 = Release|Any CPU
		{F92B19B4-E521-4B79-BC79-E916FD68FB2D}.Release|Any CPU.Deploy.0 = Release|Any CPU
		{F92B19B4-E521-4B79-BC79-E916FD68FB2D}.Release|ARM.ActiveCfg = Release|Any CPU
		{F92B19B4-E521-4B79-BC79-E916FD68FB2D}.Release|iPhone.ActiveCfg = Release|Any CPU
		{F92B19B4-E521-4B79-BC79-E916FD68FB2D}.Release|iPhoneSimulator.ActiveCfg = Release|Any CPU
		{F92B19B4-E521-4B79-BC79-E916FD68FB2D}.Release|Mixed Platforms.ActiveCfg = Release|Any CPU
		{F92B19B4-E521-4B79-BC79-E916FD68FB2D}.Release|Mixed Platforms.Build.0 = Release|Any CPU
		{F92B19B4-E521-4B79-BC79-E916FD68FB2D}.Release|Mixed Platforms.Deploy.0 = Release|Any CPU
		{F92B19B4-E521-4B79-BC79-E916FD68FB2D}.Release|x86.ActiveCfg = Release|Any CPU
		{47C57D01-97BC-404A-9EE4-61B8C9A4FCBB}.Ad-Hoc|Any CPU.ActiveCfg = Release|Any CPU
		{47C57D01-97BC-404A-9EE4-61B8C9A4FCBB}.Ad-Hoc|Any CPU.Build.0 = Release|Any CPU
		{47C57D01-97BC-404A-9EE4-61B8C9A4FCBB}.Ad-Hoc|Any CPU.Deploy.0 = Release|Any CPU
		{47C57D01-97BC-404A-9EE4-61B8C9A4FCBB}.Ad-Hoc|ARM.ActiveCfg = Release|ARM
		{47C57D01-97BC-404A-9EE4-61B8C9A4FCBB}.Ad-Hoc|ARM.Build.0 = Release|ARM
		{47C57D01-97BC-404A-9EE4-61B8C9A4FCBB}.Ad-Hoc|ARM.Deploy.0 = Release|ARM
		{47C57D01-97BC-404A-9EE4-61B8C9A4FCBB}.Ad-Hoc|iPhone.ActiveCfg = Release|Any CPU
		{47C57D01-97BC-404A-9EE4-61B8C9A4FCBB}.Ad-Hoc|iPhoneSimulator.ActiveCfg = Release|Any CPU
		{47C57D01-97BC-404A-9EE4-61B8C9A4FCBB}.Ad-Hoc|Mixed Platforms.ActiveCfg = Release|x86
		{47C57D01-97BC-404A-9EE4-61B8C9A4FCBB}.Ad-Hoc|Mixed Platforms.Build.0 = Release|x86
		{47C57D01-97BC-404A-9EE4-61B8C9A4FCBB}.Ad-Hoc|Mixed Platforms.Deploy.0 = Release|x86
		{47C57D01-97BC-404A-9EE4-61B8C9A4FCBB}.Ad-Hoc|x86.ActiveCfg = Release|x86
		{47C57D01-97BC-404A-9EE4-61B8C9A4FCBB}.Ad-Hoc|x86.Build.0 = Release|x86
		{47C57D01-97BC-404A-9EE4-61B8C9A4FCBB}.Ad-Hoc|x86.Deploy.0 = Release|x86
		{47C57D01-97BC-404A-9EE4-61B8C9A4FCBB}.AppStore|Any CPU.ActiveCfg = Release|Any CPU
		{47C57D01-97BC-404A-9EE4-61B8C9A4FCBB}.AppStore|Any CPU.Build.0 = Release|Any CPU
		{47C57D01-97BC-404A-9EE4-61B8C9A4FCBB}.AppStore|Any CPU.Deploy.0 = Release|Any CPU
		{47C57D01-97BC-404A-9EE4-61B8C9A4FCBB}.AppStore|ARM.ActiveCfg = Release|ARM
		{47C57D01-97BC-404A-9EE4-61B8C9A4FCBB}.AppStore|ARM.Build.0 = Release|ARM
		{47C57D01-97BC-404A-9EE4-61B8C9A4FCBB}.AppStore|ARM.Deploy.0 = Release|ARM
		{47C57D01-97BC-404A-9EE4-61B8C9A4FCBB}.AppStore|iPhone.ActiveCfg = Release|Any CPU
		{47C57D01-97BC-404A-9EE4-61B8C9A4FCBB}.AppStore|iPhoneSimulator.ActiveCfg = Release|Any CPU
		{47C57D01-97BC-404A-9EE4-61B8C9A4FCBB}.AppStore|Mixed Platforms.ActiveCfg = Release|x86
		{47C57D01-97BC-404A-9EE4-61B8C9A4FCBB}.AppStore|Mixed Platforms.Build.0 = Release|x86
		{47C57D01-97BC-404A-9EE4-61B8C9A4FCBB}.AppStore|Mixed Platforms.Deploy.0 = Release|x86
		{47C57D01-97BC-404A-9EE4-61B8C9A4FCBB}.AppStore|x86.ActiveCfg = Release|x86
		{47C57D01-97BC-404A-9EE4-61B8C9A4FCBB}.AppStore|x86.Build.0 = Release|x86
		{47C57D01-97BC-404A-9EE4-61B8C9A4FCBB}.AppStore|x86.Deploy.0 = Release|x86
		{47C57D01-97BC-404A-9EE4-61B8C9A4FCBB}.Debug|Any CPU.ActiveCfg = Debug|Any CPU
		{47C57D01-97BC-404A-9EE4-61B8C9A4FCBB}.Debug|Any CPU.Build.0 = Debug|Any CPU
		{47C57D01-97BC-404A-9EE4-61B8C9A4FCBB}.Debug|Any CPU.Deploy.0 = Debug|Any CPU
		{47C57D01-97BC-404A-9EE4-61B8C9A4FCBB}.Debug|ARM.ActiveCfg = Debug|ARM
		{47C57D01-97BC-404A-9EE4-61B8C9A4FCBB}.Debug|ARM.Build.0 = Debug|ARM
		{47C57D01-97BC-404A-9EE4-61B8C9A4FCBB}.Debug|ARM.Deploy.0 = Debug|ARM
		{47C57D01-97BC-404A-9EE4-61B8C9A4FCBB}.Debug|iPhone.ActiveCfg = Debug|Any CPU
		{47C57D01-97BC-404A-9EE4-61B8C9A4FCBB}.Debug|iPhoneSimulator.ActiveCfg = Debug|Any CPU
		{47C57D01-97BC-404A-9EE4-61B8C9A4FCBB}.Debug|Mixed Platforms.ActiveCfg = Debug|x86
		{47C57D01-97BC-404A-9EE4-61B8C9A4FCBB}.Debug|Mixed Platforms.Build.0 = Debug|x86
		{47C57D01-97BC-404A-9EE4-61B8C9A4FCBB}.Debug|Mixed Platforms.Deploy.0 = Debug|x86
		{47C57D01-97BC-404A-9EE4-61B8C9A4FCBB}.Debug|x86.ActiveCfg = Debug|x86
		{47C57D01-97BC-404A-9EE4-61B8C9A4FCBB}.Debug|x86.Build.0 = Debug|x86
		{47C57D01-97BC-404A-9EE4-61B8C9A4FCBB}.Debug|x86.Deploy.0 = Debug|x86
		{47C57D01-97BC-404A-9EE4-61B8C9A4FCBB}.Release|Any CPU.ActiveCfg = Release|Any CPU
		{47C57D01-97BC-404A-9EE4-61B8C9A4FCBB}.Release|Any CPU.Build.0 = Release|Any CPU
		{47C57D01-97BC-404A-9EE4-61B8C9A4FCBB}.Release|Any CPU.Deploy.0 = Release|Any CPU
		{47C57D01-97BC-404A-9EE4-61B8C9A4FCBB}.Release|ARM.ActiveCfg = Release|ARM
		{47C57D01-97BC-404A-9EE4-61B8C9A4FCBB}.Release|ARM.Build.0 = Release|ARM
		{47C57D01-97BC-404A-9EE4-61B8C9A4FCBB}.Release|ARM.Deploy.0 = Release|ARM
		{47C57D01-97BC-404A-9EE4-61B8C9A4FCBB}.Release|iPhone.ActiveCfg = Release|Any CPU
		{47C57D01-97BC-404A-9EE4-61B8C9A4FCBB}.Release|iPhoneSimulator.ActiveCfg = Release|Any CPU
		{47C57D01-97BC-404A-9EE4-61B8C9A4FCBB}.Release|Mixed Platforms.ActiveCfg = Release|x86
		{47C57D01-97BC-404A-9EE4-61B8C9A4FCBB}.Release|Mixed Platforms.Build.0 = Release|x86
		{47C57D01-97BC-404A-9EE4-61B8C9A4FCBB}.Release|Mixed Platforms.Deploy.0 = Release|x86
		{47C57D01-97BC-404A-9EE4-61B8C9A4FCBB}.Release|x86.ActiveCfg = Release|x86
		{47C57D01-97BC-404A-9EE4-61B8C9A4FCBB}.Release|x86.Build.0 = Release|x86
		{47C57D01-97BC-404A-9EE4-61B8C9A4FCBB}.Release|x86.Deploy.0 = Release|x86
	EndGlobalSection
	GlobalSection(SolutionProperties) = preSolution
		HideSolutionNode = FALSE
	EndGlobalSection
EndGlobal
