
Microsoft Visual Studio Solution File, Format Version 12.00
# Visual Studio 2013
VisualStudioVersion = 12.0.31101.0
MinimumVisualStudioVersion = 10.0.40219.1
Project("{FAE04EC0-301F-11D3-BF4B-00C04F79EFBC}") = "Mensagem", "Mensagem\Mensagem\Mensagem.csproj", "{29CCDE4D-6D11-4038-A7BB-BF4CDC0A163E}"
EndProject
Project("{FAE04EC0-301F-11D3-BF4B-00C04F79EFBC}") = "Mensagem.iOS", "Mensagem\Mensagem.iOS\Mensagem.iOS.csproj", "{F940CDA4-64A5-4878-AA9A-77261C07431F}"
EndProject
Project("{FAE04EC0-301F-11D3-BF4B-00C04F79EFBC}") = "Mensagem.Droid", "Mensagem\Mensagem.Droid\Mensagem.Droid.csproj", "{2FAF6C06-9A4F-4516-8163-8A93C1524261}"
EndProject
Project("{FAE04EC0-301F-11D3-BF4B-00C04F79EFBC}") = "Mensagem.WinPhone", "Mensagem\Mensagem.WinPhone\Mensagem.WinPhone.csproj", "{087825B4-57F3-41EF-91BC-5DF193CFD734}"
EndProject
Global
	GlobalSection(SolutionConfigurationPlatforms) = preSolution
		Ad-Hoc|Any CPU = Ad-Hoc|Any CPU
		Ad-Hoc|ARM = Ad-Hoc|ARM
		Ad-Hoc|iPhone = Ad-Hoc|iPhone
		Ad-Hoc|iPhoneSimulator = Ad-Hoc|iPhoneSimulator
		Ad-Hoc|Mixed Platforms = Ad-Hoc|Mixed Platforms
		Ad-Hoc|x86 = Ad-Hoc|x86
		AppStore|Any CPU = AppStore|Any CPU
		AppStore|ARM = AppStore|ARM
		AppStore|iPhone = AppStore|iPhone
		AppStore|iPhoneSimulator = AppStore|iPhoneSimulator
		AppStore|Mixed Platforms = AppStore|Mixed Platforms
		AppStore|x86 = AppStore|x86
		Debug|Any CPU = Debug|Any CPU
		Debug|ARM = Debug|ARM
		Debug|iPhone = Debug|iPhone
		Debug|iPhoneSimulator = Debug|iPhoneSimulator
		Debug|Mixed Platforms = Debug|Mixed Platforms
		Debug|x86 = Debug|x86
		Release|Any CPU = Release|Any CPU
		Release|ARM = Release|ARM
		Release|iPhone = Release|iPhone
		Release|iPhoneSimulator = Release|iPhoneSimulator
		Release|Mixed Platforms = Release|Mixed Platforms
		Release|x86 = Release|x86
	EndGlobalSection
	GlobalSection(ProjectConfigurationPlatforms) = postSolution
		{29CCDE4D-6D11-4038-A7BB-BF4CDC0A163E}.Ad-Hoc|Any CPU.ActiveCfg = Release|Any CPU
		{29CCDE4D-6D11-4038-A7BB-BF4CDC0A163E}.Ad-Hoc|Any CPU.Build.0 = Release|Any CPU
		{29CCDE4D-6D11-4038-A7BB-BF4CDC0A163E}.Ad-Hoc|ARM.ActiveCfg = Release|Any CPU
		{29CCDE4D-6D11-4038-A7BB-BF4CDC0A163E}.Ad-Hoc|iPhone.ActiveCfg = Release|Any CPU
		{29CCDE4D-6D11-4038-A7BB-BF4CDC0A163E}.Ad-Hoc|iPhoneSimulator.ActiveCfg = Release|Any CPU
		{29CCDE4D-6D11-4038-A7BB-BF4CDC0A163E}.Ad-Hoc|Mixed Platforms.ActiveCfg = Release|Any CPU
		{29CCDE4D-6D11-4038-A7BB-BF4CDC0A163E}.Ad-Hoc|Mixed Platforms.Build.0 = Release|Any CPU
		{29CCDE4D-6D11-4038-A7BB-BF4CDC0A163E}.Ad-Hoc|x86.ActiveCfg = Release|Any CPU
		{29CCDE4D-6D11-4038-A7BB-BF4CDC0A163E}.AppStore|Any CPU.ActiveCfg = Release|Any CPU
		{29CCDE4D-6D11-4038-A7BB-BF4CDC0A163E}.AppStore|Any CPU.Build.0 = Release|Any CPU
		{29CCDE4D-6D11-4038-A7BB-BF4CDC0A163E}.AppStore|ARM.ActiveCfg = Release|Any CPU
		{29CCDE4D-6D11-4038-A7BB-BF4CDC0A163E}.AppStore|iPhone.ActiveCfg = Release|Any CPU
		{29CCDE4D-6D11-4038-A7BB-BF4CDC0A163E}.AppStore|iPhoneSimulator.ActiveCfg = Release|Any CPU
		{29CCDE4D-6D11-4038-A7BB-BF4CDC0A163E}.AppStore|Mixed Platforms.ActiveCfg = Release|Any CPU
		{29CCDE4D-6D11-4038-A7BB-BF4CDC0A163E}.AppStore|Mixed Platforms.Build.0 = Release|Any CPU
		{29CCDE4D-6D11-4038-A7BB-BF4CDC0A163E}.AppStore|x86.ActiveCfg = Release|Any CPU
		{29CCDE4D-6D11-4038-A7BB-BF4CDC0A163E}.Debug|Any CPU.ActiveCfg = Debug|Any CPU
		{29CCDE4D-6D11-4038-A7BB-BF4CDC0A163E}.Debug|Any CPU.Build.0 = Debug|Any CPU
		{29CCDE4D-6D11-4038-A7BB-BF4CDC0A163E}.Debug|ARM.ActiveCfg = Debug|Any CPU
		{29CCDE4D-6D11-4038-A7BB-BF4CDC0A163E}.Debug|iPhone.ActiveCfg = Debug|Any CPU
		{29CCDE4D-6D11-4038-A7BB-BF4CDC0A163E}.Debug|iPhoneSimulator.ActiveCfg = Debug|Any CPU
		{29CCDE4D-6D11-4038-A7BB-BF4CDC0A163E}.Debug|Mixed Platforms.ActiveCfg = Debug|Any CPU
		{29CCDE4D-6D11-4038-A7BB-BF4CDC0A163E}.Debug|Mixed Platforms.Build.0 = Debug|Any CPU
		{29CCDE4D-6D11-4038-A7BB-BF4CDC0A163E}.Debug|x86.ActiveCfg = Debug|Any CPU
		{29CCDE4D-6D11-4038-A7BB-BF4CDC0A163E}.Release|Any CPU.ActiveCfg = Release|Any CPU
		{29CCDE4D-6D11-4038-A7BB-BF4CDC0A163E}.Release|Any CPU.Build.0 = Release|Any CPU
		{29CCDE4D-6D11-4038-A7BB-BF4CDC0A163E}.Release|ARM.ActiveCfg = Release|Any CPU
		{29CCDE4D-6D11-4038-A7BB-BF4CDC0A163E}.Release|iPhone.ActiveCfg = Release|Any CPU
		{29CCDE4D-6D11-4038-A7BB-BF4CDC0A163E}.Release|iPhoneSimulator.ActiveCfg = Release|Any CPU
		{29CCDE4D-6D11-4038-A7BB-BF4CDC0A163E}.Release|Mixed Platforms.ActiveCfg = Release|Any CPU
		{29CCDE4D-6D11-4038-A7BB-BF4CDC0A163E}.Release|Mixed Platforms.Build.0 = Release|Any CPU
		{29CCDE4D-6D11-4038-A7BB-BF4CDC0A163E}.Release|x86.ActiveCfg = Release|Any CPU
		{F940CDA4-64A5-4878-AA9A-77261C07431F}.Ad-Hoc|Any CPU.ActiveCfg = Ad-Hoc|iPhone
		{F940CDA4-64A5-4878-AA9A-77261C07431F}.Ad-Hoc|ARM.ActiveCfg = Ad-Hoc|iPhone
		{F940CDA4-64A5-4878-AA9A-77261C07431F}.Ad-Hoc|iPhone.ActiveCfg = Ad-Hoc|iPhone
		{F940CDA4-64A5-4878-AA9A-77261C07431F}.Ad-Hoc|iPhone.Build.0 = Ad-Hoc|iPhone
		{F940CDA4-64A5-4878-AA9A-77261C07431F}.Ad-Hoc|iPhoneSimulator.ActiveCfg = Ad-Hoc|iPhoneSimulator
		{F940CDA4-64A5-4878-AA9A-77261C07431F}.Ad-Hoc|iPhoneSimulator.Build.0 = Ad-Hoc|iPhoneSimulator
		{F940CDA4-64A5-4878-AA9A-77261C07431F}.Ad-Hoc|Mixed Platforms.ActiveCfg = Ad-Hoc|iPhone
		{F940CDA4-64A5-4878-AA9A-77261C07431F}.Ad-Hoc|Mixed Platforms.Build.0 = Ad-Hoc|iPhone
		{F940CDA4-64A5-4878-AA9A-77261C07431F}.Ad-Hoc|x86.ActiveCfg = Ad-Hoc|iPhone
		{F940CDA4-64A5-4878-AA9A-77261C07431F}.AppStore|Any CPU.ActiveCfg = AppStore|iPhone
		{F940CDA4-64A5-4878-AA9A-77261C07431F}.AppStore|ARM.ActiveCfg = AppStore|iPhone
		{F940CDA4-64A5-4878-AA9A-77261C07431F}.AppStore|iPhone.ActiveCfg = AppStore|iPhone
		{F940CDA4-64A5-4878-AA9A-77261C07431F}.AppStore|iPhone.Build.0 = AppStore|iPhone
		{F940CDA4-64A5-4878-AA9A-77261C07431F}.AppStore|iPhoneSimulator.ActiveCfg = AppStore|iPhoneSimulator
		{F940CDA4-64A5-4878-AA9A-77261C07431F}.AppStore|iPhoneSimulator.Build.0 = AppStore|iPhoneSimulator
		{F940CDA4-64A5-4878-AA9A-77261C07431F}.AppStore|Mixed Platforms.ActiveCfg = AppStore|iPhone
		{F940CDA4-64A5-4878-AA9A-77261C07431F}.AppStore|Mixed Platforms.Build.0 = AppStore|iPhone
		{F940CDA4-64A5-4878-AA9A-77261C07431F}.AppStore|x86.ActiveCfg = AppStore|iPhone
		{F940CDA4-64A5-4878-AA9A-77261C07431F}.Debug|Any CPU.ActiveCfg = Debug|iPhone
		{F940CDA4-64A5-4878-AA9A-77261C07431F}.Debug|ARM.ActiveCfg = Debug|iPhone
		{F940CDA4-64A5-4878-AA9A-77261C07431F}.Debug|iPhone.ActiveCfg = Debug|iPhone
		{F940CDA4-64A5-4878-AA9A-77261C07431F}.Debug|iPhone.Build.0 = Debug|iPhone
		{F940CDA4-64A5-4878-AA9A-77261C07431F}.Debug|iPhoneSimulator.ActiveCfg = Debug|iPhoneSimulator
		{F940CDA4-64A5-4878-AA9A-77261C07431F}.Debug|iPhoneSimulator.Build.0 = Debug|iPhoneSimulator
		{F940CDA4-64A5-4878-AA9A-77261C07431F}.Debug|Mixed Platforms.ActiveCfg = Debug|iPhone
		{F940CDA4-64A5-4878-AA9A-77261C07431F}.Debug|Mixed Platforms.Build.0 = Debug|iPhone
		{F940CDA4-64A5-4878-AA9A-77261C07431F}.Debug|x86.ActiveCfg = Debug|iPhone
		{F940CDA4-64A5-4878-AA9A-77261C07431F}.Release|Any CPU.ActiveCfg = Release|iPhone
		{F940CDA4-64A5-4878-AA9A-77261C07431F}.Release|ARM.ActiveCfg = Release|iPhone
		{F940CDA4-64A5-4878-AA9A-77261C07431F}.Release|iPhone.ActiveCfg = Release|iPhone
		{F940CDA4-64A5-4878-AA9A-77261C07431F}.Release|iPhone.Build.0 = Release|iPhone
		{F940CDA4-64A5-4878-AA9A-77261C07431F}.Release|iPhoneSimulator.ActiveCfg = Release|iPhoneSimulator
		{F940CDA4-64A5-4878-AA9A-77261C07431F}.Release|iPhoneSimulator.Build.0 = Release|iPhoneSimulator
		{F940CDA4-64A5-4878-AA9A-77261C07431F}.Release|Mixed Platforms.ActiveCfg = Release|iPhone
		{F940CDA4-64A5-4878-AA9A-77261C07431F}.Release|Mixed Platforms.Build.0 = Release|iPhone
		{F940CDA4-64A5-4878-AA9A-77261C07431F}.Release|x86.ActiveCfg = Release|iPhone
		{2FAF6C06-9A4F-4516-8163-8A93C1524261}.Ad-Hoc|Any CPU.ActiveCfg = Release|Any CPU
		{2FAF6C06-9A4F-4516-8163-8A93C1524261}.Ad-Hoc|Any CPU.Build.0 = Release|Any CPU
		{2FAF6C06-9A4F-4516-8163-8A93C1524261}.Ad-Hoc|Any CPU.Deploy.0 = Release|Any CPU
		{2FAF6C06-9A4F-4516-8163-8A93C1524261}.Ad-Hoc|ARM.ActiveCfg = Release|Any CPU
		{2FAF6C06-9A4F-4516-8163-8A93C1524261}.Ad-Hoc|iPhone.ActiveCfg = Release|Any CPU
		{2FAF6C06-9A4F-4516-8163-8A93C1524261}.Ad-Hoc|iPhoneSimulator.ActiveCfg = Release|Any CPU
		{2FAF6C06-9A4F-4516-8163-8A93C1524261}.Ad-Hoc|Mixed Platforms.ActiveCfg = Release|Any CPU
		{2FAF6C06-9A4F-4516-8163-8A93C1524261}.Ad-Hoc|Mixed Platforms.Build.0 = Release|Any CPU
		{2FAF6C06-9A4F-4516-8163-8A93C1524261}.Ad-Hoc|Mixed Platforms.Deploy.0 = Release|Any CPU
		{2FAF6C06-9A4F-4516-8163-8A93C1524261}.Ad-Hoc|x86.ActiveCfg = Release|Any CPU
		{2FAF6C06-9A4F-4516-8163-8A93C1524261}.AppStore|Any CPU.ActiveCfg = Release|Any CPU
		{2FAF6C06-9A4F-4516-8163-8A93C1524261}.AppStore|Any CPU.Build.0 = Release|Any CPU
		{2FAF6C06-9A4F-4516-8163-8A93C1524261}.AppStore|Any CPU.Deploy.0 = Release|Any CPU
		{2FAF6C06-9A4F-4516-8163-8A93C1524261}.AppStore|ARM.ActiveCfg = Release|Any CPU
		{2FAF6C06-9A4F-4516-8163-8A93C1524261}.AppStore|iPhone.ActiveCfg = Release|Any CPU
		{2FAF6C06-9A4F-4516-8163-8A93C1524261}.AppStore|iPhoneSimulator.ActiveCfg = Release|Any CPU
		{2FAF6C06-9A4F-4516-8163-8A93C1524261}.AppStore|Mixed Platforms.ActiveCfg = Release|Any CPU
		{2FAF6C06-9A4F-4516-8163-8A93C1524261}.AppStore|Mixed Platforms.Build.0 = Release|Any CPU
		{2FAF6C06-9A4F-4516-8163-8A93C1524261}.AppStore|Mixed Platforms.Deploy.0 = Release|Any CPU
		{2FAF6C06-9A4F-4516-8163-8A93C1524261}.AppStore|x86.ActiveCfg = Release|Any CPU
		{2FAF6C06-9A4F-4516-8163-8A93C1524261}.Debug|Any CPU.ActiveCfg = Debug|Any CPU
		{2FAF6C06-9A4F-4516-8163-8A93C1524261}.Debug|Any CPU.Build.0 = Debug|Any CPU
		{2FAF6C06-9A4F-4516-8163-8A93C1524261}.Debug|Any CPU.Deploy.0 = Debug|Any CPU
		{2FAF6C06-9A4F-4516-8163-8A93C1524261}.Debug|ARM.ActiveCfg = Debug|Any CPU
		{2FAF6C06-9A4F-4516-8163-8A93C1524261}.Debug|iPhone.ActiveCfg = Debug|Any CPU
		{2FAF6C06-9A4F-4516-8163-8A93C1524261}.Debug|iPhoneSimulator.ActiveCfg = Debug|Any CPU
		{2FAF6C06-9A4F-4516-8163-8A93C1524261}.Debug|Mixed Platforms.ActiveCfg = Debug|Any CPU
		{2FAF6C06-9A4F-4516-8163-8A93C1524261}.Debug|Mixed Platforms.Build.0 = Debug|Any CPU
		{2FAF6C06-9A4F-4516-8163-8A93C1524261}.Debug|Mixed Platforms.Deploy.0 = Debug|Any CPU
		{2FAF6C06-9A4F-4516-8163-8A93C1524261}.Debug|x86.ActiveCfg = Debug|Any CPU
		{2FAF6C06-9A4F-4516-8163-8A93C1524261}.Release|Any CPU.ActiveCfg = Release|Any CPU
		{2FAF6C06-9A4F-4516-8163-8A93C1524261}.Release|Any CPU.Build.0 = Release|Any CPU
		{2FAF6C06-9A4F-4516-8163-8A93C1524261}.Release|Any CPU.Deploy.0 = Release|Any CPU
		{2FAF6C06-9A4F-4516-8163-8A93C1524261}.Release|ARM.ActiveCfg = Release|Any CPU
		{2FAF6C06-9A4F-4516-8163-8A93C1524261}.Release|iPhone.ActiveCfg = Release|Any CPU
		{2FAF6C06-9A4F-4516-8163-8A93C1524261}.Release|iPhoneSimulator.ActiveCfg = Release|Any CPU
		{2FAF6C06-9A4F-4516-8163-8A93C1524261}.Release|Mixed Platforms.ActiveCfg = Release|Any CPU
		{2FAF6C06-9A4F-4516-8163-8A93C1524261}.Release|Mixed Platforms.Build.0 = Release|Any CPU
		{2FAF6C06-9A4F-4516-8163-8A93C1524261}.Release|Mixed Platforms.Deploy.0 = Release|Any CPU
		{2FAF6C06-9A4F-4516-8163-8A93C1524261}.Release|x86.ActiveCfg = Release|Any CPU
		{087825B4-57F3-41EF-91BC-5DF193CFD734}.Ad-Hoc|Any CPU.ActiveCfg = Release|Any CPU
		{087825B4-57F3-41EF-91BC-5DF193CFD734}.Ad-Hoc|Any CPU.Build.0 = Release|Any CPU
		{087825B4-57F3-41EF-91BC-5DF193CFD734}.Ad-Hoc|Any CPU.Deploy.0 = Release|Any CPU
		{087825B4-57F3-41EF-91BC-5DF193CFD734}.Ad-Hoc|ARM.ActiveCfg = Release|ARM
		{087825B4-57F3-41EF-91BC-5DF193CFD734}.Ad-Hoc|ARM.Build.0 = Release|ARM
		{087825B4-57F3-41EF-91BC-5DF193CFD734}.Ad-Hoc|ARM.Deploy.0 = Release|ARM
		{087825B4-57F3-41EF-91BC-5DF193CFD734}.Ad-Hoc|iPhone.ActiveCfg = Release|Any CPU
		{087825B4-57F3-41EF-91BC-5DF193CFD734}.Ad-Hoc|iPhoneSimulator.ActiveCfg = Release|Any CPU
		{087825B4-57F3-41EF-91BC-5DF193CFD734}.Ad-Hoc|Mixed Platforms.ActiveCfg = Release|x86
		{087825B4-57F3-41EF-91BC-5DF193CFD734}.Ad-Hoc|Mixed Platforms.Build.0 = Release|x86
		{087825B4-57F3-41EF-91BC-5DF193CFD734}.Ad-Hoc|Mixed Platforms.Deploy.0 = Release|x86
		{087825B4-57F3-41EF-91BC-5DF193CFD734}.Ad-Hoc|x86.ActiveCfg = Release|x86
		{087825B4-57F3-41EF-91BC-5DF193CFD734}.Ad-Hoc|x86.Build.0 = Release|x86
		{087825B4-57F3-41EF-91BC-5DF193CFD734}.Ad-Hoc|x86.Deploy.0 = Release|x86
		{087825B4-57F3-41EF-91BC-5DF193CFD734}.AppStore|Any CPU.ActiveCfg = Release|Any CPU
		{087825B4-57F3-41EF-91BC-5DF193CFD734}.AppStore|Any CPU.Build.0 = Release|Any CPU
		{087825B4-57F3-41EF-91BC-5DF193CFD734}.AppStore|Any CPU.Deploy.0 = Release|Any CPU
		{087825B4-57F3-41EF-91BC-5DF193CFD734}.AppStore|ARM.ActiveCfg = Release|ARM
		{087825B4-57F3-41EF-91BC-5DF193CFD734}.AppStore|ARM.Build.0 = Release|ARM
		{087825B4-57F3-41EF-91BC-5DF193CFD734}.AppStore|ARM.Deploy.0 = Release|ARM
		{087825B4-57F3-41EF-91BC-5DF193CFD734}.AppStore|iPhone.ActiveCfg = Release|Any CPU
		{087825B4-57F3-41EF-91BC-5DF193CFD734}.AppStore|iPhoneSimulator.ActiveCfg = Release|Any CPU
		{087825B4-57F3-41EF-91BC-5DF193CFD734}.AppStore|Mixed Platforms.ActiveCfg = Release|x86
		{087825B4-57F3-41EF-91BC-5DF193CFD734}.AppStore|Mixed Platforms.Build.0 = Release|x86
		{087825B4-57F3-41EF-91BC-5DF193CFD734}.AppStore|Mixed Platforms.Deploy.0 = Release|x86
		{087825B4-57F3-41EF-91BC-5DF193CFD734}.AppStore|x86.ActiveCfg = Release|x86
		{087825B4-57F3-41EF-91BC-5DF193CFD734}.AppStore|x86.Build.0 = Release|x86
		{087825B4-57F3-41EF-91BC-5DF193CFD734}.AppStore|x86.Deploy.0 = Release|x86
		{087825B4-57F3-41EF-91BC-5DF193CFD734}.Debug|Any CPU.ActiveCfg = Debug|Any CPU
		{087825B4-57F3-41EF-91BC-5DF193CFD734}.Debug|Any CPU.Build.0 = Debug|Any CPU
		{087825B4-57F3-41EF-91BC-5DF193CFD734}.Debug|Any CPU.Deploy.0 = Debug|Any CPU
		{087825B4-57F3-41EF-91BC-5DF193CFD734}.Debug|ARM.ActiveCfg = Debug|ARM
		{087825B4-57F3-41EF-91BC-5DF193CFD734}.Debug|ARM.Build.0 = Debug|ARM
		{087825B4-57F3-41EF-91BC-5DF193CFD734}.Debug|ARM.Deploy.0 = Debug|ARM
		{087825B4-57F3-41EF-91BC-5DF193CFD734}.Debug|iPhone.ActiveCfg = Debug|Any CPU
		{087825B4-57F3-41EF-91BC-5DF193CFD734}.Debug|iPhoneSimulator.ActiveCfg = Debug|Any CPU
		{087825B4-57F3-41EF-91BC-5DF193CFD734}.Debug|Mixed Platforms.ActiveCfg = Debug|x86
		{087825B4-57F3-41EF-91BC-5DF193CFD734}.Debug|Mixed Platforms.Build.0 = Debug|x86
		{087825B4-57F3-41EF-91BC-5DF193CFD734}.Debug|Mixed Platforms.Deploy.0 = Debug|x86
		{087825B4-57F3-41EF-91BC-5DF193CFD734}.Debug|x86.ActiveCfg = Debug|x86
		{087825B4-57F3-41EF-91BC-5DF193CFD734}.Debug|x86.Build.0 = Debug|x86
		{087825B4-57F3-41EF-91BC-5DF193CFD734}.Debug|x86.Deploy.0 = Debug|x86
		{087825B4-57F3-41EF-91BC-5DF193CFD734}.Release|Any CPU.ActiveCfg = Release|Any CPU
		{087825B4-57F3-41EF-91BC-5DF193CFD734}.Release|Any CPU.Build.0 = Release|Any CPU
		{087825B4-57F3-41EF-91BC-5DF193CFD734}.Release|Any CPU.Deploy.0 = Release|Any CPU
		{087825B4-57F3-41EF-91BC-5DF193CFD734}.Release|ARM.ActiveCfg = Release|ARM
		{087825B4-57F3-41EF-91BC-5DF193CFD734}.Release|ARM.Build.0 = Release|ARM
		{087825B4-57F3-41EF-91BC-5DF193CFD734}.Release|ARM.Deploy.0 = Release|ARM
		{087825B4-57F3-41EF-91BC-5DF193CFD734}.Release|iPhone.ActiveCfg = Release|Any CPU
		{087825B4-57F3-41EF-91BC-5DF193CFD734}.Release|iPhoneSimulator.ActiveCfg = Release|Any CPU
		{087825B4-57F3-41EF-91BC-5DF193CFD734}.Release|Mixed Platforms.ActiveCfg = Release|x86
		{087825B4-57F3-41EF-91BC-5DF193CFD734}.Release|Mixed Platforms.Build.0 = Release|x86
		{087825B4-57F3-41EF-91BC-5DF193CFD734}.Release|Mixed Platforms.Deploy.0 = Release|x86
		{087825B4-57F3-41EF-91BC-5DF193CFD734}.Release|x86.ActiveCfg = Release|x86
		{087825B4-57F3-41EF-91BC-5DF193CFD734}.Release|x86.Build.0 = Release|x86
		{087825B4-57F3-41EF-91BC-5DF193CFD734}.Release|x86.Deploy.0 = Release|x86
	EndGlobalSection
	GlobalSection(SolutionProperties) = preSolution
		HideSolutionNode = FALSE
	EndGlobalSection
EndGlobal
