
Microsoft Visual Studio Solution File, Format Version 12.00
# Visual Studio 2013
VisualStudioVersion = 12.0.31101.0
MinimumVisualStudioVersion = 10.0.40219.1
Project("{FAE04EC0-301F-11D3-BF4B-00C04F79EFBC}") = "Pages", "Pages\Pages\Pages.csproj", "{8C2A30EF-B783-49A7-A162-F674B6297A05}"
EndProject
Project("{FAE04EC0-301F-11D3-BF4B-00C04F79EFBC}") = "Pages.iOS", "Pages\Pages.iOS\Pages.iOS.csproj", "{D38EC576-34AA-43F8-B171-0D8196D05B23}"
EndProject
Project("{FAE04EC0-301F-11D3-BF4B-00C04F79EFBC}") = "Pages.Droid", "Pages\Pages.Droid\Pages.Droid.csproj", "{DC59C053-2BE2-4F57-A5D6-40CAC46D9F17}"
EndProject
Project("{FAE04EC0-301F-11D3-BF4B-00C04F79EFBC}") = "Pages.WinPhone", "Pages\Pages.WinPhone\Pages.WinPhone.csproj", "{96853D2D-BB18-4C7B-A543-39ADCABAE31C}"
EndProject
Global
	GlobalSection(SolutionConfigurationPlatforms) = preSolution
		Ad-Hoc|Any CPU = Ad-Hoc|Any CPU
		Ad-Hoc|ARM = Ad-Hoc|ARM
		Ad-Hoc|iPhone = Ad-Hoc|iPhone
		Ad-Hoc|iPhoneSimulator = Ad-Hoc|iPhoneSimulator
		Ad-Hoc|Mixed Platforms = Ad-Hoc|Mixed Platforms
		Ad-Hoc|x86 = Ad-Hoc|x86
		AppStore|Any CPU = AppStore|Any CPU
		AppStore|ARM = AppStore|ARM
		AppStore|iPhone = AppStore|iPhone
		AppStore|iPhoneSimulator = AppStore|iPhoneSimulator
		AppStore|Mixed Platforms = AppStore|Mixed Platforms
		AppStore|x86 = AppStore|x86
		Debug|Any CPU = Debug|Any CPU
		Debug|ARM = Debug|ARM
		Debug|iPhone = Debug|iPhone
		Debug|iPhoneSimulator = Debug|iPhoneSimulator
		Debug|Mixed Platforms = Debug|Mixed Platforms
		Debug|x86 = Debug|x86
		Release|Any CPU = Release|Any CPU
		Release|ARM = Release|ARM
		Release|iPhone = Release|iPhone
		Release|iPhoneSimulator = Release|iPhoneSimulator
		Release|Mixed Platforms = Release|Mixed Platforms
		Release|x86 = Release|x86
	EndGlobalSection
	GlobalSection(ProjectConfigurationPlatforms) = postSolution
		{8C2A30EF-B783-49A7-A162-F674B6297A05}.Ad-Hoc|Any CPU.ActiveCfg = Release|Any CPU
		{8C2A30EF-B783-49A7-A162-F674B6297A05}.Ad-Hoc|Any CPU.Build.0 = Release|Any CPU
		{8C2A30EF-B783-49A7-A162-F674B6297A05}.Ad-Hoc|ARM.ActiveCfg = Release|Any CPU
		{8C2A30EF-B783-49A7-A162-F674B6297A05}.Ad-Hoc|iPhone.ActiveCfg = Release|Any CPU
		{8C2A30EF-B783-49A7-A162-F674B6297A05}.Ad-Hoc|iPhoneSimulator.ActiveCfg = Release|Any CPU
		{8C2A30EF-B783-49A7-A162-F674B6297A05}.Ad-Hoc|Mixed Platforms.ActiveCfg = Release|Any CPU
		{8C2A30EF-B783-49A7-A162-F674B6297A05}.Ad-Hoc|Mixed Platforms.Build.0 = Release|Any CPU
		{8C2A30EF-B783-49A7-A162-F674B6297A05}.Ad-Hoc|x86.ActiveCfg = Release|Any CPU
		{8C2A30EF-B783-49A7-A162-F674B6297A05}.AppStore|Any CPU.ActiveCfg = Release|Any CPU
		{8C2A30EF-B783-49A7-A162-F674B6297A05}.AppStore|Any CPU.Build.0 = Release|Any CPU
		{8C2A30EF-B783-49A7-A162-F674B6297A05}.AppStore|ARM.ActiveCfg = Release|Any CPU
		{8C2A30EF-B783-49A7-A162-F674B6297A05}.AppStore|iPhone.ActiveCfg = Release|Any CPU
		{8C2A30EF-B783-49A7-A162-F674B6297A05}.AppStore|iPhoneSimulator.ActiveCfg = Release|Any CPU
		{8C2A30EF-B783-49A7-A162-F674B6297A05}.AppStore|Mixed Platforms.ActiveCfg = Release|Any CPU
		{8C2A30EF-B783-49A7-A162-F674B6297A05}.AppStore|Mixed Platforms.Build.0 = Release|Any CPU
		{8C2A30EF-B783-49A7-A162-F674B6297A05}.AppStore|x86.ActiveCfg = Release|Any CPU
		{8C2A30EF-B783-49A7-A162-F674B6297A05}.Debug|Any CPU.ActiveCfg = Debug|Any CPU
		{8C2A30EF-B783-49A7-A162-F674B6297A05}.Debug|Any CPU.Build.0 = Debug|Any CPU
		{8C2A30EF-B783-49A7-A162-F674B6297A05}.Debug|ARM.ActiveCfg = Debug|Any CPU
		{8C2A30EF-B783-49A7-A162-F674B6297A05}.Debug|iPhone.ActiveCfg = Debug|Any CPU
		{8C2A30EF-B783-49A7-A162-F674B6297A05}.Debug|iPhoneSimulator.ActiveCfg = Debug|Any CPU
		{8C2A30EF-B783-49A7-A162-F674B6297A05}.Debug|iPhoneSimulator.Build.0 = Debug|Any CPU
		{8C2A30EF-B783-49A7-A162-F674B6297A05}.Debug|Mixed Platforms.ActiveCfg = Debug|Any CPU
		{8C2A30EF-B783-49A7-A162-F674B6297A05}.Debug|Mixed Platforms.Build.0 = Debug|Any CPU
		{8C2A30EF-B783-49A7-A162-F674B6297A05}.Debug|x86.ActiveCfg = Debug|Any CPU
		{8C2A30EF-B783-49A7-A162-F674B6297A05}.Release|Any CPU.ActiveCfg = Release|Any CPU
		{8C2A30EF-B783-49A7-A162-F674B6297A05}.Release|Any CPU.Build.0 = Release|Any CPU
		{8C2A30EF-B783-49A7-A162-F674B6297A05}.Release|ARM.ActiveCfg = Release|Any CPU
		{8C2A30EF-B783-49A7-A162-F674B6297A05}.Release|iPhone.ActiveCfg = Release|Any CPU
		{8C2A30EF-B783-49A7-A162-F674B6297A05}.Release|iPhoneSimulator.ActiveCfg = Release|Any CPU
		{8C2A30EF-B783-49A7-A162-F674B6297A05}.Release|Mixed Platforms.ActiveCfg = Release|Any CPU
		{8C2A30EF-B783-49A7-A162-F674B6297A05}.Release|Mixed Platforms.Build.0 = Release|Any CPU
		{8C2A30EF-B783-49A7-A162-F674B6297A05}.Release|x86.ActiveCfg = Release|Any CPU
		{D38EC576-34AA-43F8-B171-0D8196D05B23}.Ad-Hoc|Any CPU.ActiveCfg = Ad-Hoc|iPhone
		{D38EC576-34AA-43F8-B171-0D8196D05B23}.Ad-Hoc|ARM.ActiveCfg = Ad-Hoc|iPhone
		{D38EC576-34AA-43F8-B171-0D8196D05B23}.Ad-Hoc|iPhone.ActiveCfg = Ad-Hoc|iPhone
		{D38EC576-34AA-43F8-B171-0D8196D05B23}.Ad-Hoc|iPhone.Build.0 = Ad-Hoc|iPhone
		{D38EC576-34AA-43F8-B171-0D8196D05B23}.Ad-Hoc|iPhoneSimulator.ActiveCfg = Ad-Hoc|iPhoneSimulator
		{D38EC576-34AA-43F8-B171-0D8196D05B23}.Ad-Hoc|iPhoneSimulator.Build.0 = Ad-Hoc|iPhoneSimulator
		{D38EC576-34AA-43F8-B171-0D8196D05B23}.Ad-Hoc|Mixed Platforms.ActiveCfg = Ad-Hoc|iPhone
		{D38EC576-34AA-43F8-B171-0D8196D05B23}.Ad-Hoc|Mixed Platforms.Build.0 = Ad-Hoc|iPhone
		{D38EC576-34AA-43F8-B171-0D8196D05B23}.Ad-Hoc|x86.ActiveCfg = Ad-Hoc|iPhone
		{D38EC576-34AA-43F8-B171-0D8196D05B23}.AppStore|Any CPU.ActiveCfg = AppStore|iPhone
		{D38EC576-34AA-43F8-B171-0D8196D05B23}.AppStore|ARM.ActiveCfg = AppStore|iPhone
		{D38EC576-34AA-43F8-B171-0D8196D05B23}.AppStore|iPhone.ActiveCfg = AppStore|iPhone
		{D38EC576-34AA-43F8-B171-0D8196D05B23}.AppStore|iPhone.Build.0 = AppStore|iPhone
		{D38EC576-34AA-43F8-B171-0D8196D05B23}.AppStore|iPhoneSimulator.ActiveCfg = AppStore|iPhoneSimulator
		{D38EC576-34AA-43F8-B171-0D8196D05B23}.AppStore|iPhoneSimulator.Build.0 = AppStore|iPhoneSimulator
		{D38EC576-34AA-43F8-B171-0D8196D05B23}.AppStore|Mixed Platforms.ActiveCfg = AppStore|iPhone
		{D38EC576-34AA-43F8-B171-0D8196D05B23}.AppStore|Mixed Platforms.Build.0 = AppStore|iPhone
		{D38EC576-34AA-43F8-B171-0D8196D05B23}.AppStore|x86.ActiveCfg = AppStore|iPhone
		{D38EC576-34AA-43F8-B171-0D8196D05B23}.Debug|Any CPU.ActiveCfg = Debug|iPhone
		{D38EC576-34AA-43F8-B171-0D8196D05B23}.Debug|ARM.ActiveCfg = Debug|iPhone
		{D38EC576-34AA-43F8-B171-0D8196D05B23}.Debug|iPhone.ActiveCfg = Debug|iPhone
		{D38EC576-34AA-43F8-B171-0D8196D05B23}.Debug|iPhone.Build.0 = Debug|iPhone
		{D38EC576-34AA-43F8-B171-0D8196D05B23}.Debug|iPhoneSimulator.ActiveCfg = Debug|iPhoneSimulator
		{D38EC576-34AA-43F8-B171-0D8196D05B23}.Debug|iPhoneSimulator.Build.0 = Debug|iPhoneSimulator
		{D38EC576-34AA-43F8-B171-0D8196D05B23}.Debug|Mixed Platforms.ActiveCfg = Debug|iPhone
		{D38EC576-34AA-43F8-B171-0D8196D05B23}.Debug|Mixed Platforms.Build.0 = Debug|iPhone
		{D38EC576-34AA-43F8-B171-0D8196D05B23}.Debug|x86.ActiveCfg = Debug|iPhone
		{D38EC576-34AA-43F8-B171-0D8196D05B23}.Release|Any CPU.ActiveCfg = Release|iPhone
		{D38EC576-34AA-43F8-B171-0D8196D05B23}.Release|ARM.ActiveCfg = Release|iPhone
		{D38EC576-34AA-43F8-B171-0D8196D05B23}.Release|iPhone.ActiveCfg = Release|iPhone
		{D38EC576-34AA-43F8-B171-0D8196D05B23}.Release|iPhone.Build.0 = Release|iPhone
		{D38EC576-34AA-43F8-B171-0D8196D05B23}.Release|iPhoneSimulator.ActiveCfg = Release|iPhoneSimulator
		{D38EC576-34AA-43F8-B171-0D8196D05B23}.Release|iPhoneSimulator.Build.0 = Release|iPhoneSimulator
		{D38EC576-34AA-43F8-B171-0D8196D05B23}.Release|Mixed Platforms.ActiveCfg = Release|iPhone
		{D38EC576-34AA-43F8-B171-0D8196D05B23}.Release|Mixed Platforms.Build.0 = Release|iPhone
		{D38EC576-34AA-43F8-B171-0D8196D05B23}.Release|x86.ActiveCfg = Release|iPhone
		{DC59C053-2BE2-4F57-A5D6-40CAC46D9F17}.Ad-Hoc|Any CPU.ActiveCfg = Release|Any CPU
		{DC59C053-2BE2-4F57-A5D6-40CAC46D9F17}.Ad-Hoc|Any CPU.Build.0 = Release|Any CPU
		{DC59C053-2BE2-4F57-A5D6-40CAC46D9F17}.Ad-Hoc|Any CPU.Deploy.0 = Release|Any CPU
		{DC59C053-2BE2-4F57-A5D6-40CAC46D9F17}.Ad-Hoc|ARM.ActiveCfg = Release|Any CPU
		{DC59C053-2BE2-4F57-A5D6-40CAC46D9F17}.Ad-Hoc|iPhone.ActiveCfg = Release|Any CPU
		{DC59C053-2BE2-4F57-A5D6-40CAC46D9F17}.Ad-Hoc|iPhoneSimulator.ActiveCfg = Release|Any CPU
		{DC59C053-2BE2-4F57-A5D6-40CAC46D9F17}.Ad-Hoc|Mixed Platforms.ActiveCfg = Release|Any CPU
		{DC59C053-2BE2-4F57-A5D6-40CAC46D9F17}.Ad-Hoc|Mixed Platforms.Build.0 = Release|Any CPU
		{DC59C053-2BE2-4F57-A5D6-40CAC46D9F17}.Ad-Hoc|Mixed Platforms.Deploy.0 = Release|Any CPU
		{DC59C053-2BE2-4F57-A5D6-40CAC46D9F17}.Ad-Hoc|x86.ActiveCfg = Release|Any CPU
		{DC59C053-2BE2-4F57-A5D6-40CAC46D9F17}.AppStore|Any CPU.ActiveCfg = Release|Any CPU
		{DC59C053-2BE2-4F57-A5D6-40CAC46D9F17}.AppStore|Any CPU.Build.0 = Release|Any CPU
		{DC59C053-2BE2-4F57-A5D6-40CAC46D9F17}.AppStore|Any CPU.Deploy.0 = Release|Any CPU
		{DC59C053-2BE2-4F57-A5D6-40CAC46D9F17}.AppStore|ARM.ActiveCfg = Release|Any CPU
		{DC59C053-2BE2-4F57-A5D6-40CAC46D9F17}.AppStore|iPhone.ActiveCfg = Release|Any CPU
		{DC59C053-2BE2-4F57-A5D6-40CAC46D9F17}.AppStore|iPhoneSimulator.ActiveCfg = Release|Any CPU
		{DC59C053-2BE2-4F57-A5D6-40CAC46D9F17}.AppStore|Mixed Platforms.ActiveCfg = Release|Any CPU
		{DC59C053-2BE2-4F57-A5D6-40CAC46D9F17}.AppStore|Mixed Platforms.Build.0 = Release|Any CPU
		{DC59C053-2BE2-4F57-A5D6-40CAC46D9F17}.AppStore|Mixed Platforms.Deploy.0 = Release|Any CPU
		{DC59C053-2BE2-4F57-A5D6-40CAC46D9F17}.AppStore|x86.ActiveCfg = Release|Any CPU
		{DC59C053-2BE2-4F57-A5D6-40CAC46D9F17}.Debug|Any CPU.ActiveCfg = Debug|Any CPU
		{DC59C053-2BE2-4F57-A5D6-40CAC46D9F17}.Debug|Any CPU.Build.0 = Debug|Any CPU
		{DC59C053-2BE2-4F57-A5D6-40CAC46D9F17}.Debug|Any CPU.Deploy.0 = Debug|Any CPU
		{DC59C053-2BE2-4F57-A5D6-40CAC46D9F17}.Debug|ARM.ActiveCfg = Debug|Any CPU
		{DC59C053-2BE2-4F57-A5D6-40CAC46D9F17}.Debug|iPhone.ActiveCfg = Debug|Any CPU
		{DC59C053-2BE2-4F57-A5D6-40CAC46D9F17}.Debug|iPhoneSimulator.ActiveCfg = Debug|Any CPU
		{DC59C053-2BE2-4F57-A5D6-40CAC46D9F17}.Debug|Mixed Platforms.ActiveCfg = Debug|Any CPU
		{DC59C053-2BE2-4F57-A5D6-40CAC46D9F17}.Debug|Mixed Platforms.Build.0 = Debug|Any CPU
		{DC59C053-2BE2-4F57-A5D6-40CAC46D9F17}.Debug|Mixed Platforms.Deploy.0 = Debug|Any CPU
		{DC59C053-2BE2-4F57-A5D6-40CAC46D9F17}.Debug|x86.ActiveCfg = Debug|Any CPU
		{DC59C053-2BE2-4F57-A5D6-40CAC46D9F17}.Release|Any CPU.ActiveCfg = Release|Any CPU
		{DC59C053-2BE2-4F57-A5D6-40CAC46D9F17}.Release|Any CPU.Build.0 = Release|Any CPU
		{DC59C053-2BE2-4F57-A5D6-40CAC46D9F17}.Release|Any CPU.Deploy.0 = Release|Any CPU
		{DC59C053-2BE2-4F57-A5D6-40CAC46D9F17}.Release|ARM.ActiveCfg = Release|Any CPU
		{DC59C053-2BE2-4F57-A5D6-40CAC46D9F17}.Release|iPhone.ActiveCfg = Release|Any CPU
		{DC59C053-2BE2-4F57-A5D6-40CAC46D9F17}.Release|iPhoneSimulator.ActiveCfg = Release|Any CPU
		{DC59C053-2BE2-4F57-A5D6-40CAC46D9F17}.Release|Mixed Platforms.ActiveCfg = Release|Any CPU
		{DC59C053-2BE2-4F57-A5D6-40CAC46D9F17}.Release|Mixed Platforms.Build.0 = Release|Any CPU
		{DC59C053-2BE2-4F57-A5D6-40CAC46D9F17}.Release|Mixed Platforms.Deploy.0 = Release|Any CPU
		{DC59C053-2BE2-4F57-A5D6-40CAC46D9F17}.Release|x86.ActiveCfg = Release|Any CPU
		{96853D2D-BB18-4C7B-A543-39ADCABAE31C}.Ad-Hoc|Any CPU.ActiveCfg = Release|Any CPU
		{96853D2D-BB18-4C7B-A543-39ADCABAE31C}.Ad-Hoc|Any CPU.Build.0 = Release|Any CPU
		{96853D2D-BB18-4C7B-A543-39ADCABAE31C}.Ad-Hoc|Any CPU.Deploy.0 = Release|Any CPU
		{96853D2D-BB18-4C7B-A543-39ADCABAE31C}.Ad-Hoc|ARM.ActiveCfg = Release|ARM
		{96853D2D-BB18-4C7B-A543-39ADCABAE31C}.Ad-Hoc|ARM.Build.0 = Release|ARM
		{96853D2D-BB18-4C7B-A543-39ADCABAE31C}.Ad-Hoc|ARM.Deploy.0 = Release|ARM
		{96853D2D-BB18-4C7B-A543-39ADCABAE31C}.Ad-Hoc|iPhone.ActiveCfg = Release|Any CPU
		{96853D2D-BB18-4C7B-A543-39ADCABAE31C}.Ad-Hoc|iPhoneSimulator.ActiveCfg = Release|Any CPU
		{96853D2D-BB18-4C7B-A543-39ADCABAE31C}.Ad-Hoc|Mixed Platforms.ActiveCfg = Release|x86
		{96853D2D-BB18-4C7B-A543-39ADCABAE31C}.Ad-Hoc|Mixed Platforms.Build.0 = Release|x86
		{96853D2D-BB18-4C7B-A543-39ADCABAE31C}.Ad-Hoc|Mixed Platforms.Deploy.0 = Release|x86
		{96853D2D-BB18-4C7B-A543-39ADCABAE31C}.Ad-Hoc|x86.ActiveCfg = Release|x86
		{96853D2D-BB18-4C7B-A543-39ADCABAE31C}.Ad-Hoc|x86.Build.0 = Release|x86
		{96853D2D-BB18-4C7B-A543-39ADCABAE31C}.Ad-Hoc|x86.Deploy.0 = Release|x86
		{96853D2D-BB18-4C7B-A543-39ADCABAE31C}.AppStore|Any CPU.ActiveCfg = Release|Any CPU
		{96853D2D-BB18-4C7B-A543-39ADCABAE31C}.AppStore|Any CPU.Build.0 = Release|Any CPU
		{96853D2D-BB18-4C7B-A543-39ADCABAE31C}.AppStore|Any CPU.Deploy.0 = Release|Any CPU
		{96853D2D-BB18-4C7B-A543-39ADCABAE31C}.AppStore|ARM.ActiveCfg = Release|ARM
		{96853D2D-BB18-4C7B-A543-39ADCABAE31C}.AppStore|ARM.Build.0 = Release|ARM
		{96853D2D-BB18-4C7B-A543-39ADCABAE31C}.AppStore|ARM.Deploy.0 = Release|ARM
		{96853D2D-BB18-4C7B-A543-39ADCABAE31C}.AppStore|iPhone.ActiveCfg = Release|Any CPU
		{96853D2D-BB18-4C7B-A543-39ADCABAE31C}.AppStore|iPhoneSimulator.ActiveCfg = Release|Any CPU
		{96853D2D-BB18-4C7B-A543-39ADCABAE31C}.AppStore|Mixed Platforms.ActiveCfg = Release|x86
		{96853D2D-BB18-4C7B-A543-39ADCABAE31C}.AppStore|Mixed Platforms.Build.0 = Release|x86
		{96853D2D-BB18-4C7B-A543-39ADCABAE31C}.AppStore|Mixed Platforms.Deploy.0 = Release|x86
		{96853D2D-BB18-4C7B-A543-39ADCABAE31C}.AppStore|x86.ActiveCfg = Release|x86
		{96853D2D-BB18-4C7B-A543-39ADCABAE31C}.AppStore|x86.Build.0 = Release|x86
		{96853D2D-BB18-4C7B-A543-39ADCABAE31C}.AppStore|x86.Deploy.0 = Release|x86
		{96853D2D-BB18-4C7B-A543-39ADCABAE31C}.Debug|Any CPU.ActiveCfg = Debug|Any CPU
		{96853D2D-BB18-4C7B-A543-39ADCABAE31C}.Debug|Any CPU.Build.0 = Debug|Any CPU
		{96853D2D-BB18-4C7B-A543-39ADCABAE31C}.Debug|Any CPU.Deploy.0 = Debug|Any CPU
		{96853D2D-BB18-4C7B-A543-39ADCABAE31C}.Debug|ARM.ActiveCfg = Debug|ARM
		{96853D2D-BB18-4C7B-A543-39ADCABAE31C}.Debug|ARM.Build.0 = Debug|ARM
		{96853D2D-BB18-4C7B-A543-39ADCABAE31C}.Debug|ARM.Deploy.0 = Debug|ARM
		{96853D2D-BB18-4C7B-A543-39ADCABAE31C}.Debug|iPhone.ActiveCfg = Debug|Any CPU
		{96853D2D-BB18-4C7B-A543-39ADCABAE31C}.Debug|iPhoneSimulator.ActiveCfg = Debug|Any CPU
		{96853D2D-BB18-4C7B-A543-39ADCABAE31C}.Debug|Mixed Platforms.ActiveCfg = Debug|x86
		{96853D2D-BB18-4C7B-A543-39ADCABAE31C}.Debug|Mixed Platforms.Build.0 = Debug|x86
		{96853D2D-BB18-4C7B-A543-39ADCABAE31C}.Debug|Mixed Platforms.Deploy.0 = Debug|x86
		{96853D2D-BB18-4C7B-A543-39ADCABAE31C}.Debug|x86.ActiveCfg = Debug|x86
		{96853D2D-BB18-4C7B-A543-39ADCABAE31C}.Debug|x86.Build.0 = Debug|x86
		{96853D2D-BB18-4C7B-A543-39ADCABAE31C}.Debug|x86.Deploy.0 = Debug|x86
		{96853D2D-BB18-4C7B-A543-39ADCABAE31C}.Release|Any CPU.ActiveCfg = Release|Any CPU
		{96853D2D-BB18-4C7B-A543-39ADCABAE31C}.Release|Any CPU.Build.0 = Release|Any CPU
		{96853D2D-BB18-4C7B-A543-39ADCABAE31C}.Release|Any CPU.Deploy.0 = Release|Any CPU
		{96853D2D-BB18-4C7B-A543-39ADCABAE31C}.Release|ARM.ActiveCfg = Release|ARM
		{96853D2D-BB18-4C7B-A543-39ADCABAE31C}.Release|ARM.Build.0 = Release|ARM
		{96853D2D-BB18-4C7B-A543-39ADCABAE31C}.Release|ARM.Deploy.0 = Release|ARM
		{96853D2D-BB18-4C7B-A543-39ADCABAE31C}.Release|iPhone.ActiveCfg = Release|Any CPU
		{96853D2D-BB18-4C7B-A543-39ADCABAE31C}.Release|iPhoneSimulator.ActiveCfg = Release|Any CPU
		{96853D2D-BB18-4C7B-A543-39ADCABAE31C}.Release|Mixed Platforms.ActiveCfg = Release|x86
		{96853D2D-BB18-4C7B-A543-39ADCABAE31C}.Release|Mixed Platforms.Build.0 = Release|x86
		{96853D2D-BB18-4C7B-A543-39ADCABAE31C}.Release|Mixed Platforms.Deploy.0 = Release|x86
		{96853D2D-BB18-4C7B-A543-39ADCABAE31C}.Release|x86.ActiveCfg = Release|x86
		{96853D2D-BB18-4C7B-A543-39ADCABAE31C}.Release|x86.Build.0 = Release|x86
		{96853D2D-BB18-4C7B-A543-39ADCABAE31C}.Release|x86.Deploy.0 = Release|x86
	EndGlobalSection
	GlobalSection(SolutionProperties) = preSolution
		HideSolutionNode = FALSE
	EndGlobalSection
EndGlobal
