
Microsoft Visual Studio Solution File, Format Version 12.00
# Visual Studio 2013
VisualStudioVersion = 12.0.31101.0
MinimumVisualStudioVersion = 10.0.40219.1
Project("{FAE04EC0-301F-11D3-BF4B-00C04F79EFBC}") = "Gestos", "Gestos\Gestos\Gestos.csproj", "{4CCF3388-5528-4B30-B5B3-18E3194672BE}"
EndProject
Project("{FAE04EC0-301F-11D3-BF4B-00C04F79EFBC}") = "Gestos.iOS", "Gestos\Gestos.iOS\Gestos.iOS.csproj", "{10267393-F0C4-4238-993D-B80D50D8722F}"
EndProject
Project("{FAE04EC0-301F-11D3-BF4B-00C04F79EFBC}") = "Gestos.Droid", "Gestos\Gestos.Droid\Gestos.Droid.csproj", "{048DA6D4-66B8-47D9-8A96-E88BD264CCD2}"
EndProject
Project("{FAE04EC0-301F-11D3-BF4B-00C04F79EFBC}") = "Gestos.WinPhone", "Gestos\Gestos.WinPhone\Gestos.WinPhone.csproj", "{AFCD9215-F624-4EE5-BED0-F643BE7F8790}"
EndProject
Global
	GlobalSection(SolutionConfigurationPlatforms) = preSolution
		Ad-Hoc|Any CPU = Ad-Hoc|Any CPU
		Ad-Hoc|ARM = Ad-Hoc|ARM
		Ad-Hoc|iPhone = Ad-Hoc|iPhone
		Ad-Hoc|iPhoneSimulator = Ad-Hoc|iPhoneSimulator
		Ad-Hoc|Mixed Platforms = Ad-Hoc|Mixed Platforms
		Ad-Hoc|x86 = Ad-Hoc|x86
		AppStore|Any CPU = AppStore|Any CPU
		AppStore|ARM = AppStore|ARM
		AppStore|iPhone = AppStore|iPhone
		AppStore|iPhoneSimulator = AppStore|iPhoneSimulator
		AppStore|Mixed Platforms = AppStore|Mixed Platforms
		AppStore|x86 = AppStore|x86
		Debug|Any CPU = Debug|Any CPU
		Debug|ARM = Debug|ARM
		Debug|iPhone = Debug|iPhone
		Debug|iPhoneSimulator = Debug|iPhoneSimulator
		Debug|Mixed Platforms = Debug|Mixed Platforms
		Debug|x86 = Debug|x86
		Release|Any CPU = Release|Any CPU
		Release|ARM = Release|ARM
		Release|iPhone = Release|iPhone
		Release|iPhoneSimulator = Release|iPhoneSimulator
		Release|Mixed Platforms = Release|Mixed Platforms
		Release|x86 = Release|x86
	EndGlobalSection
	GlobalSection(ProjectConfigurationPlatforms) = postSolution
		{4CCF3388-5528-4B30-B5B3-18E3194672BE}.Ad-Hoc|Any CPU.ActiveCfg = Release|Any CPU
		{4CCF3388-5528-4B30-B5B3-18E3194672BE}.Ad-Hoc|Any CPU.Build.0 = Release|Any CPU
		{4CCF3388-5528-4B30-B5B3-18E3194672BE}.Ad-Hoc|ARM.ActiveCfg = Release|Any CPU
		{4CCF3388-5528-4B30-B5B3-18E3194672BE}.Ad-Hoc|iPhone.ActiveCfg = Release|Any CPU
		{4CCF3388-5528-4B30-B5B3-18E3194672BE}.Ad-Hoc|iPhoneSimulator.ActiveCfg = Release|Any CPU
		{4CCF3388-5528-4B30-B5B3-18E3194672BE}.Ad-Hoc|Mixed Platforms.ActiveCfg = Release|Any CPU
		{4CCF3388-5528-4B30-B5B3-18E3194672BE}.Ad-Hoc|Mixed Platforms.Build.0 = Release|Any CPU
		{4CCF3388-5528-4B30-B5B3-18E3194672BE}.Ad-Hoc|x86.ActiveCfg = Release|Any CPU
		{4CCF3388-5528-4B30-B5B3-18E3194672BE}.AppStore|Any CPU.ActiveCfg = Release|Any CPU
		{4CCF3388-5528-4B30-B5B3-18E3194672BE}.AppStore|Any CPU.Build.0 = Release|Any CPU
		{4CCF3388-5528-4B30-B5B3-18E3194672BE}.AppStore|ARM.ActiveCfg = Release|Any CPU
		{4CCF3388-5528-4B30-B5B3-18E3194672BE}.AppStore|iPhone.ActiveCfg = Release|Any CPU
		{4CCF3388-5528-4B30-B5B3-18E3194672BE}.AppStore|iPhoneSimulator.ActiveCfg = Release|Any CPU
		{4CCF3388-5528-4B30-B5B3-18E3194672BE}.AppStore|Mixed Platforms.ActiveCfg = Release|Any CPU
		{4CCF3388-5528-4B30-B5B3-18E3194672BE}.AppStore|Mixed Platforms.Build.0 = Release|Any CPU
		{4CCF3388-5528-4B30-B5B3-18E3194672BE}.AppStore|x86.ActiveCfg = Release|Any CPU
		{4CCF3388-5528-4B30-B5B3-18E3194672BE}.Debug|Any CPU.ActiveCfg = Debug|Any CPU
		{4CCF3388-5528-4B30-B5B3-18E3194672BE}.Debug|Any CPU.Build.0 = Debug|Any CPU
		{4CCF3388-5528-4B30-B5B3-18E3194672BE}.Debug|ARM.ActiveCfg = Debug|Any CPU
		{4CCF3388-5528-4B30-B5B3-18E3194672BE}.Debug|iPhone.ActiveCfg = Debug|Any CPU
		{4CCF3388-5528-4B30-B5B3-18E3194672BE}.Debug|iPhoneSimulator.ActiveCfg = Debug|Any CPU
		{4CCF3388-5528-4B30-B5B3-18E3194672BE}.Debug|Mixed Platforms.ActiveCfg = Debug|Any CPU
		{4CCF3388-5528-4B30-B5B3-18E3194672BE}.Debug|Mixed Platforms.Build.0 = Debug|Any CPU
		{4CCF3388-5528-4B30-B5B3-18E3194672BE}.Debug|x86.ActiveCfg = Debug|Any CPU
		{4CCF3388-5528-4B30-B5B3-18E3194672BE}.Release|Any CPU.ActiveCfg = Release|Any CPU
		{4CCF3388-5528-4B30-B5B3-18E3194672BE}.Release|Any CPU.Build.0 = Release|Any CPU
		{4CCF3388-5528-4B30-B5B3-18E3194672BE}.Release|ARM.ActiveCfg = Release|Any CPU
		{4CCF3388-5528-4B30-B5B3-18E3194672BE}.Release|iPhone.ActiveCfg = Release|Any CPU
		{4CCF3388-5528-4B30-B5B3-18E3194672BE}.Release|iPhoneSimulator.ActiveCfg = Release|Any CPU
		{4CCF3388-5528-4B30-B5B3-18E3194672BE}.Release|Mixed Platforms.ActiveCfg = Release|Any CPU
		{4CCF3388-5528-4B30-B5B3-18E3194672BE}.Release|Mixed Platforms.Build.0 = Release|Any CPU
		{4CCF3388-5528-4B30-B5B3-18E3194672BE}.Release|x86.ActiveCfg = Release|Any CPU
		{10267393-F0C4-4238-993D-B80D50D8722F}.Ad-Hoc|Any CPU.ActiveCfg = Ad-Hoc|iPhone
		{10267393-F0C4-4238-993D-B80D50D8722F}.Ad-Hoc|ARM.ActiveCfg = Ad-Hoc|iPhone
		{10267393-F0C4-4238-993D-B80D50D8722F}.Ad-Hoc|iPhone.ActiveCfg = Ad-Hoc|iPhone
		{10267393-F0C4-4238-993D-B80D50D8722F}.Ad-Hoc|iPhone.Build.0 = Ad-Hoc|iPhone
		{10267393-F0C4-4238-993D-B80D50D8722F}.Ad-Hoc|iPhoneSimulator.ActiveCfg = Ad-Hoc|iPhoneSimulator
		{10267393-F0C4-4238-993D-B80D50D8722F}.Ad-Hoc|iPhoneSimulator.Build.0 = Ad-Hoc|iPhoneSimulator
		{10267393-F0C4-4238-993D-B80D50D8722F}.Ad-Hoc|Mixed Platforms.ActiveCfg = Ad-Hoc|iPhone
		{10267393-F0C4-4238-993D-B80D50D8722F}.Ad-Hoc|Mixed Platforms.Build.0 = Ad-Hoc|iPhone
		{10267393-F0C4-4238-993D-B80D50D8722F}.Ad-Hoc|x86.ActiveCfg = Ad-Hoc|iPhone
		{10267393-F0C4-4238-993D-B80D50D8722F}.AppStore|Any CPU.ActiveCfg = AppStore|iPhone
		{10267393-F0C4-4238-993D-B80D50D8722F}.AppStore|ARM.ActiveCfg = AppStore|iPhone
		{10267393-F0C4-4238-993D-B80D50D8722F}.AppStore|iPhone.ActiveCfg = AppStore|iPhone
		{10267393-F0C4-4238-993D-B80D50D8722F}.AppStore|iPhone.Build.0 = AppStore|iPhone
		{10267393-F0C4-4238-993D-B80D50D8722F}.AppStore|iPhoneSimulator.ActiveCfg = AppStore|iPhoneSimulator
		{10267393-F0C4-4238-993D-B80D50D8722F}.AppStore|iPhoneSimulator.Build.0 = AppStore|iPhoneSimulator
		{10267393-F0C4-4238-993D-B80D50D8722F}.AppStore|Mixed Platforms.ActiveCfg = AppStore|iPhone
		{10267393-F0C4-4238-993D-B80D50D8722F}.AppStore|Mixed Platforms.Build.0 = AppStore|iPhone
		{10267393-F0C4-4238-993D-B80D50D8722F}.AppStore|x86.ActiveCfg = AppStore|iPhone
		{10267393-F0C4-4238-993D-B80D50D8722F}.Debug|Any CPU.ActiveCfg = Debug|iPhone
		{10267393-F0C4-4238-993D-B80D50D8722F}.Debug|ARM.ActiveCfg = Debug|iPhone
		{10267393-F0C4-4238-993D-B80D50D8722F}.Debug|iPhone.ActiveCfg = Debug|iPhone
		{10267393-F0C4-4238-993D-B80D50D8722F}.Debug|iPhone.Build.0 = Debug|iPhone
		{10267393-F0C4-4238-993D-B80D50D8722F}.Debug|iPhoneSimulator.ActiveCfg = Debug|iPhoneSimulator
		{10267393-F0C4-4238-993D-B80D50D8722F}.Debug|iPhoneSimulator.Build.0 = Debug|iPhoneSimulator
		{10267393-F0C4-4238-993D-B80D50D8722F}.Debug|Mixed Platforms.ActiveCfg = Debug|iPhone
		{10267393-F0C4-4238-993D-B80D50D8722F}.Debug|Mixed Platforms.Build.0 = Debug|iPhone
		{10267393-F0C4-4238-993D-B80D50D8722F}.Debug|x86.ActiveCfg = Debug|iPhone
		{10267393-F0C4-4238-993D-B80D50D8722F}.Release|Any CPU.ActiveCfg = Release|iPhone
		{10267393-F0C4-4238-993D-B80D50D8722F}.Release|ARM.ActiveCfg = Release|iPhone
		{10267393-F0C4-4238-993D-B80D50D8722F}.Release|iPhone.ActiveCfg = Release|iPhone
		{10267393-F0C4-4238-993D-B80D50D8722F}.Release|iPhone.Build.0 = Release|iPhone
		{10267393-F0C4-4238-993D-B80D50D8722F}.Release|iPhoneSimulator.ActiveCfg = Release|iPhoneSimulator
		{10267393-F0C4-4238-993D-B80D50D8722F}.Release|iPhoneSimulator.Build.0 = Release|iPhoneSimulator
		{10267393-F0C4-4238-993D-B80D50D8722F}.Release|Mixed Platforms.ActiveCfg = Release|iPhone
		{10267393-F0C4-4238-993D-B80D50D8722F}.Release|Mixed Platforms.Build.0 = Release|iPhone
		{10267393-F0C4-4238-993D-B80D50D8722F}.Release|x86.ActiveCfg = Release|iPhone
		{048DA6D4-66B8-47D9-8A96-E88BD264CCD2}.Ad-Hoc|Any CPU.ActiveCfg = Release|Any CPU
		{048DA6D4-66B8-47D9-8A96-E88BD264CCD2}.Ad-Hoc|Any CPU.Build.0 = Release|Any CPU
		{048DA6D4-66B8-47D9-8A96-E88BD264CCD2}.Ad-Hoc|Any CPU.Deploy.0 = Release|Any CPU
		{048DA6D4-66B8-47D9-8A96-E88BD264CCD2}.Ad-Hoc|ARM.ActiveCfg = Release|Any CPU
		{048DA6D4-66B8-47D9-8A96-E88BD264CCD2}.Ad-Hoc|iPhone.ActiveCfg = Release|Any CPU
		{048DA6D4-66B8-47D9-8A96-E88BD264CCD2}.Ad-Hoc|iPhoneSimulator.ActiveCfg = Release|Any CPU
		{048DA6D4-66B8-47D9-8A96-E88BD264CCD2}.Ad-Hoc|Mixed Platforms.ActiveCfg = Release|Any CPU
		{048DA6D4-66B8-47D9-8A96-E88BD264CCD2}.Ad-Hoc|Mixed Platforms.Build.0 = Release|Any CPU
		{048DA6D4-66B8-47D9-8A96-E88BD264CCD2}.Ad-Hoc|Mixed Platforms.Deploy.0 = Release|Any CPU
		{048DA6D4-66B8-47D9-8A96-E88BD264CCD2}.Ad-Hoc|x86.ActiveCfg = Release|Any CPU
		{048DA6D4-66B8-47D9-8A96-E88BD264CCD2}.AppStore|Any CPU.ActiveCfg = Release|Any CPU
		{048DA6D4-66B8-47D9-8A96-E88BD264CCD2}.AppStore|Any CPU.Build.0 = Release|Any CPU
		{048DA6D4-66B8-47D9-8A96-E88BD264CCD2}.AppStore|Any CPU.Deploy.0 = Release|Any CPU
		{048DA6D4-66B8-47D9-8A96-E88BD264CCD2}.AppStore|ARM.ActiveCfg = Release|Any CPU
		{048DA6D4-66B8-47D9-8A96-E88BD264CCD2}.AppStore|iPhone.ActiveCfg = Release|Any CPU
		{048DA6D4-66B8-47D9-8A96-E88BD264CCD2}.AppStore|iPhoneSimulator.ActiveCfg = Release|Any CPU
		{048DA6D4-66B8-47D9-8A96-E88BD264CCD2}.AppStore|Mixed Platforms.ActiveCfg = Release|Any CPU
		{048DA6D4-66B8-47D9-8A96-E88BD264CCD2}.AppStore|Mixed Platforms.Build.0 = Release|Any CPU
		{048DA6D4-66B8-47D9-8A96-E88BD264CCD2}.AppStore|Mixed Platforms.Deploy.0 = Release|Any CPU
		{048DA6D4-66B8-47D9-8A96-E88BD264CCD2}.AppStore|x86.ActiveCfg = Release|Any CPU
		{048DA6D4-66B8-47D9-8A96-E88BD264CCD2}.Debug|Any CPU.ActiveCfg = Debug|Any CPU
		{048DA6D4-66B8-47D9-8A96-E88BD264CCD2}.Debug|Any CPU.Build.0 = Debug|Any CPU
		{048DA6D4-66B8-47D9-8A96-E88BD264CCD2}.Debug|Any CPU.Deploy.0 = Debug|Any CPU
		{048DA6D4-66B8-47D9-8A96-E88BD264CCD2}.Debug|ARM.ActiveCfg = Debug|Any CPU
		{048DA6D4-66B8-47D9-8A96-E88BD264CCD2}.Debug|iPhone.ActiveCfg = Debug|Any CPU
		{048DA6D4-66B8-47D9-8A96-E88BD264CCD2}.Debug|iPhoneSimulator.ActiveCfg = Debug|Any CPU
		{048DA6D4-66B8-47D9-8A96-E88BD264CCD2}.Debug|Mixed Platforms.ActiveCfg = Debug|Any CPU
		{048DA6D4-66B8-47D9-8A96-E88BD264CCD2}.Debug|Mixed Platforms.Build.0 = Debug|Any CPU
		{048DA6D4-66B8-47D9-8A96-E88BD264CCD2}.Debug|Mixed Platforms.Deploy.0 = Debug|Any CPU
		{048DA6D4-66B8-47D9-8A96-E88BD264CCD2}.Debug|x86.ActiveCfg = Debug|Any CPU
		{048DA6D4-66B8-47D9-8A96-E88BD264CCD2}.Release|Any CPU.ActiveCfg = Release|Any CPU
		{048DA6D4-66B8-47D9-8A96-E88BD264CCD2}.Release|Any CPU.Build.0 = Release|Any CPU
		{048DA6D4-66B8-47D9-8A96-E88BD264CCD2}.Release|Any CPU.Deploy.0 = Release|Any CPU
		{048DA6D4-66B8-47D9-8A96-E88BD264CCD2}.Release|ARM.ActiveCfg = Release|Any CPU
		{048DA6D4-66B8-47D9-8A96-E88BD264CCD2}.Release|iPhone.ActiveCfg = Release|Any CPU
		{048DA6D4-66B8-47D9-8A96-E88BD264CCD2}.Release|iPhoneSimulator.ActiveCfg = Release|Any CPU
		{048DA6D4-66B8-47D9-8A96-E88BD264CCD2}.Release|Mixed Platforms.ActiveCfg = Release|Any CPU
		{048DA6D4-66B8-47D9-8A96-E88BD264CCD2}.Release|Mixed Platforms.Build.0 = Release|Any CPU
		{048DA6D4-66B8-47D9-8A96-E88BD264CCD2}.Release|Mixed Platforms.Deploy.0 = Release|Any CPU
		{048DA6D4-66B8-47D9-8A96-E88BD264CCD2}.Release|x86.ActiveCfg = Release|Any CPU
		{AFCD9215-F624-4EE5-BED0-F643BE7F8790}.Ad-Hoc|Any CPU.ActiveCfg = Release|Any CPU
		{AFCD9215-F624-4EE5-BED0-F643BE7F8790}.Ad-Hoc|Any CPU.Build.0 = Release|Any CPU
		{AFCD9215-F624-4EE5-BED0-F643BE7F8790}.Ad-Hoc|Any CPU.Deploy.0 = Release|Any CPU
		{AFCD9215-F624-4EE5-BED0-F643BE7F8790}.Ad-Hoc|ARM.ActiveCfg = Release|ARM
		{AFCD9215-F624-4EE5-BED0-F643BE7F8790}.Ad-Hoc|ARM.Build.0 = Release|ARM
		{AFCD9215-F624-4EE5-BED0-F643BE7F8790}.Ad-Hoc|ARM.Deploy.0 = Release|ARM
		{AFCD9215-F624-4EE5-BED0-F643BE7F8790}.Ad-Hoc|iPhone.ActiveCfg = Release|Any CPU
		{AFCD9215-F624-4EE5-BED0-F643BE7F8790}.Ad-Hoc|iPhoneSimulator.ActiveCfg = Release|Any CPU
		{AFCD9215-F624-4EE5-BED0-F643BE7F8790}.Ad-Hoc|Mixed Platforms.ActiveCfg = Release|x86
		{AFCD9215-F624-4EE5-BED0-F643BE7F8790}.Ad-Hoc|Mixed Platforms.Build.0 = Release|x86
		{AFCD9215-F624-4EE5-BED0-F643BE7F8790}.Ad-Hoc|Mixed Platforms.Deploy.0 = Release|x86
		{AFCD9215-F624-4EE5-BED0-F643BE7F8790}.Ad-Hoc|x86.ActiveCfg = Release|x86
		{AFCD9215-F624-4EE5-BED0-F643BE7F8790}.Ad-Hoc|x86.Build.0 = Release|x86
		{AFCD9215-F624-4EE5-BED0-F643BE7F8790}.Ad-Hoc|x86.Deploy.0 = Release|x86
		{AFCD9215-F624-4EE5-BED0-F643BE7F8790}.AppStore|Any CPU.ActiveCfg = Release|Any CPU
		{AFCD9215-F624-4EE5-BED0-F643BE7F8790}.AppStore|Any CPU.Build.0 = Release|Any CPU
		{AFCD9215-F624-4EE5-BED0-F643BE7F8790}.AppStore|Any CPU.Deploy.0 = Release|Any CPU
		{AFCD9215-F624-4EE5-BED0-F643BE7F8790}.AppStore|ARM.ActiveCfg = Release|ARM
		{AFCD9215-F624-4EE5-BED0-F643BE7F8790}.AppStore|ARM.Build.0 = Release|ARM
		{AFCD9215-F624-4EE5-BED0-F643BE7F8790}.AppStore|ARM.Deploy.0 = Release|ARM
		{AFCD9215-F624-4EE5-BED0-F643BE7F8790}.AppStore|iPhone.ActiveCfg = Release|Any CPU
		{AFCD9215-F624-4EE5-BED0-F643BE7F8790}.AppStore|iPhoneSimulator.ActiveCfg = Release|Any CPU
		{AFCD9215-F624-4EE5-BED0-F643BE7F8790}.AppStore|Mixed Platforms.ActiveCfg = Release|x86
		{AFCD9215-F624-4EE5-BED0-F643BE7F8790}.AppStore|Mixed Platforms.Build.0 = Release|x86
		{AFCD9215-F624-4EE5-BED0-F643BE7F8790}.AppStore|Mixed Platforms.Deploy.0 = Release|x86
		{AFCD9215-F624-4EE5-BED0-F643BE7F8790}.AppStore|x86.ActiveCfg = Release|x86
		{AFCD9215-F624-4EE5-BED0-F643BE7F8790}.AppStore|x86.Build.0 = Release|x86
		{AFCD9215-F624-4EE5-BED0-F643BE7F8790}.AppStore|x86.Deploy.0 = Release|x86
		{AFCD9215-F624-4EE5-BED0-F643BE7F8790}.Debug|Any CPU.ActiveCfg = Debug|Any CPU
		{AFCD9215-F624-4EE5-BED0-F643BE7F8790}.Debug|Any CPU.Build.0 = Debug|Any CPU
		{AFCD9215-F624-4EE5-BED0-F643BE7F8790}.Debug|Any CPU.Deploy.0 = Debug|Any CPU
		{AFCD9215-F624-4EE5-BED0-F643BE7F8790}.Debug|ARM.ActiveCfg = Debug|ARM
		{AFCD9215-F624-4EE5-BED0-F643BE7F8790}.Debug|ARM.Build.0 = Debug|ARM
		{AFCD9215-F624-4EE5-BED0-F643BE7F8790}.Debug|ARM.Deploy.0 = Debug|ARM
		{AFCD9215-F624-4EE5-BED0-F643BE7F8790}.Debug|iPhone.ActiveCfg = Debug|Any CPU
		{AFCD9215-F624-4EE5-BED0-F643BE7F8790}.Debug|iPhoneSimulator.ActiveCfg = Debug|Any CPU
		{AFCD9215-F624-4EE5-BED0-F643BE7F8790}.Debug|Mixed Platforms.ActiveCfg = Debug|x86
		{AFCD9215-F624-4EE5-BED0-F643BE7F8790}.Debug|Mixed Platforms.Build.0 = Debug|x86
		{AFCD9215-F624-4EE5-BED0-F643BE7F8790}.Debug|Mixed Platforms.Deploy.0 = Debug|x86
		{AFCD9215-F624-4EE5-BED0-F643BE7F8790}.Debug|x86.ActiveCfg = Debug|x86
		{AFCD9215-F624-4EE5-BED0-F643BE7F8790}.Debug|x86.Build.0 = Debug|x86
		{AFCD9215-F624-4EE5-BED0-F643BE7F8790}.Debug|x86.Deploy.0 = Debug|x86
		{AFCD9215-F624-4EE5-BED0-F643BE7F8790}.Release|Any CPU.ActiveCfg = Release|Any CPU
		{AFCD9215-F624-4EE5-BED0-F643BE7F8790}.Release|Any CPU.Build.0 = Release|Any CPU
		{AFCD9215-F624-4EE5-BED0-F643BE7F8790}.Release|Any CPU.Deploy.0 = Release|Any CPU
		{AFCD9215-F624-4EE5-BED0-F643BE7F8790}.Release|ARM.ActiveCfg = Release|ARM
		{AFCD9215-F624-4EE5-BED0-F643BE7F8790}.Release|ARM.Build.0 = Release|ARM
		{AFCD9215-F624-4EE5-BED0-F643BE7F8790}.Release|ARM.Deploy.0 = Release|ARM
		{AFCD9215-F624-4EE5-BED0-F643BE7F8790}.Release|iPhone.ActiveCfg = Release|Any CPU
		{AFCD9215-F624-4EE5-BED0-F643BE7F8790}.Release|iPhoneSimulator.ActiveCfg = Release|Any CPU
		{AFCD9215-F624-4EE5-BED0-F643BE7F8790}.Release|Mixed Platforms.ActiveCfg = Release|x86
		{AFCD9215-F624-4EE5-BED0-F643BE7F8790}.Release|Mixed Platforms.Build.0 = Release|x86
		{AFCD9215-F624-4EE5-BED0-F643BE7F8790}.Release|Mixed Platforms.Deploy.0 = Release|x86
		{AFCD9215-F624-4EE5-BED0-F643BE7F8790}.Release|x86.ActiveCfg = Release|x86
		{AFCD9215-F624-4EE5-BED0-F643BE7F8790}.Release|x86.Build.0 = Release|x86
		{AFCD9215-F624-4EE5-BED0-F643BE7F8790}.Release|x86.Deploy.0 = Release|x86
	EndGlobalSection
	GlobalSection(SolutionProperties) = preSolution
		HideSolutionNode = FALSE
	EndGlobalSection
EndGlobal
